<?xml version="1.0" encoding="UTF-8"?>
<Project ToolsVersion="14.0" xmlns="http://schemas.microsoft.com/developer/msbuild/2003">
  <ItemGroup>
    <ClCompile Include="..\..\..\..\..\..\modules\features2d\perf\opencl\perf_brute_force_matcher.cpp">
      <Filter>Src\opencl</Filter>
    </ClCompile>
    <ClCompile Include="..\..\..\..\..\..\modules\features2d\perf\opencl\perf_fast.cpp">
      <Filter>Src\opencl</Filter>
    </ClCompile>
    <ClCompile Include="..\..\..\..\..\..\modules\features2d\perf\opencl\perf_orb.cpp">
      <Filter>Src\opencl</Filter>
    </ClCompile>
    <ClCompile Include="..\..\..\..\..\..\modules\features2d\perf\perf_batchDistance.cpp">
      <Filter>Src</Filter>
    </ClCompile>
    <ClCompile Include="..\..\..\..\..\..\modules\features2d\perf\perf_fast.cpp">
      <Filter>Src</Filter>
    </ClCompile>
    <ClCompile Include="..\..\..\..\..\..\modules\features2d\perf\perf_main.cpp">
      <Filter>Src</Filter>
    </ClCompile>
    <ClCompile Include="..\..\..\..\..\..\modules\features2d\perf\perf_orb.cpp">
      <Filter>Src</Filter>
    </ClCompile>
    <ClCompile Include="opencv_perf_features2d_pch.cpp">
      <Filter>Source Files</Filter>
    </ClCompile>
  </ItemGroup>
  <ItemGroup>
    <ClInclude Include="..\..\..\..\..\..\modules\features2d\perf\perf_precomp.hpp">
      <Filter>Include</Filter>
    </ClInclude>
  </ItemGroup>
  <ItemGroup>
    <CustomBuild Include="..\..\..\..\..\..\modules\features2d\CMakeLists.txt" />
  </ItemGroup>
  <ItemGroup>
    <None Include="C:\Projects\opencv\bin\WS\10.0\x64\modules\features2d\opencv_perf_features2d.dir\Windows_TemporaryKey.pfx">
      <Filter>Resource Files</Filter>
    </None>
    <AppxManifest Include="opencv_perf_features2d.dir\package.appxManifest">
      <Filter>Resource Files</Filter>
    </AppxManifest>
    <Image Include="C:\Projects\opencv\bin\WS\10.0\x64\modules\features2d\opencv_perf_features2d.dir\SmallLogo.png">
      <Filter>Resource Files</Filter>
    </Image>
    <Image Include="C:\Projects\opencv\bin\WS\10.0\x64\modules\features2d\opencv_perf_features2d.dir\Logo.png">
      <Filter>Resource Files</Filter>
    </Image>
    <Image Include="C:\Projects\opencv\bin\WS\10.0\x64\modules\features2d\opencv_perf_features2d.dir\StoreLogo.png">
      <Filter>Resource Files</Filter>
    </Image>
    <Image Include="C:\Projects\opencv\bin\WS\10.0\x64\modules\features2d\opencv_perf_features2d.dir\SplashScreen.png">
      <Filter>Resource Files</Filter>
    </Image>
  </ItemGroup>
  <ItemGroup>
    <Filter Include="Src\opencl">
      <UniqueIdentifier>{63F72998-6E1C-42D5-B0B6-EB72459C0311}</UniqueIdentifier>
    </Filter>
    <Filter Include="Source Files">
      <UniqueIdentifier>{A3D54263-A401-4A58-8766-0CA8180AEEF5}</UniqueIdentifier>
    </Filter>
    <Filter Include="Src">
      <UniqueIdentifier>{F536E990-F861-4B27-A9D3-53FAB7A9A3AF}</UniqueIdentifier>
    </Filter>
    <Filter Include="Include">
      <UniqueIdentifier>{4D18A0F3-97E3-49EB-885C-F77940E31CC3}</UniqueIdentifier>
    </Filter>
    <Filter Include="Resource Files">
      <UniqueIdentifier>{5317C916-65BA-47FD-B0F4-F17ED3BF5F26}</UniqueIdentifier>
      <Extensions>rc;ico;cur;bmp;dlg;rc2;rct;bin;rgs;gif;jpg;jpeg;jpe;resx;tiff;tif;png;wav;mfcribbon-ms</Extensions>
    </Filter>
  </ItemGroup>
</Project>
