<?xml version="1.0" encoding="Windows-1252"?>
<Project ToolsVersion="12.0" xmlns="http://schemas.microsoft.com/developer/msbuild/2003">
  <ItemGroup>
    <ClCompile Include="..\..\..\modules\imgproc\src\accum.cpp">
      <Filter>Src</Filter>
    </ClCompile>
    <ClCompile Include="..\..\..\modules\imgproc\src\approx.cpp">
      <Filter>Src</Filter>
    </ClCompile>
    <ClCompile Include="..\..\..\modules\imgproc\src\blend.cpp">
      <Filter>Src</Filter>
    </ClCompile>
    <ClCompile Include="..\..\..\modules\imgproc\src\canny.cpp">
      <Filter>Src</Filter>
    </ClCompile>
    <ClCompile Include="..\..\..\modules\imgproc\src\clahe.cpp">
      <Filter>Src</Filter>
    </ClCompile>
    <ClCompile Include="..\..\..\modules\imgproc\src\color.cpp">
      <Filter>Src</Filter>
    </ClCompile>
    <ClCompile Include="..\..\..\modules\imgproc\src\colormap.cpp">
      <Filter>Src</Filter>
    </ClCompile>
    <ClCompile Include="..\..\..\modules\imgproc\src\connectedcomponents.cpp">
      <Filter>Src</Filter>
    </ClCompile>
    <ClCompile Include="..\..\..\modules\imgproc\src\contours.cpp">
      <Filter>Src</Filter>
    </ClCompile>
    <ClCompile Include="..\..\..\modules\imgproc\src\convhull.cpp">
      <Filter>Src</Filter>
    </ClCompile>
    <ClCompile Include="..\..\..\modules\imgproc\src\corner.cpp">
      <Filter>Src</Filter>
    </ClCompile>
    <ClCompile Include="..\..\..\modules\imgproc\src\cornersubpix.cpp">
      <Filter>Src</Filter>
    </ClCompile>
    <ClCompile Include="..\..\..\modules\imgproc\src\demosaicing.cpp">
      <Filter>Src</Filter>
    </ClCompile>
    <ClCompile Include="..\..\..\modules\imgproc\src\deriv.cpp">
      <Filter>Src</Filter>
    </ClCompile>
    <ClCompile Include="..\..\..\modules\imgproc\src\distransform.cpp">
      <Filter>Src</Filter>
    </ClCompile>
    <ClCompile Include="..\..\..\modules\imgproc\src\drawing.cpp">
      <Filter>Src</Filter>
    </ClCompile>
    <ClCompile Include="..\..\..\modules\imgproc\src\emd.cpp">
      <Filter>Src</Filter>
    </ClCompile>
    <ClCompile Include="..\..\..\modules\imgproc\src\featureselect.cpp">
      <Filter>Src</Filter>
    </ClCompile>
    <ClCompile Include="..\..\..\modules\imgproc\src\filter.cpp">
      <Filter>Src</Filter>
    </ClCompile>
    <ClCompile Include="..\..\..\modules\imgproc\src\floodfill.cpp">
      <Filter>Src</Filter>
    </ClCompile>
    <ClCompile Include="..\..\..\modules\imgproc\src\gabor.cpp">
      <Filter>Src</Filter>
    </ClCompile>
    <ClCompile Include="..\..\..\modules\imgproc\src\generalized_hough.cpp">
      <Filter>Src</Filter>
    </ClCompile>
    <ClCompile Include="..\..\..\modules\imgproc\src\geometry.cpp">
      <Filter>Src</Filter>
    </ClCompile>
    <ClCompile Include="..\..\..\modules\imgproc\src\grabcut.cpp">
      <Filter>Src</Filter>
    </ClCompile>
    <ClCompile Include="..\..\..\modules\imgproc\src\hershey_fonts.cpp">
      <Filter>Src</Filter>
    </ClCompile>
    <ClCompile Include="..\..\..\modules\imgproc\src\histogram.cpp">
      <Filter>Src</Filter>
    </ClCompile>
    <ClCompile Include="..\..\..\modules\imgproc\src\hough.cpp">
      <Filter>Src</Filter>
    </ClCompile>
    <ClCompile Include="..\..\..\modules\imgproc\src\imgwarp.cpp">
      <Filter>Src</Filter>
    </ClCompile>
    <ClCompile Include="..\..\..\modules\imgproc\src\intersection.cpp">
      <Filter>Src</Filter>
    </ClCompile>
    <ClCompile Include="..\..\..\modules\imgproc\src\linefit.cpp">
      <Filter>Src</Filter>
    </ClCompile>
    <ClCompile Include="..\..\..\modules\imgproc\src\lsd.cpp">
      <Filter>Src</Filter>
    </ClCompile>
    <ClCompile Include="..\..\..\modules\imgproc\src\matchcontours.cpp">
      <Filter>Src</Filter>
    </ClCompile>
    <ClCompile Include="..\..\..\modules\imgproc\src\min_enclosing_triangle.cpp">
      <Filter>Src</Filter>
    </ClCompile>
    <ClCompile Include="..\..\..\modules\imgproc\src\moments.cpp">
      <Filter>Src</Filter>
    </ClCompile>
    <ClCompile Include="..\..\..\modules\imgproc\src\morph.cpp">
      <Filter>Src</Filter>
    </ClCompile>
    <ClCompile Include="..\..\..\modules\imgproc\src\phasecorr.cpp">
      <Filter>Src</Filter>
    </ClCompile>
    <ClCompile Include="..\..\..\modules\imgproc\src\pyramids.cpp">
      <Filter>Src</Filter>
    </ClCompile>
    <ClCompile Include="..\..\..\modules\imgproc\src\rotcalipers.cpp">
      <Filter>Src</Filter>
    </ClCompile>
    <ClCompile Include="..\..\..\modules\imgproc\src\samplers.cpp">
      <Filter>Src</Filter>
    </ClCompile>
    <ClCompile Include="..\..\..\modules\imgproc\src\segmentation.cpp">
      <Filter>Src</Filter>
    </ClCompile>
    <ClCompile Include="..\..\..\modules\imgproc\src\shapedescr.cpp">
      <Filter>Src</Filter>
    </ClCompile>
    <ClCompile Include="..\..\..\modules\imgproc\src\smooth.cpp">
      <Filter>Src</Filter>
    </ClCompile>
    <ClCompile Include="..\..\..\modules\imgproc\src\subdivision2d.cpp">
      <Filter>Src</Filter>
    </ClCompile>
    <ClCompile Include="..\..\..\modules\imgproc\src\sumpixels.cpp">
      <Filter>Src</Filter>
    </ClCompile>
    <ClCompile Include="..\..\..\modules\imgproc\src\tables.cpp">
      <Filter>Src</Filter>
    </ClCompile>
    <ClCompile Include="..\..\..\modules\imgproc\src\templmatch.cpp">
      <Filter>Src</Filter>
    </ClCompile>
    <ClCompile Include="..\..\..\modules\imgproc\src\thresh.cpp">
      <Filter>Src</Filter>
    </ClCompile>
    <ClCompile Include="..\..\..\modules\imgproc\src\undistort.cpp">
      <Filter>Src</Filter>
    </ClCompile>
    <ClCompile Include="..\..\..\modules\imgproc\src\utils.cpp">
      <Filter>Src</Filter>
    </ClCompile>
    <ClCompile Include="opencl_kernels_imgproc.cpp">
      <Filter>Src\opencl\kernels\autogenerated</Filter>
    </ClCompile>
    <ClCompile Include="opencv_imgproc_pch.cpp">
      <Filter>Source Files</Filter>
    </ClCompile>
  </ItemGroup>
  <ItemGroup>
    <ClInclude Include="..\..\..\modules\imgproc\include\opencv2\imgproc.hpp">
      <Filter>Include\opencv2</Filter>
    </ClInclude>
    <ClInclude Include="..\..\..\modules\imgproc\include\opencv2\imgproc\imgproc.hpp">
      <Filter>Include\opencv2\imgproc</Filter>
    </ClInclude>
    <ClInclude Include="..\..\..\modules\imgproc\include\opencv2\imgproc\imgproc_c.h">
      <Filter>Include\opencv2\imgproc</Filter>
    </ClInclude>
    <ClInclude Include="..\..\..\modules\imgproc\include\opencv2\imgproc\types_c.h">
      <Filter>Include\opencv2\imgproc</Filter>
    </ClInclude>
    <ClInclude Include="opencl_kernels_imgproc.hpp">
      <Filter>Src\opencl\kernels\autogenerated</Filter>
    </ClInclude>
    <ClInclude Include="..\..\..\modules\imgproc\src\filterengine.hpp">
      <Filter>Src</Filter>
    </ClInclude>
    <ClInclude Include="..\..\..\modules\imgproc\src\gcgraph.hpp">
      <Filter>Src</Filter>
    </ClInclude>
    <ClInclude Include="..\..\..\modules\imgproc\src\precomp.hpp">
      <Filter>Src</Filter>
    </ClInclude>
    <ClInclude Include="..\..\..\modules\imgproc\src\_geom.h">
      <Filter>Src</Filter>
    </ClInclude>
    <ClInclude Include="..\..\cvconfig.h">
      <Filter>Header Files</Filter>
    </ClInclude>
    <ClInclude Include="..\..\opencv2\opencv_modules.hpp">
      <Filter>Header Files</Filter>
    </ClInclude>
  </ItemGroup>
  <ItemGroup>
    <CustomBuild Include="..\..\..\modules\imgproc\CMakeLists.txt" />
    <CustomBuild Include="..\..\CMakeFiles\cbf3b80eb2e034ac1371fa5c5a4ca74f\opencl_kernels_imgproc.cpp.rule">
      <Filter>CMake Rules</Filter>
    </CustomBuild>
  </ItemGroup>
  <ItemGroup>
    <None Include="..\..\..\modules\imgproc\src\opencl\accumulate.cl">
      <Filter>Src\opencl\kernels</Filter>
    </None>
    <None Include="..\..\..\modules\imgproc\src\opencl\bilateral.cl">
      <Filter>Src\opencl\kernels</Filter>
    </None>
    <None Include="..\..\..\modules\imgproc\src\opencl\blend_linear.cl">
      <Filter>Src\opencl\kernels</Filter>
    </None>
    <None Include="..\..\..\modules\imgproc\src\opencl\boxFilter.cl">
      <Filter>Src\opencl\kernels</Filter>
    </None>
    <None Include="..\..\..\modules\imgproc\src\opencl\calc_back_project.cl">
      <Filter>Src\opencl\kernels</Filter>
    </None>
    <None Include="..\..\..\modules\imgproc\src\opencl\canny.cl">
      <Filter>Src\opencl\kernels</Filter>
    </None>
    <None Include="..\..\..\modules\imgproc\src\opencl\clahe.cl">
      <Filter>Src\opencl\kernels</Filter>
    </None>
    <None Include="..\..\..\modules\imgproc\src\opencl\corner.cl">
      <Filter>Src\opencl\kernels</Filter>
    </None>
    <None Include="..\..\..\modules\imgproc\src\opencl\covardata.cl">
      <Filter>Src\opencl\kernels</Filter>
    </None>
    <None Include="..\..\..\modules\imgproc\src\opencl\cvtcolor.cl">
      <Filter>Src\opencl\kernels</Filter>
    </None>
    <None Include="..\..\..\modules\imgproc\src\opencl\filter2D.cl">
      <Filter>Src\opencl\kernels</Filter>
    </None>
    <None Include="..\..\..\modules\imgproc\src\opencl\filter2DSmall.cl">
      <Filter>Src\opencl\kernels</Filter>
    </None>
    <None Include="..\..\..\modules\imgproc\src\opencl\filterSepCol.cl">
      <Filter>Src\opencl\kernels</Filter>
    </None>
    <None Include="..\..\..\modules\imgproc\src\opencl\filterSepRow.cl">
      <Filter>Src\opencl\kernels</Filter>
    </None>
    <None Include="..\..\..\modules\imgproc\src\opencl\filterSep_singlePass.cl">
      <Filter>Src\opencl\kernels</Filter>
    </None>
    <None Include="..\..\..\modules\imgproc\src\opencl\filterSmall.cl">
      <Filter>Src\opencl\kernels</Filter>
    </None>
    <None Include="..\..\..\modules\imgproc\src\opencl\gftt.cl">
      <Filter>Src\opencl\kernels</Filter>
    </None>
    <None Include="..\..\..\modules\imgproc\src\opencl\histogram.cl">
      <Filter>Src\opencl\kernels</Filter>
    </None>
    <None Include="..\..\..\modules\imgproc\src\opencl\hough_lines.cl">
      <Filter>Src\opencl\kernels</Filter>
    </None>
    <None Include="..\..\..\modules\imgproc\src\opencl\integral_sum.cl">
      <Filter>Src\opencl\kernels</Filter>
    </None>
    <None Include="..\..\..\modules\imgproc\src\opencl\laplacian5.cl">
      <Filter>Src\opencl\kernels</Filter>
    </None>
    <None Include="..\..\..\modules\imgproc\src\opencl\match_template.cl">
      <Filter>Src\opencl\kernels</Filter>
    </None>
    <None Include="..\..\..\modules\imgproc\src\opencl\medianFilter.cl">
      <Filter>Src\opencl\kernels</Filter>
    </None>
    <None Include="..\..\..\modules\imgproc\src\opencl\moments.cl">
      <Filter>Src\opencl\kernels</Filter>
    </None>
    <None Include="..\..\..\modules\imgproc\src\opencl\morph.cl">
      <Filter>Src\opencl\kernels</Filter>
    </None>
    <None Include="..\..\..\modules\imgproc\src\opencl\precornerdetect.cl">
      <Filter>Src\opencl\kernels</Filter>
    </None>
    <None Include="..\..\..\modules\imgproc\src\opencl\pyr_down.cl">
      <Filter>Src\opencl\kernels</Filter>
    </None>
    <None Include="..\..\..\modules\imgproc\src\opencl\pyr_up.cl">
      <Filter>Src\opencl\kernels</Filter>
    </None>
    <None Include="..\..\..\modules\imgproc\src\opencl\remap.cl">
      <Filter>Src\opencl\kernels</Filter>
    </None>
    <None Include="..\..\..\modules\imgproc\src\opencl\resize.cl">
      <Filter>Src\opencl\kernels</Filter>
    </None>
    <None Include="..\..\..\modules\imgproc\src\opencl\threshold.cl">
      <Filter>Src\opencl\kernels</Filter>
    </None>
    <None Include="..\..\..\modules\imgproc\src\opencl\warp_affine.cl">
      <Filter>Src\opencl\kernels</Filter>
    </None>
    <None Include="..\..\..\modules\imgproc\src\opencl\warp_perspective.cl">
      <Filter>Src\opencl\kernels</Filter>
    </None>
  </ItemGroup>
  <ItemGroup>
    <Filter Include="Src\opencl\kernels\autogenerated">
      <UniqueIdentifier>{819562F6-29C3-4A2C-9849-48A17A1E8A1E}</UniqueIdentifier>
    </Filter>
    <Filter Include="Include\opencv2">
      <UniqueIdentifier>{4D4CE44E-3F81-4A32-ADCC-C7DEAB5C70EB}</UniqueIdentifier>
    </Filter>
    <Filter Include="Src\opencl\kernels">
      <UniqueIdentifier>{79D63E0A-CC03-4587-8BC0-48AB433A3A53}</UniqueIdentifier>
    </Filter>
    <Filter Include="Src\opencl">
      <UniqueIdentifier>{3F43FDA8-B971-4421-BA98-988A164EC7D3}</UniqueIdentifier>
    </Filter>
    <Filter Include="Include\opencv2\imgproc">
      <UniqueIdentifier>{2C206E9B-C384-4E36-94BE-E9C066EB7B94}</UniqueIdentifier>
    </Filter>
    <Filter Include="Source Files">
      <UniqueIdentifier>{03086E88-423D-40AC-921B-3E6091E74311}</UniqueIdentifier>
    </Filter>
    <Filter Include="Header Files">
      <UniqueIdentifier>{1280E0E6-98E5-4F78-8FE4-CABF4E1E992B}</UniqueIdentifier>
    </Filter>
    <Filter Include="CMake Rules">
      <UniqueIdentifier>{9AEF21CA-7329-4402-A029-4571711D5792}</UniqueIdentifier>
    </Filter>
    <Filter Include="Src">
      <UniqueIdentifier>{92017CD6-A9BD-400B-BD2C-09473477C344}</UniqueIdentifier>
    </Filter>
    <Filter Include="Include">
      <UniqueIdentifier>{686865B2-5485-4546-9625-84CE9D0E9AF5}</UniqueIdentifier>
    </Filter>
  </ItemGroup>
</Project>
