Microsoft Visual Studio Solution File, Format Version 12.00
# Visual Studio 14
Project("{8BC9CEB8-8B4A-11D0-8D11-00A0C91BC942}") = "ALL_BUILD", "ALL_BUILD.vcxproj", "{E6549560-6589-4899-AB3C-E8EBA66CD065}"
	ProjectSection(ProjectDependencies) = postProject
		{DF444FCE-A6E5-43FB-AE0E-AA4F122A4D7D} = {DF444FCE-A6E5-43FB-AE0E-AA4F122A4D7D}
		{08086020-E7CE-4B4B-B56D-88BE9741D39F} = {08086020-E7CE-4B4B-B56D-88BE9741D39F}
		{24B171A6-3BD8-4492-841F-EF164AF17730} = {24B171A6-3BD8-4492-841F-EF164AF17730}
	EndProjectSection
EndProject
Project("{8BC9CEB8-8B4A-11D0-8D11-00A0C91BC942}") = "INSTALL", "INSTALL.vcxproj", "{6D0AA995-570D-451C-AB31-0E2D3701FFEB}"
	ProjectSection(ProjectDependencies) = postProject
		{E6549560-6589-4899-AB3C-E8EBA66CD065} = {E6549560-6589-4899-AB3C-E8EBA66CD065}
	EndProjectSection
EndProject
Project("{8BC9CEB8-8B4A-11D0-8D11-00A0C91BC942}") = "PACKAGE", "PACKAGE.vcxproj", "{8363736E-CB25-41E3-BC2A-917E811669CC}"
	ProjectSection(ProjectDependencies) = postProject
		{E6549560-6589-4899-AB3C-E8EBA66CD065} = {E6549560-6589-4899-AB3C-E8EBA66CD065}
	EndProjectSection
EndProject
Project("{8BC9CEB8-8B4A-11D0-8D11-00A0C91BC942}") = "ZERO_CHECK", "..\..\ZERO_CHECK.vcxproj", "{F271AD6D-4539-4C7C-A353-CFD155E6B283}"
	ProjectSection(ProjectDependencies) = postProject
	EndProjectSection
EndProject
Project("{8BC9CEB8-8B4A-11D0-8D11-00A0C91BC942}") = "libjasper", "..\..\3rdparty\libjasper\libjasper.vcxproj", "{02E11810-4AE6-4E1A-AC0D-DB58979283C2}"
	ProjectSection(ProjectDependencies) = postProject
		{F271AD6D-4539-4C7C-A353-CFD155E6B283} = {F271AD6D-4539-4C7C-A353-CFD155E6B283}
	EndProjectSection
EndProject
Project("{8BC9CEB8-8B4A-11D0-8D11-00A0C91BC942}") = "libjpeg", "..\..\3rdparty\libjpeg\libjpeg.vcxproj", "{0BE1DBD9-06AC-4C19-93F3-6D5FD4953FBB}"
	ProjectSection(ProjectDependencies) = postProject
		{F271AD6D-4539-4C7C-A353-CFD155E6B283} = {F271AD6D-4539-4C7C-A353-CFD155E6B283}
	EndProjectSection
EndProject
Project("{8BC9CEB8-8B4A-11D0-8D11-00A0C91BC942}") = "libpng", "..\..\3rdparty\libpng\libpng.vcxproj", "{44D62932-CEAB-4EBC-A707-AFAF6E1E258E}"
	ProjectSection(ProjectDependencies) = postProject
		{F271AD6D-4539-4C7C-A353-CFD155E6B283} = {F271AD6D-4539-4C7C-A353-CFD155E6B283}
		{B4864AAB-EB8A-4ED4-B8DD-228702D86FA9} = {B4864AAB-EB8A-4ED4-B8DD-228702D86FA9}
	EndProjectSection
EndProject
Project("{8BC9CEB8-8B4A-11D0-8D11-00A0C91BC942}") = "libtiff", "..\..\3rdparty\libtiff\libtiff.vcxproj", "{3E60CE7A-8483-4966-8B17-4EEA199C3146}"
	ProjectSection(ProjectDependencies) = postProject
		{F271AD6D-4539-4C7C-A353-CFD155E6B283} = {F271AD6D-4539-4C7C-A353-CFD155E6B283}
		{B4864AAB-EB8A-4ED4-B8DD-228702D86FA9} = {B4864AAB-EB8A-4ED4-B8DD-228702D86FA9}
	EndProjectSection
EndProject
Project("{8BC9CEB8-8B4A-11D0-8D11-00A0C91BC942}") = "opencv_calib3d", "..\calib3d\opencv_calib3d.vcxproj", "{3A97E7B4-DAC7-4E63-9875-B9D41D435D32}"
	ProjectSection(ProjectDependencies) = postProject
		{F271AD6D-4539-4C7C-A353-CFD155E6B283} = {F271AD6D-4539-4C7C-A353-CFD155E6B283}
		{BB652B40-A832-4207-8B49-A3A7D309B90F} = {BB652B40-A832-4207-8B49-A3A7D309B90F}
		{A003A543-9701-430B-800E-D9640B519FF2} = {A003A543-9701-430B-800E-D9640B519FF2}
		{9C6F4115-F5F0-4BD2-AA43-F2F002D20F10} = {9C6F4115-F5F0-4BD2-AA43-F2F002D20F10}
		{631005BD-55CF-4649-B96A-C83E78C9B900} = {631005BD-55CF-4649-B96A-C83E78C9B900}
		{F21F16E2-A361-429B-9775-97A9DDCB82B3} = {F21F16E2-A361-429B-9775-97A9DDCB82B3}
		{1DD63369-B1A7-4081-A3BC-830108C6D6B4} = {1DD63369-B1A7-4081-A3BC-830108C6D6B4}
	EndProjectSection
EndProject
Project("{8BC9CEB8-8B4A-11D0-8D11-00A0C91BC942}") = "opencv_core", "..\core\opencv_core.vcxproj", "{BB652B40-A832-4207-8B49-A3A7D309B90F}"
	ProjectSection(ProjectDependencies) = postProject
		{F271AD6D-4539-4C7C-A353-CFD155E6B283} = {F271AD6D-4539-4C7C-A353-CFD155E6B283}
		{631005BD-55CF-4649-B96A-C83E78C9B900} = {631005BD-55CF-4649-B96A-C83E78C9B900}
		{B4864AAB-EB8A-4ED4-B8DD-228702D86FA9} = {B4864AAB-EB8A-4ED4-B8DD-228702D86FA9}
	EndProjectSection
EndProject
Project("{8BC9CEB8-8B4A-11D0-8D11-00A0C91BC942}") = "opencv_features2d", "..\features2d\opencv_features2d.vcxproj", "{A003A543-9701-430B-800E-D9640B519FF2}"
	ProjectSection(ProjectDependencies) = postProject
		{F271AD6D-4539-4C7C-A353-CFD155E6B283} = {F271AD6D-4539-4C7C-A353-CFD155E6B283}
		{BB652B40-A832-4207-8B49-A3A7D309B90F} = {BB652B40-A832-4207-8B49-A3A7D309B90F}
		{9C6F4115-F5F0-4BD2-AA43-F2F002D20F10} = {9C6F4115-F5F0-4BD2-AA43-F2F002D20F10}
		{631005BD-55CF-4649-B96A-C83E78C9B900} = {631005BD-55CF-4649-B96A-C83E78C9B900}
		{F21F16E2-A361-429B-9775-97A9DDCB82B3} = {F21F16E2-A361-429B-9775-97A9DDCB82B3}
		{1DD63369-B1A7-4081-A3BC-830108C6D6B4} = {1DD63369-B1A7-4081-A3BC-830108C6D6B4}
	EndProjectSection
EndProject
Project("{8BC9CEB8-8B4A-11D0-8D11-00A0C91BC942}") = "opencv_flann", "..\flann\opencv_flann.vcxproj", "{9C6F4115-F5F0-4BD2-AA43-F2F002D20F10}"
	ProjectSection(ProjectDependencies) = postProject
		{F271AD6D-4539-4C7C-A353-CFD155E6B283} = {F271AD6D-4539-4C7C-A353-CFD155E6B283}
		{BB652B40-A832-4207-8B49-A3A7D309B90F} = {BB652B40-A832-4207-8B49-A3A7D309B90F}
		{631005BD-55CF-4649-B96A-C83E78C9B900} = {631005BD-55CF-4649-B96A-C83E78C9B900}
	EndProjectSection
EndProject
Project("{8BC9CEB8-8B4A-11D0-8D11-00A0C91BC942}") = "opencv_hal", "..\hal\opencv_hal.vcxproj", "{631005BD-55CF-4649-B96A-C83E78C9B900}"
	ProjectSection(ProjectDependencies) = postProject
		{F271AD6D-4539-4C7C-A353-CFD155E6B283} = {F271AD6D-4539-4C7C-A353-CFD155E6B283}
	EndProjectSection
EndProject
Project("{8BC9CEB8-8B4A-11D0-8D11-00A0C91BC942}") = "opencv_imgcodecs", "..\imgcodecs\opencv_imgcodecs.vcxproj", "{D06E18B8-8ACD-41AF-B3CB-FFB2B48A3159}"
	ProjectSection(ProjectDependencies) = postProject
		{F271AD6D-4539-4C7C-A353-CFD155E6B283} = {F271AD6D-4539-4C7C-A353-CFD155E6B283}
		{02E11810-4AE6-4E1A-AC0D-DB58979283C2} = {02E11810-4AE6-4E1A-AC0D-DB58979283C2}
		{0BE1DBD9-06AC-4C19-93F3-6D5FD4953FBB} = {0BE1DBD9-06AC-4C19-93F3-6D5FD4953FBB}
		{44D62932-CEAB-4EBC-A707-AFAF6E1E258E} = {44D62932-CEAB-4EBC-A707-AFAF6E1E258E}
		{3E60CE7A-8483-4966-8B17-4EEA199C3146} = {3E60CE7A-8483-4966-8B17-4EEA199C3146}
		{BB652B40-A832-4207-8B49-A3A7D309B90F} = {BB652B40-A832-4207-8B49-A3A7D309B90F}
		{631005BD-55CF-4649-B96A-C83E78C9B900} = {631005BD-55CF-4649-B96A-C83E78C9B900}
		{F21F16E2-A361-429B-9775-97A9DDCB82B3} = {F21F16E2-A361-429B-9775-97A9DDCB82B3}
		{B4864AAB-EB8A-4ED4-B8DD-228702D86FA9} = {B4864AAB-EB8A-4ED4-B8DD-228702D86FA9}
	EndProjectSection
EndProject
Project("{8BC9CEB8-8B4A-11D0-8D11-00A0C91BC942}") = "opencv_imgproc", "..\imgproc\opencv_imgproc.vcxproj", "{F21F16E2-A361-429B-9775-97A9DDCB82B3}"
	ProjectSection(ProjectDependencies) = postProject
		{F271AD6D-4539-4C7C-A353-CFD155E6B283} = {F271AD6D-4539-4C7C-A353-CFD155E6B283}
		{BB652B40-A832-4207-8B49-A3A7D309B90F} = {BB652B40-A832-4207-8B49-A3A7D309B90F}
		{631005BD-55CF-4649-B96A-C83E78C9B900} = {631005BD-55CF-4649-B96A-C83E78C9B900}
	EndProjectSection
EndProject
Project("{8BC9CEB8-8B4A-11D0-8D11-00A0C91BC942}") = "opencv_ml", "..\ml\opencv_ml.vcxproj", "{1DD63369-B1A7-4081-A3BC-830108C6D6B4}"
	ProjectSection(ProjectDependencies) = postProject
		{F271AD6D-4539-4C7C-A353-CFD155E6B283} = {F271AD6D-4539-4C7C-A353-CFD155E6B283}
		{BB652B40-A832-4207-8B49-A3A7D309B90F} = {BB652B40-A832-4207-8B49-A3A7D309B90F}
		{631005BD-55CF-4649-B96A-C83E78C9B900} = {631005BD-55CF-4649-B96A-C83E78C9B900}
	EndProjectSection
EndProject
Project("{8BC9CEB8-8B4A-11D0-8D11-00A0C91BC942}") = "opencv_objdetect", "..\objdetect\opencv_objdetect.vcxproj", "{CD0825CD-1DD6-4F1A-9B6C-37C00F0191F5}"
	ProjectSection(ProjectDependencies) = postProject
		{F271AD6D-4539-4C7C-A353-CFD155E6B283} = {F271AD6D-4539-4C7C-A353-CFD155E6B283}
		{BB652B40-A832-4207-8B49-A3A7D309B90F} = {BB652B40-A832-4207-8B49-A3A7D309B90F}
		{631005BD-55CF-4649-B96A-C83E78C9B900} = {631005BD-55CF-4649-B96A-C83E78C9B900}
		{F21F16E2-A361-429B-9775-97A9DDCB82B3} = {F21F16E2-A361-429B-9775-97A9DDCB82B3}
		{1DD63369-B1A7-4081-A3BC-830108C6D6B4} = {1DD63369-B1A7-4081-A3BC-830108C6D6B4}
	EndProjectSection
EndProject
Project("{8BC9CEB8-8B4A-11D0-8D11-00A0C91BC942}") = "opencv_perf_stitching", "opencv_perf_stitching.vcxproj", "{DF444FCE-A6E5-43FB-AE0E-AA4F122A4D7D}"
	ProjectSection(ProjectDependencies) = postProject
		{F271AD6D-4539-4C7C-A353-CFD155E6B283} = {F271AD6D-4539-4C7C-A353-CFD155E6B283}
		{3A97E7B4-DAC7-4E63-9875-B9D41D435D32} = {3A97E7B4-DAC7-4E63-9875-B9D41D435D32}
		{BB652B40-A832-4207-8B49-A3A7D309B90F} = {BB652B40-A832-4207-8B49-A3A7D309B90F}
		{A003A543-9701-430B-800E-D9640B519FF2} = {A003A543-9701-430B-800E-D9640B519FF2}
		{9C6F4115-F5F0-4BD2-AA43-F2F002D20F10} = {9C6F4115-F5F0-4BD2-AA43-F2F002D20F10}
		{631005BD-55CF-4649-B96A-C83E78C9B900} = {631005BD-55CF-4649-B96A-C83E78C9B900}
		{D06E18B8-8ACD-41AF-B3CB-FFB2B48A3159} = {D06E18B8-8ACD-41AF-B3CB-FFB2B48A3159}
		{F21F16E2-A361-429B-9775-97A9DDCB82B3} = {F21F16E2-A361-429B-9775-97A9DDCB82B3}
		{1DD63369-B1A7-4081-A3BC-830108C6D6B4} = {1DD63369-B1A7-4081-A3BC-830108C6D6B4}
		{CD0825CD-1DD6-4F1A-9B6C-37C00F0191F5} = {CD0825CD-1DD6-4F1A-9B6C-37C00F0191F5}
		{08086020-E7CE-4B4B-B56D-88BE9741D39F} = {08086020-E7CE-4B4B-B56D-88BE9741D39F}
		{86961F1C-CB6B-4CA2-AFA1-A77B7CC37436} = {86961F1C-CB6B-4CA2-AFA1-A77B7CC37436}
		{69B0ABCC-D9D8-41A2-A965-4674274BD476} = {69B0ABCC-D9D8-41A2-A965-4674274BD476}
	EndProjectSection
EndProject
Project("{8BC9CEB8-8B4A-11D0-8D11-00A0C91BC942}") = "opencv_stitching", "opencv_stitching.vcxproj", "{08086020-E7CE-4B4B-B56D-88BE9741D39F}"
	ProjectSection(ProjectDependencies) = postProject
		{F271AD6D-4539-4C7C-A353-CFD155E6B283} = {F271AD6D-4539-4C7C-A353-CFD155E6B283}
		{3A97E7B4-DAC7-4E63-9875-B9D41D435D32} = {3A97E7B4-DAC7-4E63-9875-B9D41D435D32}
		{BB652B40-A832-4207-8B49-A3A7D309B90F} = {BB652B40-A832-4207-8B49-A3A7D309B90F}
		{A003A543-9701-430B-800E-D9640B519FF2} = {A003A543-9701-430B-800E-D9640B519FF2}
		{9C6F4115-F5F0-4BD2-AA43-F2F002D20F10} = {9C6F4115-F5F0-4BD2-AA43-F2F002D20F10}
		{631005BD-55CF-4649-B96A-C83E78C9B900} = {631005BD-55CF-4649-B96A-C83E78C9B900}
		{F21F16E2-A361-429B-9775-97A9DDCB82B3} = {F21F16E2-A361-429B-9775-97A9DDCB82B3}
		{1DD63369-B1A7-4081-A3BC-830108C6D6B4} = {1DD63369-B1A7-4081-A3BC-830108C6D6B4}
		{CD0825CD-1DD6-4F1A-9B6C-37C00F0191F5} = {CD0825CD-1DD6-4F1A-9B6C-37C00F0191F5}
	EndProjectSection
EndProject
Project("{8BC9CEB8-8B4A-11D0-8D11-00A0C91BC942}") = "opencv_stitching_object", "opencv_stitching_object.vcxproj", "{207B142F-FA03-48BC-9C53-903553B49F00}"
	ProjectSection(ProjectDependencies) = postProject
		{F271AD6D-4539-4C7C-A353-CFD155E6B283} = {F271AD6D-4539-4C7C-A353-CFD155E6B283}
	EndProjectSection
EndProject
Project("{8BC9CEB8-8B4A-11D0-8D11-00A0C91BC942}") = "opencv_test_stitching", "opencv_test_stitching.vcxproj", "{24B171A6-3BD8-4492-841F-EF164AF17730}"
	ProjectSection(ProjectDependencies) = postProject
		{F271AD6D-4539-4C7C-A353-CFD155E6B283} = {F271AD6D-4539-4C7C-A353-CFD155E6B283}
		{3A97E7B4-DAC7-4E63-9875-B9D41D435D32} = {3A97E7B4-DAC7-4E63-9875-B9D41D435D32}
		{BB652B40-A832-4207-8B49-A3A7D309B90F} = {BB652B40-A832-4207-8B49-A3A7D309B90F}
		{A003A543-9701-430B-800E-D9640B519FF2} = {A003A543-9701-430B-800E-D9640B519FF2}
		{9C6F4115-F5F0-4BD2-AA43-F2F002D20F10} = {9C6F4115-F5F0-4BD2-AA43-F2F002D20F10}
		{631005BD-55CF-4649-B96A-C83E78C9B900} = {631005BD-55CF-4649-B96A-C83E78C9B900}
		{D06E18B8-8ACD-41AF-B3CB-FFB2B48A3159} = {D06E18B8-8ACD-41AF-B3CB-FFB2B48A3159}
		{F21F16E2-A361-429B-9775-97A9DDCB82B3} = {F21F16E2-A361-429B-9775-97A9DDCB82B3}
		{1DD63369-B1A7-4081-A3BC-830108C6D6B4} = {1DD63369-B1A7-4081-A3BC-830108C6D6B4}
		{CD0825CD-1DD6-4F1A-9B6C-37C00F0191F5} = {CD0825CD-1DD6-4F1A-9B6C-37C00F0191F5}
		{08086020-E7CE-4B4B-B56D-88BE9741D39F} = {08086020-E7CE-4B4B-B56D-88BE9741D39F}
		{86961F1C-CB6B-4CA2-AFA1-A77B7CC37436} = {86961F1C-CB6B-4CA2-AFA1-A77B7CC37436}
		{69B0ABCC-D9D8-41A2-A965-4674274BD476} = {69B0ABCC-D9D8-41A2-A965-4674274BD476}
	EndProjectSection
EndProject
Project("{8BC9CEB8-8B4A-11D0-8D11-00A0C91BC942}") = "opencv_ts", "..\ts\opencv_ts.vcxproj", "{86961F1C-CB6B-4CA2-AFA1-A77B7CC37436}"
	ProjectSection(ProjectDependencies) = postProject
		{F271AD6D-4539-4C7C-A353-CFD155E6B283} = {F271AD6D-4539-4C7C-A353-CFD155E6B283}
		{BB652B40-A832-4207-8B49-A3A7D309B90F} = {BB652B40-A832-4207-8B49-A3A7D309B90F}
		{631005BD-55CF-4649-B96A-C83E78C9B900} = {631005BD-55CF-4649-B96A-C83E78C9B900}
		{D06E18B8-8ACD-41AF-B3CB-FFB2B48A3159} = {D06E18B8-8ACD-41AF-B3CB-FFB2B48A3159}
		{F21F16E2-A361-429B-9775-97A9DDCB82B3} = {F21F16E2-A361-429B-9775-97A9DDCB82B3}
		{69B0ABCC-D9D8-41A2-A965-4674274BD476} = {69B0ABCC-D9D8-41A2-A965-4674274BD476}
	EndProjectSection
EndProject
Project("{8BC9CEB8-8B4A-11D0-8D11-00A0C91BC942}") = "opencv_videoio", "..\videoio\opencv_videoio.vcxproj", "{69B0ABCC-D9D8-41A2-A965-4674274BD476}"
	ProjectSection(ProjectDependencies) = postProject
		{F271AD6D-4539-4C7C-A353-CFD155E6B283} = {F271AD6D-4539-4C7C-A353-CFD155E6B283}
		{BB652B40-A832-4207-8B49-A3A7D309B90F} = {BB652B40-A832-4207-8B49-A3A7D309B90F}
		{631005BD-55CF-4649-B96A-C83E78C9B900} = {631005BD-55CF-4649-B96A-C83E78C9B900}
		{D06E18B8-8ACD-41AF-B3CB-FFB2B48A3159} = {D06E18B8-8ACD-41AF-B3CB-FFB2B48A3159}
		{F21F16E2-A361-429B-9775-97A9DDCB82B3} = {F21F16E2-A361-429B-9775-97A9DDCB82B3}
	EndProjectSection
EndProject
Project("{8BC9CEB8-8B4A-11D0-8D11-00A0C91BC942}") = "zlib", "..\..\3rdparty\zlib\zlib.vcxproj", "{B4864AAB-EB8A-4ED4-B8DD-228702D86FA9}"
	ProjectSection(ProjectDependencies) = postProject
		{F271AD6D-4539-4C7C-A353-CFD155E6B283} = {F271AD6D-4539-4C7C-A353-CFD155E6B283}
	EndProjectSection
EndProject
Project("{2150E333-8FDC-42A3-9474-1A3956D46DE8}") = "3rdparty", "3rdparty", "{1D168FF7-313D-4C92-A9D6-6DCA06C79263}"
EndProject
Project("{2150E333-8FDC-42A3-9474-1A3956D46DE8}") = "CMakeTargets", "CMakeTargets", "{FE6A38AE-7998-4585-8EC5-0BBE1667F7C3}"
EndProject
Project("{2150E333-8FDC-42A3-9474-1A3956D46DE8}") = "modules", "modules", "{B3994EF9-61E8-4E2D-BDED-28B9410C087E}"
EndProject
Project("{2150E333-8FDC-42A3-9474-1A3956D46DE8}") = "object_libraries", "object_libraries", "{03E69489-A2F7-478F-93D7-6BD45FDFD9EF}"
EndProject
Project("{2150E333-8FDC-42A3-9474-1A3956D46DE8}") = "tests accuracy", "tests accuracy", "{D3172475-0501-48A2-A46B-67081ADE5AF2}"
EndProject
Project("{2150E333-8FDC-42A3-9474-1A3956D46DE8}") = "tests performance", "tests performance", "{A9553C47-6171-4D3E-BD1F-E5F9EA84F2D1}"
EndProject
Global
	GlobalSection(SolutionConfigurationPlatforms) = preSolution
		Debug|Win32 = Debug|Win32
		Release|Win32 = Release|Win32
	EndGlobalSection
	GlobalSection(ProjectConfigurationPlatforms) = postSolution
		{E6549560-6589-4899-AB3C-E8EBA66CD065}.Debug|Win32.ActiveCfg = Debug|Win32
		{E6549560-6589-4899-AB3C-E8EBA66CD065}.Debug|Win32.Build.0 = Debug|Win32
		{E6549560-6589-4899-AB3C-E8EBA66CD065}.Release|Win32.ActiveCfg = Release|Win32
		{E6549560-6589-4899-AB3C-E8EBA66CD065}.Release|Win32.Build.0 = Release|Win32
		{6D0AA995-570D-451C-AB31-0E2D3701FFEB}.Debug|Win32.ActiveCfg = Debug|Win32
		{6D0AA995-570D-451C-AB31-0E2D3701FFEB}.Release|Win32.ActiveCfg = Release|Win32
		{8363736E-CB25-41E3-BC2A-917E811669CC}.Debug|Win32.ActiveCfg = Debug|Win32
		{8363736E-CB25-41E3-BC2A-917E811669CC}.Release|Win32.ActiveCfg = Release|Win32
		{F271AD6D-4539-4C7C-A353-CFD155E6B283}.Debug|Win32.ActiveCfg = Debug|Win32
		{F271AD6D-4539-4C7C-A353-CFD155E6B283}.Debug|Win32.Build.0 = Debug|Win32
		{F271AD6D-4539-4C7C-A353-CFD155E6B283}.Release|Win32.ActiveCfg = Release|Win32
		{F271AD6D-4539-4C7C-A353-CFD155E6B283}.Release|Win32.Build.0 = Release|Win32
		{02E11810-4AE6-4E1A-AC0D-DB58979283C2}.Debug|Win32.ActiveCfg = Debug|Win32
		{02E11810-4AE6-4E1A-AC0D-DB58979283C2}.Debug|Win32.Build.0 = Debug|Win32
		{02E11810-4AE6-4E1A-AC0D-DB58979283C2}.Release|Win32.ActiveCfg = Release|Win32
		{02E11810-4AE6-4E1A-AC0D-DB58979283C2}.Release|Win32.Build.0 = Release|Win32
		{0BE1DBD9-06AC-4C19-93F3-6D5FD4953FBB}.Debug|Win32.ActiveCfg = Debug|Win32
		{0BE1DBD9-06AC-4C19-93F3-6D5FD4953FBB}.Debug|Win32.Build.0 = Debug|Win32
		{0BE1DBD9-06AC-4C19-93F3-6D5FD4953FBB}.Release|Win32.ActiveCfg = Release|Win32
		{0BE1DBD9-06AC-4C19-93F3-6D5FD4953FBB}.Release|Win32.Build.0 = Release|Win32
		{44D62932-CEAB-4EBC-A707-AFAF6E1E258E}.Debug|Win32.ActiveCfg = Debug|Win32
		{44D62932-CEAB-4EBC-A707-AFAF6E1E258E}.Debug|Win32.Build.0 = Debug|Win32
		{44D62932-CEAB-4EBC-A707-AFAF6E1E258E}.Release|Win32.ActiveCfg = Release|Win32
		{44D62932-CEAB-4EBC-A707-AFAF6E1E258E}.Release|Win32.Build.0 = Release|Win32
		{3E60CE7A-8483-4966-8B17-4EEA199C3146}.Debug|Win32.ActiveCfg = Debug|Win32
		{3E60CE7A-8483-4966-8B17-4EEA199C3146}.Debug|Win32.Build.0 = Debug|Win32
		{3E60CE7A-8483-4966-8B17-4EEA199C3146}.Release|Win32.ActiveCfg = Release|Win32
		{3E60CE7A-8483-4966-8B17-4EEA199C3146}.Release|Win32.Build.0 = Release|Win32
		{3A97E7B4-DAC7-4E63-9875-B9D41D435D32}.Debug|Win32.ActiveCfg = Debug|Win32
		{3A97E7B4-DAC7-4E63-9875-B9D41D435D32}.Debug|Win32.Build.0 = Debug|Win32
		{3A97E7B4-DAC7-4E63-9875-B9D41D435D32}.Debug|Win32.Deploy.0 = Debug|Win32
		{3A97E7B4-DAC7-4E63-9875-B9D41D435D32}.Release|Win32.ActiveCfg = Release|Win32
		{3A97E7B4-DAC7-4E63-9875-B9D41D435D32}.Release|Win32.Build.0 = Release|Win32
		{3A97E7B4-DAC7-4E63-9875-B9D41D435D32}.Release|Win32.Deploy.0 = Release|Win32
		{BB652B40-A832-4207-8B49-A3A7D309B90F}.Debug|Win32.ActiveCfg = Debug|Win32
		{BB652B40-A832-4207-8B49-A3A7D309B90F}.Debug|Win32.Build.0 = Debug|Win32
		{BB652B40-A832-4207-8B49-A3A7D309B90F}.Debug|Win32.Deploy.0 = Debug|Win32
		{BB652B40-A832-4207-8B49-A3A7D309B90F}.Release|Win32.ActiveCfg = Release|Win32
		{BB652B40-A832-4207-8B49-A3A7D309B90F}.Release|Win32.Build.0 = Release|Win32
		{BB652B40-A832-4207-8B49-A3A7D309B90F}.Release|Win32.Deploy.0 = Release|Win32
		{A003A543-9701-430B-800E-D9640B519FF2}.Debug|Win32.ActiveCfg = Debug|Win32
		{A003A543-9701-430B-800E-D9640B519FF2}.Debug|Win32.Build.0 = Debug|Win32
		{A003A543-9701-430B-800E-D9640B519FF2}.Debug|Win32.Deploy.0 = Debug|Win32
		{A003A543-9701-430B-800E-D9640B519FF2}.Release|Win32.ActiveCfg = Release|Win32
		{A003A543-9701-430B-800E-D9640B519FF2}.Release|Win32.Build.0 = Release|Win32
		{A003A543-9701-430B-800E-D9640B519FF2}.Release|Win32.Deploy.0 = Release|Win32
		{9C6F4115-F5F0-4BD2-AA43-F2F002D20F10}.Debug|Win32.ActiveCfg = Debug|Win32
		{9C6F4115-F5F0-4BD2-AA43-F2F002D20F10}.Debug|Win32.Build.0 = Debug|Win32
		{9C6F4115-F5F0-4BD2-AA43-F2F002D20F10}.Debug|Win32.Deploy.0 = Debug|Win32
		{9C6F4115-F5F0-4BD2-AA43-F2F002D20F10}.Release|Win32.ActiveCfg = Release|Win32
		{9C6F4115-F5F0-4BD2-AA43-F2F002D20F10}.Release|Win32.Build.0 = Release|Win32
		{9C6F4115-F5F0-4BD2-AA43-F2F002D20F10}.Release|Win32.Deploy.0 = Release|Win32
		{631005BD-55CF-4649-B96A-C83E78C9B900}.Debug|Win32.ActiveCfg = Debug|Win32
		{631005BD-55CF-4649-B96A-C83E78C9B900}.Debug|Win32.Build.0 = Debug|Win32
		{631005BD-55CF-4649-B96A-C83E78C9B900}.Release|Win32.ActiveCfg = Release|Win32
		{631005BD-55CF-4649-B96A-C83E78C9B900}.Release|Win32.Build.0 = Release|Win32
		{D06E18B8-8ACD-41AF-B3CB-FFB2B48A3159}.Debug|Win32.ActiveCfg = Debug|Win32
		{D06E18B8-8ACD-41AF-B3CB-FFB2B48A3159}.Debug|Win32.Build.0 = Debug|Win32
		{D06E18B8-8ACD-41AF-B3CB-FFB2B48A3159}.Debug|Win32.Deploy.0 = Debug|Win32
		{D06E18B8-8ACD-41AF-B3CB-FFB2B48A3159}.Release|Win32.ActiveCfg = Release|Win32
		{D06E18B8-8ACD-41AF-B3CB-FFB2B48A3159}.Release|Win32.Build.0 = Release|Win32
		{D06E18B8-8ACD-41AF-B3CB-FFB2B48A3159}.Release|Win32.Deploy.0 = Release|Win32
		{F21F16E2-A361-429B-9775-97A9DDCB82B3}.Debug|Win32.ActiveCfg = Debug|Win32
		{F21F16E2-A361-429B-9775-97A9DDCB82B3}.Debug|Win32.Build.0 = Debug|Win32
		{F21F16E2-A361-429B-9775-97A9DDCB82B3}.Debug|Win32.Deploy.0 = Debug|Win32
		{F21F16E2-A361-429B-9775-97A9DDCB82B3}.Release|Win32.ActiveCfg = Release|Win32
		{F21F16E2-A361-429B-9775-97A9DDCB82B3}.Release|Win32.Build.0 = Release|Win32
		{F21F16E2-A361-429B-9775-97A9DDCB82B3}.Release|Win32.Deploy.0 = Release|Win32
		{1DD63369-B1A7-4081-A3BC-830108C6D6B4}.Debug|Win32.ActiveCfg = Debug|Win32
		{1DD63369-B1A7-4081-A3BC-830108C6D6B4}.Debug|Win32.Build.0 = Debug|Win32
		{1DD63369-B1A7-4081-A3BC-830108C6D6B4}.Debug|Win32.Deploy.0 = Debug|Win32
		{1DD63369-B1A7-4081-A3BC-830108C6D6B4}.Release|Win32.ActiveCfg = Release|Win32
		{1DD63369-B1A7-4081-A3BC-830108C6D6B4}.Release|Win32.Build.0 = Release|Win32
		{1DD63369-B1A7-4081-A3BC-830108C6D6B4}.Release|Win32.Deploy.0 = Release|Win32
		{CD0825CD-1DD6-4F1A-9B6C-37C00F0191F5}.Debug|Win32.ActiveCfg = Debug|Win32
		{CD0825CD-1DD6-4F1A-9B6C-37C00F0191F5}.Debug|Win32.Build.0 = Debug|Win32
		{CD0825CD-1DD6-4F1A-9B6C-37C00F0191F5}.Debug|Win32.Deploy.0 = Debug|Win32
		{CD0825CD-1DD6-4F1A-9B6C-37C00F0191F5}.Release|Win32.ActiveCfg = Release|Win32
		{CD0825CD-1DD6-4F1A-9B6C-37C00F0191F5}.Release|Win32.Build.0 = Release|Win32
		{CD0825CD-1DD6-4F1A-9B6C-37C00F0191F5}.Release|Win32.Deploy.0 = Release|Win32
		{DF444FCE-A6E5-43FB-AE0E-AA4F122A4D7D}.Debug|Win32.ActiveCfg = Debug|Win32
		{DF444FCE-A6E5-43FB-AE0E-AA4F122A4D7D}.Debug|Win32.Build.0 = Debug|Win32
		{DF444FCE-A6E5-43FB-AE0E-AA4F122A4D7D}.Debug|Win32.Deploy.0 = Debug|Win32
		{DF444FCE-A6E5-43FB-AE0E-AA4F122A4D7D}.Release|Win32.ActiveCfg = Release|Win32
		{DF444FCE-A6E5-43FB-AE0E-AA4F122A4D7D}.Release|Win32.Build.0 = Release|Win32
		{DF444FCE-A6E5-43FB-AE0E-AA4F122A4D7D}.Release|Win32.Deploy.0 = Release|Win32
		{08086020-E7CE-4B4B-B56D-88BE9741D39F}.Debug|Win32.ActiveCfg = Debug|Win32
		{08086020-E7CE-4B4B-B56D-88BE9741D39F}.Debug|Win32.Build.0 = Debug|Win32
		{08086020-E7CE-4B4B-B56D-88BE9741D39F}.Debug|Win32.Deploy.0 = Debug|Win32
		{08086020-E7CE-4B4B-B56D-88BE9741D39F}.Release|Win32.ActiveCfg = Release|Win32
		{08086020-E7CE-4B4B-B56D-88BE9741D39F}.Release|Win32.Build.0 = Release|Win32
		{08086020-E7CE-4B4B-B56D-88BE9741D39F}.Release|Win32.Deploy.0 = Release|Win32
		{207B142F-FA03-48BC-9C53-903553B49F00}.Debug|Win32.ActiveCfg = Debug|Win32
		{207B142F-FA03-48BC-9C53-903553B49F00}.Release|Win32.ActiveCfg = Release|Win32
		{24B171A6-3BD8-4492-841F-EF164AF17730}.Debug|Win32.ActiveCfg = Debug|Win32
		{24B171A6-3BD8-4492-841F-EF164AF17730}.Debug|Win32.Build.0 = Debug|Win32
		{24B171A6-3BD8-4492-841F-EF164AF17730}.Debug|Win32.Deploy.0 = Debug|Win32
		{24B171A6-3BD8-4492-841F-EF164AF17730}.Release|Win32.ActiveCfg = Release|Win32
		{24B171A6-3BD8-4492-841F-EF164AF17730}.Release|Win32.Build.0 = Release|Win32
		{24B171A6-3BD8-4492-841F-EF164AF17730}.Release|Win32.Deploy.0 = Release|Win32
		{86961F1C-CB6B-4CA2-AFA1-A77B7CC37436}.Debug|Win32.ActiveCfg = Debug|Win32
		{86961F1C-CB6B-4CA2-AFA1-A77B7CC37436}.Debug|Win32.Build.0 = Debug|Win32
		{86961F1C-CB6B-4CA2-AFA1-A77B7CC37436}.Release|Win32.ActiveCfg = Release|Win32
		{86961F1C-CB6B-4CA2-AFA1-A77B7CC37436}.Release|Win32.Build.0 = Release|Win32
		{69B0ABCC-D9D8-41A2-A965-4674274BD476}.Debug|Win32.ActiveCfg = Debug|Win32
		{69B0ABCC-D9D8-41A2-A965-4674274BD476}.Debug|Win32.Build.0 = Debug|Win32
		{69B0ABCC-D9D8-41A2-A965-4674274BD476}.Debug|Win32.Deploy.0 = Debug|Win32
		{69B0ABCC-D9D8-41A2-A965-4674274BD476}.Release|Win32.ActiveCfg = Release|Win32
		{69B0ABCC-D9D8-41A2-A965-4674274BD476}.Release|Win32.Build.0 = Release|Win32
		{69B0ABCC-D9D8-41A2-A965-4674274BD476}.Release|Win32.Deploy.0 = Release|Win32
		{B4864AAB-EB8A-4ED4-B8DD-228702D86FA9}.Debug|Win32.ActiveCfg = Debug|Win32
		{B4864AAB-EB8A-4ED4-B8DD-228702D86FA9}.Debug|Win32.Build.0 = Debug|Win32
		{B4864AAB-EB8A-4ED4-B8DD-228702D86FA9}.Release|Win32.ActiveCfg = Release|Win32
		{B4864AAB-EB8A-4ED4-B8DD-228702D86FA9}.Release|Win32.Build.0 = Release|Win32
	EndGlobalSection
	GlobalSection(NestedProjects) = preSolution
		{02E11810-4AE6-4E1A-AC0D-DB58979283C2} = {1D168FF7-313D-4C92-A9D6-6DCA06C79263}
		{0BE1DBD9-06AC-4C19-93F3-6D5FD4953FBB} = {1D168FF7-313D-4C92-A9D6-6DCA06C79263}
		{44D62932-CEAB-4EBC-A707-AFAF6E1E258E} = {1D168FF7-313D-4C92-A9D6-6DCA06C79263}
		{3E60CE7A-8483-4966-8B17-4EEA199C3146} = {1D168FF7-313D-4C92-A9D6-6DCA06C79263}
		{B4864AAB-EB8A-4ED4-B8DD-228702D86FA9} = {1D168FF7-313D-4C92-A9D6-6DCA06C79263}
		{6D0AA995-570D-451C-AB31-0E2D3701FFEB} = {FE6A38AE-7998-4585-8EC5-0BBE1667F7C3}
		{8363736E-CB25-41E3-BC2A-917E811669CC} = {FE6A38AE-7998-4585-8EC5-0BBE1667F7C3}
		{F271AD6D-4539-4C7C-A353-CFD155E6B283} = {FE6A38AE-7998-4585-8EC5-0BBE1667F7C3}
		{3A97E7B4-DAC7-4E63-9875-B9D41D435D32} = {B3994EF9-61E8-4E2D-BDED-28B9410C087E}
		{BB652B40-A832-4207-8B49-A3A7D309B90F} = {B3994EF9-61E8-4E2D-BDED-28B9410C087E}
		{A003A543-9701-430B-800E-D9640B519FF2} = {B3994EF9-61E8-4E2D-BDED-28B9410C087E}
		{9C6F4115-F5F0-4BD2-AA43-F2F002D20F10} = {B3994EF9-61E8-4E2D-BDED-28B9410C087E}
		{631005BD-55CF-4649-B96A-C83E78C9B900} = {B3994EF9-61E8-4E2D-BDED-28B9410C087E}
		{D06E18B8-8ACD-41AF-B3CB-FFB2B48A3159} = {B3994EF9-61E8-4E2D-BDED-28B9410C087E}
		{F21F16E2-A361-429B-9775-97A9DDCB82B3} = {B3994EF9-61E8-4E2D-BDED-28B9410C087E}
		{1DD63369-B1A7-4081-A3BC-830108C6D6B4} = {B3994EF9-61E8-4E2D-BDED-28B9410C087E}
		{CD0825CD-1DD6-4F1A-9B6C-37C00F0191F5} = {B3994EF9-61E8-4E2D-BDED-28B9410C087E}
		{08086020-E7CE-4B4B-B56D-88BE9741D39F} = {B3994EF9-61E8-4E2D-BDED-28B9410C087E}
		{86961F1C-CB6B-4CA2-AFA1-A77B7CC37436} = {B3994EF9-61E8-4E2D-BDED-28B9410C087E}
		{69B0ABCC-D9D8-41A2-A965-4674274BD476} = {B3994EF9-61E8-4E2D-BDED-28B9410C087E}
		{207B142F-FA03-48BC-9C53-903553B49F00} = {03E69489-A2F7-478F-93D7-6BD45FDFD9EF}
		{24B171A6-3BD8-4492-841F-EF164AF17730} = {D3172475-0501-48A2-A46B-67081ADE5AF2}
		{DF444FCE-A6E5-43FB-AE0E-AA4F122A4D7D} = {A9553C47-6171-4D3E-BD1F-E5F9EA84F2D1}
	EndGlobalSection
	GlobalSection(ExtensibilityGlobals) = postSolution
	EndGlobalSection
	GlobalSection(ExtensibilityAddIns) = postSolution
	EndGlobalSection
EndGlobal
