Microsoft Visual Studio Solution File, Format Version 12.00
# Visual Studio 14
Project("{8BC9CEB8-8B4A-11D0-8D11-00A0C91BC942}") = "ALL_BUILD", "ALL_BUILD.vcxproj", "{BBAD109C-125C-41F8-B420-CD22A324A30A}"
	ProjectSection(ProjectDependencies) = postProject
		{99073386-224A-42FC-8F97-73BFAC86D285} = {99073386-224A-42FC-8F97-73BFAC86D285}
	EndProjectSection
EndProject
Project("{8BC9CEB8-8B4A-11D0-8D11-00A0C91BC942}") = "INSTALL", "INSTALL.vcxproj", "{98287619-BF72-4CD2-953F-3D5877136586}"
	ProjectSection(ProjectDependencies) = postProject
		{BBAD109C-125C-41F8-B420-CD22A324A30A} = {BBAD109C-125C-41F8-B420-CD22A324A30A}
	EndProjectSection
EndProject
Project("{8BC9CEB8-8B4A-11D0-8D11-00A0C91BC942}") = "PACKAGE", "PACKAGE.vcxproj", "{C13E6764-1A3A-49B5-B92D-C3A4EE6347CF}"
	ProjectSection(ProjectDependencies) = postProject
		{BBAD109C-125C-41F8-B420-CD22A324A30A} = {BBAD109C-125C-41F8-B420-CD22A324A30A}
	EndProjectSection
EndProject
Project("{8BC9CEB8-8B4A-11D0-8D11-00A0C91BC942}") = "ZERO_CHECK", "..\..\ZERO_CHECK.vcxproj", "{F634A3F9-2433-4648-B75C-FCB1B3A00E1B}"
	ProjectSection(ProjectDependencies) = postProject
	EndProjectSection
EndProject
Project("{8BC9CEB8-8B4A-11D0-8D11-00A0C91BC942}") = "libjasper", "..\..\3rdparty\libjasper\libjasper.vcxproj", "{E4EE37D9-915E-4A60-9C2F-23B0FCD9D15C}"
	ProjectSection(ProjectDependencies) = postProject
		{F634A3F9-2433-4648-B75C-FCB1B3A00E1B} = {F634A3F9-2433-4648-B75C-FCB1B3A00E1B}
	EndProjectSection
EndProject
Project("{8BC9CEB8-8B4A-11D0-8D11-00A0C91BC942}") = "libjpeg", "..\..\3rdparty\libjpeg\libjpeg.vcxproj", "{B90948F7-8952-4883-8C74-03093916E20C}"
	ProjectSection(ProjectDependencies) = postProject
		{F634A3F9-2433-4648-B75C-FCB1B3A00E1B} = {F634A3F9-2433-4648-B75C-FCB1B3A00E1B}
	EndProjectSection
EndProject
Project("{8BC9CEB8-8B4A-11D0-8D11-00A0C91BC942}") = "libpng", "..\..\3rdparty\libpng\libpng.vcxproj", "{106F1FD0-0524-48D3-BE82-AC9A6A5FDF37}"
	ProjectSection(ProjectDependencies) = postProject
		{F634A3F9-2433-4648-B75C-FCB1B3A00E1B} = {F634A3F9-2433-4648-B75C-FCB1B3A00E1B}
		{FEC689BC-1763-429D-AC6F-1C9C5A91D17E} = {FEC689BC-1763-429D-AC6F-1C9C5A91D17E}
	EndProjectSection
EndProject
Project("{8BC9CEB8-8B4A-11D0-8D11-00A0C91BC942}") = "libtiff", "..\..\3rdparty\libtiff\libtiff.vcxproj", "{0DDC82ED-121B-47EC-986B-F5BC8981705E}"
	ProjectSection(ProjectDependencies) = postProject
		{F634A3F9-2433-4648-B75C-FCB1B3A00E1B} = {F634A3F9-2433-4648-B75C-FCB1B3A00E1B}
		{FEC689BC-1763-429D-AC6F-1C9C5A91D17E} = {FEC689BC-1763-429D-AC6F-1C9C5A91D17E}
	EndProjectSection
EndProject
Project("{8BC9CEB8-8B4A-11D0-8D11-00A0C91BC942}") = "opencv_core", "..\core\opencv_core.vcxproj", "{0E33B916-C796-43F7-A151-7144AD59CBEF}"
	ProjectSection(ProjectDependencies) = postProject
		{F634A3F9-2433-4648-B75C-FCB1B3A00E1B} = {F634A3F9-2433-4648-B75C-FCB1B3A00E1B}
		{59E9DEEE-0461-49EA-AE5B-CEA8CD627C3C} = {59E9DEEE-0461-49EA-AE5B-CEA8CD627C3C}
		{FEC689BC-1763-429D-AC6F-1C9C5A91D17E} = {FEC689BC-1763-429D-AC6F-1C9C5A91D17E}
	EndProjectSection
EndProject
Project("{8BC9CEB8-8B4A-11D0-8D11-00A0C91BC942}") = "opencv_hal", "..\hal\opencv_hal.vcxproj", "{59E9DEEE-0461-49EA-AE5B-CEA8CD627C3C}"
	ProjectSection(ProjectDependencies) = postProject
		{F634A3F9-2433-4648-B75C-FCB1B3A00E1B} = {F634A3F9-2433-4648-B75C-FCB1B3A00E1B}
	EndProjectSection
EndProject
Project("{8BC9CEB8-8B4A-11D0-8D11-00A0C91BC942}") = "opencv_imgcodecs", "..\imgcodecs\opencv_imgcodecs.vcxproj", "{905CE13A-AB95-442B-8901-786DA2A8AD57}"
	ProjectSection(ProjectDependencies) = postProject
		{F634A3F9-2433-4648-B75C-FCB1B3A00E1B} = {F634A3F9-2433-4648-B75C-FCB1B3A00E1B}
		{E4EE37D9-915E-4A60-9C2F-23B0FCD9D15C} = {E4EE37D9-915E-4A60-9C2F-23B0FCD9D15C}
		{B90948F7-8952-4883-8C74-03093916E20C} = {B90948F7-8952-4883-8C74-03093916E20C}
		{106F1FD0-0524-48D3-BE82-AC9A6A5FDF37} = {106F1FD0-0524-48D3-BE82-AC9A6A5FDF37}
		{0DDC82ED-121B-47EC-986B-F5BC8981705E} = {0DDC82ED-121B-47EC-986B-F5BC8981705E}
		{0E33B916-C796-43F7-A151-7144AD59CBEF} = {0E33B916-C796-43F7-A151-7144AD59CBEF}
		{59E9DEEE-0461-49EA-AE5B-CEA8CD627C3C} = {59E9DEEE-0461-49EA-AE5B-CEA8CD627C3C}
		{A10F0613-F9BA-4A65-8FF5-0EC044BEAE2D} = {A10F0613-F9BA-4A65-8FF5-0EC044BEAE2D}
		{FEC689BC-1763-429D-AC6F-1C9C5A91D17E} = {FEC689BC-1763-429D-AC6F-1C9C5A91D17E}
	EndProjectSection
EndProject
Project("{8BC9CEB8-8B4A-11D0-8D11-00A0C91BC942}") = "opencv_imgproc", "..\imgproc\opencv_imgproc.vcxproj", "{A10F0613-F9BA-4A65-8FF5-0EC044BEAE2D}"
	ProjectSection(ProjectDependencies) = postProject
		{F634A3F9-2433-4648-B75C-FCB1B3A00E1B} = {F634A3F9-2433-4648-B75C-FCB1B3A00E1B}
		{0E33B916-C796-43F7-A151-7144AD59CBEF} = {0E33B916-C796-43F7-A151-7144AD59CBEF}
		{59E9DEEE-0461-49EA-AE5B-CEA8CD627C3C} = {59E9DEEE-0461-49EA-AE5B-CEA8CD627C3C}
	EndProjectSection
EndProject
Project("{8BC9CEB8-8B4A-11D0-8D11-00A0C91BC942}") = "opencv_ts", "opencv_ts.vcxproj", "{99073386-224A-42FC-8F97-73BFAC86D285}"
	ProjectSection(ProjectDependencies) = postProject
		{F634A3F9-2433-4648-B75C-FCB1B3A00E1B} = {F634A3F9-2433-4648-B75C-FCB1B3A00E1B}
		{0E33B916-C796-43F7-A151-7144AD59CBEF} = {0E33B916-C796-43F7-A151-7144AD59CBEF}
		{59E9DEEE-0461-49EA-AE5B-CEA8CD627C3C} = {59E9DEEE-0461-49EA-AE5B-CEA8CD627C3C}
		{905CE13A-AB95-442B-8901-786DA2A8AD57} = {905CE13A-AB95-442B-8901-786DA2A8AD57}
		{A10F0613-F9BA-4A65-8FF5-0EC044BEAE2D} = {A10F0613-F9BA-4A65-8FF5-0EC044BEAE2D}
		{4C52C36B-8175-4758-990E-2037CC09670C} = {4C52C36B-8175-4758-990E-2037CC09670C}
	EndProjectSection
EndProject
Project("{8BC9CEB8-8B4A-11D0-8D11-00A0C91BC942}") = "opencv_videoio", "..\videoio\opencv_videoio.vcxproj", "{4C52C36B-8175-4758-990E-2037CC09670C}"
	ProjectSection(ProjectDependencies) = postProject
		{F634A3F9-2433-4648-B75C-FCB1B3A00E1B} = {F634A3F9-2433-4648-B75C-FCB1B3A00E1B}
		{0E33B916-C796-43F7-A151-7144AD59CBEF} = {0E33B916-C796-43F7-A151-7144AD59CBEF}
		{59E9DEEE-0461-49EA-AE5B-CEA8CD627C3C} = {59E9DEEE-0461-49EA-AE5B-CEA8CD627C3C}
		{905CE13A-AB95-442B-8901-786DA2A8AD57} = {905CE13A-AB95-442B-8901-786DA2A8AD57}
		{A10F0613-F9BA-4A65-8FF5-0EC044BEAE2D} = {A10F0613-F9BA-4A65-8FF5-0EC044BEAE2D}
	EndProjectSection
EndProject
Project("{8BC9CEB8-8B4A-11D0-8D11-00A0C91BC942}") = "zlib", "..\..\3rdparty\zlib\zlib.vcxproj", "{FEC689BC-1763-429D-AC6F-1C9C5A91D17E}"
	ProjectSection(ProjectDependencies) = postProject
		{F634A3F9-2433-4648-B75C-FCB1B3A00E1B} = {F634A3F9-2433-4648-B75C-FCB1B3A00E1B}
	EndProjectSection
EndProject
Project("{2150E333-8FDC-42A3-9474-1A3956D46DE8}") = "3rdparty", "3rdparty", "{D1CFC324-AF05-4415-856F-D63B18BE5D61}"
EndProject
Project("{2150E333-8FDC-42A3-9474-1A3956D46DE8}") = "CMakeTargets", "CMakeTargets", "{B41A686E-812D-4C3E-81BE-311433D30586}"
EndProject
Project("{2150E333-8FDC-42A3-9474-1A3956D46DE8}") = "modules", "modules", "{4DC485CD-4322-4734-BCE4-4C50EE5B3625}"
EndProject
Global
	GlobalSection(SolutionConfigurationPlatforms) = preSolution
		Debug|Win32 = Debug|Win32
		Release|Win32 = Release|Win32
	EndGlobalSection
	GlobalSection(ProjectConfigurationPlatforms) = postSolution
		{BBAD109C-125C-41F8-B420-CD22A324A30A}.Debug|Win32.ActiveCfg = Debug|Win32
		{BBAD109C-125C-41F8-B420-CD22A324A30A}.Debug|Win32.Build.0 = Debug|Win32
		{BBAD109C-125C-41F8-B420-CD22A324A30A}.Release|Win32.ActiveCfg = Release|Win32
		{BBAD109C-125C-41F8-B420-CD22A324A30A}.Release|Win32.Build.0 = Release|Win32
		{98287619-BF72-4CD2-953F-3D5877136586}.Debug|Win32.ActiveCfg = Debug|Win32
		{98287619-BF72-4CD2-953F-3D5877136586}.Release|Win32.ActiveCfg = Release|Win32
		{C13E6764-1A3A-49B5-B92D-C3A4EE6347CF}.Debug|Win32.ActiveCfg = Debug|Win32
		{C13E6764-1A3A-49B5-B92D-C3A4EE6347CF}.Release|Win32.ActiveCfg = Release|Win32
		{F634A3F9-2433-4648-B75C-FCB1B3A00E1B}.Debug|Win32.ActiveCfg = Debug|Win32
		{F634A3F9-2433-4648-B75C-FCB1B3A00E1B}.Debug|Win32.Build.0 = Debug|Win32
		{F634A3F9-2433-4648-B75C-FCB1B3A00E1B}.Release|Win32.ActiveCfg = Release|Win32
		{F634A3F9-2433-4648-B75C-FCB1B3A00E1B}.Release|Win32.Build.0 = Release|Win32
		{E4EE37D9-915E-4A60-9C2F-23B0FCD9D15C}.Debug|Win32.ActiveCfg = Debug|Win32
		{E4EE37D9-915E-4A60-9C2F-23B0FCD9D15C}.Debug|Win32.Build.0 = Debug|Win32
		{E4EE37D9-915E-4A60-9C2F-23B0FCD9D15C}.Release|Win32.ActiveCfg = Release|Win32
		{E4EE37D9-915E-4A60-9C2F-23B0FCD9D15C}.Release|Win32.Build.0 = Release|Win32
		{B90948F7-8952-4883-8C74-03093916E20C}.Debug|Win32.ActiveCfg = Debug|Win32
		{B90948F7-8952-4883-8C74-03093916E20C}.Debug|Win32.Build.0 = Debug|Win32
		{B90948F7-8952-4883-8C74-03093916E20C}.Release|Win32.ActiveCfg = Release|Win32
		{B90948F7-8952-4883-8C74-03093916E20C}.Release|Win32.Build.0 = Release|Win32
		{106F1FD0-0524-48D3-BE82-AC9A6A5FDF37}.Debug|Win32.ActiveCfg = Debug|Win32
		{106F1FD0-0524-48D3-BE82-AC9A6A5FDF37}.Debug|Win32.Build.0 = Debug|Win32
		{106F1FD0-0524-48D3-BE82-AC9A6A5FDF37}.Release|Win32.ActiveCfg = Release|Win32
		{106F1FD0-0524-48D3-BE82-AC9A6A5FDF37}.Release|Win32.Build.0 = Release|Win32
		{0DDC82ED-121B-47EC-986B-F5BC8981705E}.Debug|Win32.ActiveCfg = Debug|Win32
		{0DDC82ED-121B-47EC-986B-F5BC8981705E}.Debug|Win32.Build.0 = Debug|Win32
		{0DDC82ED-121B-47EC-986B-F5BC8981705E}.Release|Win32.ActiveCfg = Release|Win32
		{0DDC82ED-121B-47EC-986B-F5BC8981705E}.Release|Win32.Build.0 = Release|Win32
		{0E33B916-C796-43F7-A151-7144AD59CBEF}.Debug|Win32.ActiveCfg = Debug|Win32
		{0E33B916-C796-43F7-A151-7144AD59CBEF}.Debug|Win32.Build.0 = Debug|Win32
		{0E33B916-C796-43F7-A151-7144AD59CBEF}.Debug|Win32.Deploy.0 = Debug|Win32
		{0E33B916-C796-43F7-A151-7144AD59CBEF}.Release|Win32.ActiveCfg = Release|Win32
		{0E33B916-C796-43F7-A151-7144AD59CBEF}.Release|Win32.Build.0 = Release|Win32
		{0E33B916-C796-43F7-A151-7144AD59CBEF}.Release|Win32.Deploy.0 = Release|Win32
		{59E9DEEE-0461-49EA-AE5B-CEA8CD627C3C}.Debug|Win32.ActiveCfg = Debug|Win32
		{59E9DEEE-0461-49EA-AE5B-CEA8CD627C3C}.Debug|Win32.Build.0 = Debug|Win32
		{59E9DEEE-0461-49EA-AE5B-CEA8CD627C3C}.Release|Win32.ActiveCfg = Release|Win32
		{59E9DEEE-0461-49EA-AE5B-CEA8CD627C3C}.Release|Win32.Build.0 = Release|Win32
		{905CE13A-AB95-442B-8901-786DA2A8AD57}.Debug|Win32.ActiveCfg = Debug|Win32
		{905CE13A-AB95-442B-8901-786DA2A8AD57}.Debug|Win32.Build.0 = Debug|Win32
		{905CE13A-AB95-442B-8901-786DA2A8AD57}.Debug|Win32.Deploy.0 = Debug|Win32
		{905CE13A-AB95-442B-8901-786DA2A8AD57}.Release|Win32.ActiveCfg = Release|Win32
		{905CE13A-AB95-442B-8901-786DA2A8AD57}.Release|Win32.Build.0 = Release|Win32
		{905CE13A-AB95-442B-8901-786DA2A8AD57}.Release|Win32.Deploy.0 = Release|Win32
		{A10F0613-F9BA-4A65-8FF5-0EC044BEAE2D}.Debug|Win32.ActiveCfg = Debug|Win32
		{A10F0613-F9BA-4A65-8FF5-0EC044BEAE2D}.Debug|Win32.Build.0 = Debug|Win32
		{A10F0613-F9BA-4A65-8FF5-0EC044BEAE2D}.Debug|Win32.Deploy.0 = Debug|Win32
		{A10F0613-F9BA-4A65-8FF5-0EC044BEAE2D}.Release|Win32.ActiveCfg = Release|Win32
		{A10F0613-F9BA-4A65-8FF5-0EC044BEAE2D}.Release|Win32.Build.0 = Release|Win32
		{A10F0613-F9BA-4A65-8FF5-0EC044BEAE2D}.Release|Win32.Deploy.0 = Release|Win32
		{99073386-224A-42FC-8F97-73BFAC86D285}.Debug|Win32.ActiveCfg = Debug|Win32
		{99073386-224A-42FC-8F97-73BFAC86D285}.Debug|Win32.Build.0 = Debug|Win32
		{99073386-224A-42FC-8F97-73BFAC86D285}.Release|Win32.ActiveCfg = Release|Win32
		{99073386-224A-42FC-8F97-73BFAC86D285}.Release|Win32.Build.0 = Release|Win32
		{4C52C36B-8175-4758-990E-2037CC09670C}.Debug|Win32.ActiveCfg = Debug|Win32
		{4C52C36B-8175-4758-990E-2037CC09670C}.Debug|Win32.Build.0 = Debug|Win32
		{4C52C36B-8175-4758-990E-2037CC09670C}.Debug|Win32.Deploy.0 = Debug|Win32
		{4C52C36B-8175-4758-990E-2037CC09670C}.Release|Win32.ActiveCfg = Release|Win32
		{4C52C36B-8175-4758-990E-2037CC09670C}.Release|Win32.Build.0 = Release|Win32
		{4C52C36B-8175-4758-990E-2037CC09670C}.Release|Win32.Deploy.0 = Release|Win32
		{FEC689BC-1763-429D-AC6F-1C9C5A91D17E}.Debug|Win32.ActiveCfg = Debug|Win32
		{FEC689BC-1763-429D-AC6F-1C9C5A91D17E}.Debug|Win32.Build.0 = Debug|Win32
		{FEC689BC-1763-429D-AC6F-1C9C5A91D17E}.Release|Win32.ActiveCfg = Release|Win32
		{FEC689BC-1763-429D-AC6F-1C9C5A91D17E}.Release|Win32.Build.0 = Release|Win32
	EndGlobalSection
	GlobalSection(NestedProjects) = preSolution
		{E4EE37D9-915E-4A60-9C2F-23B0FCD9D15C} = {D1CFC324-AF05-4415-856F-D63B18BE5D61}
		{B90948F7-8952-4883-8C74-03093916E20C} = {D1CFC324-AF05-4415-856F-D63B18BE5D61}
		{106F1FD0-0524-48D3-BE82-AC9A6A5FDF37} = {D1CFC324-AF05-4415-856F-D63B18BE5D61}
		{0DDC82ED-121B-47EC-986B-F5BC8981705E} = {D1CFC324-AF05-4415-856F-D63B18BE5D61}
		{FEC689BC-1763-429D-AC6F-1C9C5A91D17E} = {D1CFC324-AF05-4415-856F-D63B18BE5D61}
		{98287619-BF72-4CD2-953F-3D5877136586} = {B41A686E-812D-4C3E-81BE-311433D30586}
		{C13E6764-1A3A-49B5-B92D-C3A4EE6347CF} = {B41A686E-812D-4C3E-81BE-311433D30586}
		{F634A3F9-2433-4648-B75C-FCB1B3A00E1B} = {B41A686E-812D-4C3E-81BE-311433D30586}
		{0E33B916-C796-43F7-A151-7144AD59CBEF} = {4DC485CD-4322-4734-BCE4-4C50EE5B3625}
		{59E9DEEE-0461-49EA-AE5B-CEA8CD627C3C} = {4DC485CD-4322-4734-BCE4-4C50EE5B3625}
		{905CE13A-AB95-442B-8901-786DA2A8AD57} = {4DC485CD-4322-4734-BCE4-4C50EE5B3625}
		{A10F0613-F9BA-4A65-8FF5-0EC044BEAE2D} = {4DC485CD-4322-4734-BCE4-4C50EE5B3625}
		{99073386-224A-42FC-8F97-73BFAC86D285} = {4DC485CD-4322-4734-BCE4-4C50EE5B3625}
		{4C52C36B-8175-4758-990E-2037CC09670C} = {4DC485CD-4322-4734-BCE4-4C50EE5B3625}
	EndGlobalSection
	GlobalSection(ExtensibilityGlobals) = postSolution
	EndGlobalSection
	GlobalSection(ExtensibilityAddIns) = postSolution
	EndGlobalSection
EndGlobal
