<?xml version="1.0" encoding="UTF-8"?>
<Project ToolsVersion="14.0" xmlns="http://schemas.microsoft.com/developer/msbuild/2003">
  <ItemGroup>
    <ClCompile Include="..\..\..\..\..\..\modules\videostab\src\deblurring.cpp">
      <Filter>Src</Filter>
    </ClCompile>
    <ClCompile Include="..\..\..\..\..\..\modules\videostab\src\fast_marching.cpp">
      <Filter>Src</Filter>
    </ClCompile>
    <ClCompile Include="..\..\..\..\..\..\modules\videostab\src\frame_source.cpp">
      <Filter>Src</Filter>
    </ClCompile>
    <ClCompile Include="..\..\..\..\..\..\modules\videostab\src\global_motion.cpp">
      <Filter>Src</Filter>
    </ClCompile>
    <ClCompile Include="..\..\..\..\..\..\modules\videostab\src\inpainting.cpp">
      <Filter>Src</Filter>
    </ClCompile>
    <ClCompile Include="..\..\..\..\..\..\modules\videostab\src\log.cpp">
      <Filter>Src</Filter>
    </ClCompile>
    <ClCompile Include="..\..\..\..\..\..\modules\videostab\src\motion_stabilizing.cpp">
      <Filter>Src</Filter>
    </ClCompile>
    <ClCompile Include="..\..\..\..\..\..\modules\videostab\src\optical_flow.cpp">
      <Filter>Src</Filter>
    </ClCompile>
    <ClCompile Include="..\..\..\..\..\..\modules\videostab\src\outlier_rejection.cpp">
      <Filter>Src</Filter>
    </ClCompile>
    <ClCompile Include="..\..\..\..\..\..\modules\videostab\src\stabilizer.cpp">
      <Filter>Src</Filter>
    </ClCompile>
    <ClCompile Include="..\..\..\..\..\..\modules\videostab\src\wobble_suppression.cpp">
      <Filter>Src</Filter>
    </ClCompile>
    <ClCompile Include="opencv_videostab_pch.cpp">
      <Filter>Source Files</Filter>
    </ClCompile>
  </ItemGroup>
  <ItemGroup>
    <ClInclude Include="..\..\..\..\..\..\modules\videostab\include\opencv2\videostab.hpp">
      <Filter>Include\opencv2</Filter>
    </ClInclude>
    <ClInclude Include="..\..\..\..\..\..\modules\videostab\include\opencv2\videostab\deblurring.hpp">
      <Filter>Include\opencv2\videostab</Filter>
    </ClInclude>
    <ClInclude Include="..\..\..\..\..\..\modules\videostab\include\opencv2\videostab\fast_marching.hpp">
      <Filter>Include\opencv2\videostab</Filter>
    </ClInclude>
    <ClInclude Include="..\..\..\..\..\..\modules\videostab\include\opencv2\videostab\fast_marching_inl.hpp">
      <Filter>Include\opencv2\videostab</Filter>
    </ClInclude>
    <ClInclude Include="..\..\..\..\..\..\modules\videostab\include\opencv2\videostab\frame_source.hpp">
      <Filter>Include\opencv2\videostab</Filter>
    </ClInclude>
    <ClInclude Include="..\..\..\..\..\..\modules\videostab\include\opencv2\videostab\global_motion.hpp">
      <Filter>Include\opencv2\videostab</Filter>
    </ClInclude>
    <ClInclude Include="..\..\..\..\..\..\modules\videostab\include\opencv2\videostab\inpainting.hpp">
      <Filter>Include\opencv2\videostab</Filter>
    </ClInclude>
    <ClInclude Include="..\..\..\..\..\..\modules\videostab\include\opencv2\videostab\log.hpp">
      <Filter>Include\opencv2\videostab</Filter>
    </ClInclude>
    <ClInclude Include="..\..\..\..\..\..\modules\videostab\include\opencv2\videostab\motion_core.hpp">
      <Filter>Include\opencv2\videostab</Filter>
    </ClInclude>
    <ClInclude Include="..\..\..\..\..\..\modules\videostab\include\opencv2\videostab\motion_stabilizing.hpp">
      <Filter>Include\opencv2\videostab</Filter>
    </ClInclude>
    <ClInclude Include="..\..\..\..\..\..\modules\videostab\include\opencv2\videostab\optical_flow.hpp">
      <Filter>Include\opencv2\videostab</Filter>
    </ClInclude>
    <ClInclude Include="..\..\..\..\..\..\modules\videostab\include\opencv2\videostab\outlier_rejection.hpp">
      <Filter>Include\opencv2\videostab</Filter>
    </ClInclude>
    <ClInclude Include="..\..\..\..\..\..\modules\videostab\include\opencv2\videostab\ring_buffer.hpp">
      <Filter>Include\opencv2\videostab</Filter>
    </ClInclude>
    <ClInclude Include="..\..\..\..\..\..\modules\videostab\include\opencv2\videostab\stabilizer.hpp">
      <Filter>Include\opencv2\videostab</Filter>
    </ClInclude>
    <ClInclude Include="..\..\..\..\..\..\modules\videostab\include\opencv2\videostab\wobble_suppression.hpp">
      <Filter>Include\opencv2\videostab</Filter>
    </ClInclude>
    <ClInclude Include="..\..\..\..\..\..\modules\videostab\src\clp.hpp">
      <Filter>Src</Filter>
    </ClInclude>
    <ClInclude Include="..\..\..\..\..\..\modules\videostab\src\precomp.hpp">
      <Filter>Src</Filter>
    </ClInclude>
    <ClInclude Include="..\..\cvconfig.h">
      <Filter>Header Files</Filter>
    </ClInclude>
    <ClInclude Include="..\..\opencv2\opencv_modules.hpp">
      <Filter>Header Files</Filter>
    </ClInclude>
  </ItemGroup>
  <ItemGroup>
    <CustomBuild Include="..\..\..\..\..\..\modules\videostab\CMakeLists.txt" />
  </ItemGroup>
  <ItemGroup>
    <Filter Include="Source Files">
      <UniqueIdentifier>{A3D54263-A401-4A58-8766-0CA8180AEEF5}</UniqueIdentifier>
    </Filter>
    <Filter Include="Header Files">
      <UniqueIdentifier>{F40FB901-5BC5-4CEC-BF79-D0705AFA4BCF}</UniqueIdentifier>
    </Filter>
    <Filter Include="Src">
      <UniqueIdentifier>{F536E990-F861-4B27-A9D3-53FAB7A9A3AF}</UniqueIdentifier>
    </Filter>
    <Filter Include="Include">
      <UniqueIdentifier>{4D18A0F3-97E3-49EB-885C-F77940E31CC3}</UniqueIdentifier>
    </Filter>
    <Filter Include="Include\opencv2">
      <UniqueIdentifier>{172F957B-5B7C-46E5-BA31-E005AAB8EC4E}</UniqueIdentifier>
    </Filter>
    <Filter Include="Include\opencv2\videostab">
      <UniqueIdentifier>{2CEE5201-539B-4509-B5BF-338D5211A00A}</UniqueIdentifier>
    </Filter>
  </ItemGroup>
</Project>
