Microsoft Visual Studio Solution File, Format Version 12.00
# Visual Studio 14
Project("{8BC9CEB8-8B4A-11D0-8D11-00A0C91BC942}") = "ALL_BUILD", "ALL_BUILD.vcxproj", "{DD10BC36-6ECE-4AF1-9152-AF0118813FD3}"
	ProjectSection(ProjectDependencies) = postProject
		{EC0254CF-9800-46BD-A27C-FC26FE0668AF} = {EC0254CF-9800-46BD-A27C-FC26FE0668AF}
		{F86F6EF3-9788-46E0-A9A6-AE5D21DEB239} = {F86F6EF3-9788-46E0-A9A6-AE5D21DEB239}
		{AD9CCEAA-847A-4AE6-A66D-A002EDEFED0D} = {AD9CCEAA-847A-4AE6-A66D-A002EDEFED0D}
		{BD4D854B-37E5-4461-84A0-BE79FB6766C6} = {BD4D854B-37E5-4461-84A0-BE79FB6766C6}
		{28D45F29-78F4-49D6-B5D5-1960378BDDE9} = {28D45F29-78F4-49D6-B5D5-1960378BDDE9}
		{AA4FC2C2-E28D-4939-9E5C-217AFCC937F7} = {AA4FC2C2-E28D-4939-9E5C-217AFCC937F7}
		{9B0A2ABC-5736-47B3-8F81-859A92B45A06} = {9B0A2ABC-5736-47B3-8F81-859A92B45A06}
		{423059FE-A2E3-4BB8-92F1-072BFA235F4D} = {423059FE-A2E3-4BB8-92F1-072BFA235F4D}
		{A106254C-DD5F-4957-BA16-6E2D49BB4683} = {A106254C-DD5F-4957-BA16-6E2D49BB4683}
		{4E4A61E1-711C-4AAB-8F8B-A87C4FEC46A1} = {4E4A61E1-711C-4AAB-8F8B-A87C4FEC46A1}
		{C318CDD0-E474-4BAC-A7A9-A75A2670C057} = {C318CDD0-E474-4BAC-A7A9-A75A2670C057}
		{5A692C0E-5638-45DA-B8F7-5C88CC165F78} = {5A692C0E-5638-45DA-B8F7-5C88CC165F78}
		{09A13D87-118C-4351-9042-8AFC50D285EE} = {09A13D87-118C-4351-9042-8AFC50D285EE}
		{76FAF11F-25CE-49FB-B859-3A64184D1043} = {76FAF11F-25CE-49FB-B859-3A64184D1043}
		{3EF68261-C41D-453E-B58B-195E999D7203} = {3EF68261-C41D-453E-B58B-195E999D7203}
		{7CA54DBE-A91A-47EC-85AD-AB6771F417C8} = {7CA54DBE-A91A-47EC-85AD-AB6771F417C8}
		{79CD3F3D-8FAA-44D6-8294-FE2B293BE66C} = {79CD3F3D-8FAA-44D6-8294-FE2B293BE66C}
		{517B7B47-4331-4FB2-9FC3-1E8DBC6249E0} = {517B7B47-4331-4FB2-9FC3-1E8DBC6249E0}
		{5B607162-BBD5-445B-A901-19F4A36418BB} = {5B607162-BBD5-445B-A901-19F4A36418BB}
		{13AEC4A4-1DF7-4B77-BB73-8562C8ACAB8C} = {13AEC4A4-1DF7-4B77-BB73-8562C8ACAB8C}
		{2C96582B-DD7B-412F-869E-E9A5B9DDDCA4} = {2C96582B-DD7B-412F-869E-E9A5B9DDDCA4}
		{F3A30364-FC3B-498C-BE5F-175866427BF8} = {F3A30364-FC3B-498C-BE5F-175866427BF8}
		{6BD8EA89-FD50-42BA-915B-C07836D6109B} = {6BD8EA89-FD50-42BA-915B-C07836D6109B}
		{92BB0993-71EB-4B38-B987-52E5FD6D478F} = {92BB0993-71EB-4B38-B987-52E5FD6D478F}
		{0CF9E094-E88D-40D8-9BBF-DAB26E6208EB} = {0CF9E094-E88D-40D8-9BBF-DAB26E6208EB}
		{B737F4A7-CA84-42E8-8124-CBE03F2E142C} = {B737F4A7-CA84-42E8-8124-CBE03F2E142C}
		{3630530F-C2F1-4F2D-B3BF-5A8EE8EAE5D8} = {3630530F-C2F1-4F2D-B3BF-5A8EE8EAE5D8}
		{92D01CE7-CE8B-4671-BC9F-C3F65A8CDFB4} = {92D01CE7-CE8B-4671-BC9F-C3F65A8CDFB4}
		{D6C27B69-1717-403E-9DB2-0C0B29537228} = {D6C27B69-1717-403E-9DB2-0C0B29537228}
		{2C9B4122-307B-4793-A604-CEA69E23B880} = {2C9B4122-307B-4793-A604-CEA69E23B880}
		{7799D75D-60EC-4444-BE74-9D21B7C950FA} = {7799D75D-60EC-4444-BE74-9D21B7C950FA}
		{9E6BED05-83BB-4475-9BA4-7787DF05D5A2} = {9E6BED05-83BB-4475-9BA4-7787DF05D5A2}
		{93DF077D-2F18-4A5B-BF01-F0C66DE0AEBA} = {93DF077D-2F18-4A5B-BF01-F0C66DE0AEBA}
		{75CB4202-72D4-4545-8C4D-63646A1F640E} = {75CB4202-72D4-4545-8C4D-63646A1F640E}
		{A3985890-62FC-4608-83AA-08030E2EBFDA} = {A3985890-62FC-4608-83AA-08030E2EBFDA}
		{BA2C75AC-9950-41F8-8EFE-7C946D440F18} = {BA2C75AC-9950-41F8-8EFE-7C946D440F18}
		{27CE0DB3-3A0E-4A9C-9872-F78407CEC61B} = {27CE0DB3-3A0E-4A9C-9872-F78407CEC61B}
		{53C18153-BDF4-4089-B5F9-A57BE7533C71} = {53C18153-BDF4-4089-B5F9-A57BE7533C71}
		{A349A20F-A6E8-4B92-B044-B41AF118A67B} = {A349A20F-A6E8-4B92-B044-B41AF118A67B}
		{56526F3E-EA72-48CB-B289-5F3B2FE56860} = {56526F3E-EA72-48CB-B289-5F3B2FE56860}
		{B9B6D436-3625-4A9C-A530-48DB010085A1} = {B9B6D436-3625-4A9C-A530-48DB010085A1}
		{1BD7215E-5FB2-4CEF-9773-AE8BE33AC4DA} = {1BD7215E-5FB2-4CEF-9773-AE8BE33AC4DA}
		{BC109EE6-784E-44CA-B410-856D310D76F0} = {BC109EE6-784E-44CA-B410-856D310D76F0}
		{CD4F1E30-1E40-4FDA-9019-B14CF73BC5C1} = {CD4F1E30-1E40-4FDA-9019-B14CF73BC5C1}
		{F8BD0676-CB1B-43A9-8B67-92D02EF4FFBE} = {F8BD0676-CB1B-43A9-8B67-92D02EF4FFBE}
	EndProjectSection
EndProject
Project("{8BC9CEB8-8B4A-11D0-8D11-00A0C91BC942}") = "INSTALL", "INSTALL.vcxproj", "{7EFF82C7-5BD3-44FF-8064-5ACD149D038E}"
	ProjectSection(ProjectDependencies) = postProject
		{DD10BC36-6ECE-4AF1-9152-AF0118813FD3} = {DD10BC36-6ECE-4AF1-9152-AF0118813FD3}
	EndProjectSection
EndProject
Project("{8BC9CEB8-8B4A-11D0-8D11-00A0C91BC942}") = "PACKAGE", "PACKAGE.vcxproj", "{2549E282-F400-4A9D-9FF4-786FE7899E55}"
	ProjectSection(ProjectDependencies) = postProject
		{DD10BC36-6ECE-4AF1-9152-AF0118813FD3} = {DD10BC36-6ECE-4AF1-9152-AF0118813FD3}
	EndProjectSection
EndProject
Project("{8BC9CEB8-8B4A-11D0-8D11-00A0C91BC942}") = "ZERO_CHECK", "ZERO_CHECK.vcxproj", "{EC0254CF-9800-46BD-A27C-FC26FE0668AF}"
	ProjectSection(ProjectDependencies) = postProject
	EndProjectSection
EndProject
Project("{8BC9CEB8-8B4A-11D0-8D11-00A0C91BC942}") = "libjasper", "3rdparty\libjasper\libjasper.vcxproj", "{F86F6EF3-9788-46E0-A9A6-AE5D21DEB239}"
	ProjectSection(ProjectDependencies) = postProject
		{EC0254CF-9800-46BD-A27C-FC26FE0668AF} = {EC0254CF-9800-46BD-A27C-FC26FE0668AF}
	EndProjectSection
EndProject
Project("{8BC9CEB8-8B4A-11D0-8D11-00A0C91BC942}") = "libjpeg", "3rdparty\libjpeg\libjpeg.vcxproj", "{AD9CCEAA-847A-4AE6-A66D-A002EDEFED0D}"
	ProjectSection(ProjectDependencies) = postProject
		{EC0254CF-9800-46BD-A27C-FC26FE0668AF} = {EC0254CF-9800-46BD-A27C-FC26FE0668AF}
	EndProjectSection
EndProject
Project("{8BC9CEB8-8B4A-11D0-8D11-00A0C91BC942}") = "libpng", "3rdparty\libpng\libpng.vcxproj", "{BD4D854B-37E5-4461-84A0-BE79FB6766C6}"
	ProjectSection(ProjectDependencies) = postProject
		{EC0254CF-9800-46BD-A27C-FC26FE0668AF} = {EC0254CF-9800-46BD-A27C-FC26FE0668AF}
		{F8BD0676-CB1B-43A9-8B67-92D02EF4FFBE} = {F8BD0676-CB1B-43A9-8B67-92D02EF4FFBE}
	EndProjectSection
EndProject
Project("{8BC9CEB8-8B4A-11D0-8D11-00A0C91BC942}") = "libtiff", "3rdparty\libtiff\libtiff.vcxproj", "{28D45F29-78F4-49D6-B5D5-1960378BDDE9}"
	ProjectSection(ProjectDependencies) = postProject
		{EC0254CF-9800-46BD-A27C-FC26FE0668AF} = {EC0254CF-9800-46BD-A27C-FC26FE0668AF}
		{F8BD0676-CB1B-43A9-8B67-92D02EF4FFBE} = {F8BD0676-CB1B-43A9-8B67-92D02EF4FFBE}
	EndProjectSection
EndProject
Project("{8BC9CEB8-8B4A-11D0-8D11-00A0C91BC942}") = "opencv_calib3d", "modules\calib3d\opencv_calib3d.vcxproj", "{AA4FC2C2-E28D-4939-9E5C-217AFCC937F7}"
	ProjectSection(ProjectDependencies) = postProject
		{EC0254CF-9800-46BD-A27C-FC26FE0668AF} = {EC0254CF-9800-46BD-A27C-FC26FE0668AF}
		{9B0A2ABC-5736-47B3-8F81-859A92B45A06} = {9B0A2ABC-5736-47B3-8F81-859A92B45A06}
		{423059FE-A2E3-4BB8-92F1-072BFA235F4D} = {423059FE-A2E3-4BB8-92F1-072BFA235F4D}
		{A106254C-DD5F-4957-BA16-6E2D49BB4683} = {A106254C-DD5F-4957-BA16-6E2D49BB4683}
		{4E4A61E1-711C-4AAB-8F8B-A87C4FEC46A1} = {4E4A61E1-711C-4AAB-8F8B-A87C4FEC46A1}
		{5A692C0E-5638-45DA-B8F7-5C88CC165F78} = {5A692C0E-5638-45DA-B8F7-5C88CC165F78}
		{09A13D87-118C-4351-9042-8AFC50D285EE} = {09A13D87-118C-4351-9042-8AFC50D285EE}
	EndProjectSection
EndProject
Project("{8BC9CEB8-8B4A-11D0-8D11-00A0C91BC942}") = "opencv_calib3d_object", "modules\calib3d\opencv_calib3d_object.vcxproj", "{1E29C807-5F7E-4B4D-AF26-3C1E607BE919}"
	ProjectSection(ProjectDependencies) = postProject
		{EC0254CF-9800-46BD-A27C-FC26FE0668AF} = {EC0254CF-9800-46BD-A27C-FC26FE0668AF}
	EndProjectSection
EndProject
Project("{8BC9CEB8-8B4A-11D0-8D11-00A0C91BC942}") = "opencv_core", "modules\core\opencv_core.vcxproj", "{9B0A2ABC-5736-47B3-8F81-859A92B45A06}"
	ProjectSection(ProjectDependencies) = postProject
		{EC0254CF-9800-46BD-A27C-FC26FE0668AF} = {EC0254CF-9800-46BD-A27C-FC26FE0668AF}
		{4E4A61E1-711C-4AAB-8F8B-A87C4FEC46A1} = {4E4A61E1-711C-4AAB-8F8B-A87C4FEC46A1}
		{F8BD0676-CB1B-43A9-8B67-92D02EF4FFBE} = {F8BD0676-CB1B-43A9-8B67-92D02EF4FFBE}
	EndProjectSection
EndProject
Project("{8BC9CEB8-8B4A-11D0-8D11-00A0C91BC942}") = "opencv_core_object", "modules\core\opencv_core_object.vcxproj", "{717DACFA-9AB5-4947-AACC-EA8A968837D2}"
	ProjectSection(ProjectDependencies) = postProject
		{EC0254CF-9800-46BD-A27C-FC26FE0668AF} = {EC0254CF-9800-46BD-A27C-FC26FE0668AF}
	EndProjectSection
EndProject
Project("{8BC9CEB8-8B4A-11D0-8D11-00A0C91BC942}") = "opencv_features2d", "modules\features2d\opencv_features2d.vcxproj", "{423059FE-A2E3-4BB8-92F1-072BFA235F4D}"
	ProjectSection(ProjectDependencies) = postProject
		{EC0254CF-9800-46BD-A27C-FC26FE0668AF} = {EC0254CF-9800-46BD-A27C-FC26FE0668AF}
		{9B0A2ABC-5736-47B3-8F81-859A92B45A06} = {9B0A2ABC-5736-47B3-8F81-859A92B45A06}
		{A106254C-DD5F-4957-BA16-6E2D49BB4683} = {A106254C-DD5F-4957-BA16-6E2D49BB4683}
		{4E4A61E1-711C-4AAB-8F8B-A87C4FEC46A1} = {4E4A61E1-711C-4AAB-8F8B-A87C4FEC46A1}
		{5A692C0E-5638-45DA-B8F7-5C88CC165F78} = {5A692C0E-5638-45DA-B8F7-5C88CC165F78}
		{09A13D87-118C-4351-9042-8AFC50D285EE} = {09A13D87-118C-4351-9042-8AFC50D285EE}
	EndProjectSection
EndProject
Project("{8BC9CEB8-8B4A-11D0-8D11-00A0C91BC942}") = "opencv_features2d_object", "modules\features2d\opencv_features2d_object.vcxproj", "{12899AB6-4E14-4251-9B09-865C6005203B}"
	ProjectSection(ProjectDependencies) = postProject
		{EC0254CF-9800-46BD-A27C-FC26FE0668AF} = {EC0254CF-9800-46BD-A27C-FC26FE0668AF}
	EndProjectSection
EndProject
Project("{8BC9CEB8-8B4A-11D0-8D11-00A0C91BC942}") = "opencv_flann", "modules\flann\opencv_flann.vcxproj", "{A106254C-DD5F-4957-BA16-6E2D49BB4683}"
	ProjectSection(ProjectDependencies) = postProject
		{EC0254CF-9800-46BD-A27C-FC26FE0668AF} = {EC0254CF-9800-46BD-A27C-FC26FE0668AF}
		{9B0A2ABC-5736-47B3-8F81-859A92B45A06} = {9B0A2ABC-5736-47B3-8F81-859A92B45A06}
		{4E4A61E1-711C-4AAB-8F8B-A87C4FEC46A1} = {4E4A61E1-711C-4AAB-8F8B-A87C4FEC46A1}
	EndProjectSection
EndProject
Project("{8BC9CEB8-8B4A-11D0-8D11-00A0C91BC942}") = "opencv_flann_object", "modules\flann\opencv_flann_object.vcxproj", "{1604124F-8932-478F-BFD4-C6EB6F768CCE}"
	ProjectSection(ProjectDependencies) = postProject
		{EC0254CF-9800-46BD-A27C-FC26FE0668AF} = {EC0254CF-9800-46BD-A27C-FC26FE0668AF}
	EndProjectSection
EndProject
Project("{8BC9CEB8-8B4A-11D0-8D11-00A0C91BC942}") = "opencv_hal", "modules\hal\opencv_hal.vcxproj", "{4E4A61E1-711C-4AAB-8F8B-A87C4FEC46A1}"
	ProjectSection(ProjectDependencies) = postProject
		{EC0254CF-9800-46BD-A27C-FC26FE0668AF} = {EC0254CF-9800-46BD-A27C-FC26FE0668AF}
	EndProjectSection
EndProject
Project("{8BC9CEB8-8B4A-11D0-8D11-00A0C91BC942}") = "opencv_hal_object", "modules\hal\opencv_hal_object.vcxproj", "{C24FCDA4-450B-4BAE-BD53-89B5633C2906}"
	ProjectSection(ProjectDependencies) = postProject
		{EC0254CF-9800-46BD-A27C-FC26FE0668AF} = {EC0254CF-9800-46BD-A27C-FC26FE0668AF}
	EndProjectSection
EndProject
Project("{8BC9CEB8-8B4A-11D0-8D11-00A0C91BC942}") = "opencv_imgcodecs", "modules\imgcodecs\opencv_imgcodecs.vcxproj", "{C318CDD0-E474-4BAC-A7A9-A75A2670C057}"
	ProjectSection(ProjectDependencies) = postProject
		{EC0254CF-9800-46BD-A27C-FC26FE0668AF} = {EC0254CF-9800-46BD-A27C-FC26FE0668AF}
		{F86F6EF3-9788-46E0-A9A6-AE5D21DEB239} = {F86F6EF3-9788-46E0-A9A6-AE5D21DEB239}
		{AD9CCEAA-847A-4AE6-A66D-A002EDEFED0D} = {AD9CCEAA-847A-4AE6-A66D-A002EDEFED0D}
		{BD4D854B-37E5-4461-84A0-BE79FB6766C6} = {BD4D854B-37E5-4461-84A0-BE79FB6766C6}
		{28D45F29-78F4-49D6-B5D5-1960378BDDE9} = {28D45F29-78F4-49D6-B5D5-1960378BDDE9}
		{9B0A2ABC-5736-47B3-8F81-859A92B45A06} = {9B0A2ABC-5736-47B3-8F81-859A92B45A06}
		{4E4A61E1-711C-4AAB-8F8B-A87C4FEC46A1} = {4E4A61E1-711C-4AAB-8F8B-A87C4FEC46A1}
		{5A692C0E-5638-45DA-B8F7-5C88CC165F78} = {5A692C0E-5638-45DA-B8F7-5C88CC165F78}
		{F8BD0676-CB1B-43A9-8B67-92D02EF4FFBE} = {F8BD0676-CB1B-43A9-8B67-92D02EF4FFBE}
	EndProjectSection
EndProject
Project("{8BC9CEB8-8B4A-11D0-8D11-00A0C91BC942}") = "opencv_imgcodecs_object", "modules\imgcodecs\opencv_imgcodecs_object.vcxproj", "{6256EFF8-7642-4A98-A270-50160D60544B}"
	ProjectSection(ProjectDependencies) = postProject
		{EC0254CF-9800-46BD-A27C-FC26FE0668AF} = {EC0254CF-9800-46BD-A27C-FC26FE0668AF}
	EndProjectSection
EndProject
Project("{8BC9CEB8-8B4A-11D0-8D11-00A0C91BC942}") = "opencv_imgproc", "modules\imgproc\opencv_imgproc.vcxproj", "{5A692C0E-5638-45DA-B8F7-5C88CC165F78}"
	ProjectSection(ProjectDependencies) = postProject
		{EC0254CF-9800-46BD-A27C-FC26FE0668AF} = {EC0254CF-9800-46BD-A27C-FC26FE0668AF}
		{9B0A2ABC-5736-47B3-8F81-859A92B45A06} = {9B0A2ABC-5736-47B3-8F81-859A92B45A06}
		{4E4A61E1-711C-4AAB-8F8B-A87C4FEC46A1} = {4E4A61E1-711C-4AAB-8F8B-A87C4FEC46A1}
	EndProjectSection
EndProject
Project("{8BC9CEB8-8B4A-11D0-8D11-00A0C91BC942}") = "opencv_imgproc_object", "modules\imgproc\opencv_imgproc_object.vcxproj", "{D8AB6834-142A-48C9-8500-A14C6735386D}"
	ProjectSection(ProjectDependencies) = postProject
		{EC0254CF-9800-46BD-A27C-FC26FE0668AF} = {EC0254CF-9800-46BD-A27C-FC26FE0668AF}
	EndProjectSection
EndProject
Project("{8BC9CEB8-8B4A-11D0-8D11-00A0C91BC942}") = "opencv_ml", "modules\ml\opencv_ml.vcxproj", "{09A13D87-118C-4351-9042-8AFC50D285EE}"
	ProjectSection(ProjectDependencies) = postProject
		{EC0254CF-9800-46BD-A27C-FC26FE0668AF} = {EC0254CF-9800-46BD-A27C-FC26FE0668AF}
		{9B0A2ABC-5736-47B3-8F81-859A92B45A06} = {9B0A2ABC-5736-47B3-8F81-859A92B45A06}
		{4E4A61E1-711C-4AAB-8F8B-A87C4FEC46A1} = {4E4A61E1-711C-4AAB-8F8B-A87C4FEC46A1}
	EndProjectSection
EndProject
Project("{8BC9CEB8-8B4A-11D0-8D11-00A0C91BC942}") = "opencv_ml_object", "modules\ml\opencv_ml_object.vcxproj", "{4C0DBF26-7FEB-46AC-8967-EC6D88094448}"
	ProjectSection(ProjectDependencies) = postProject
		{EC0254CF-9800-46BD-A27C-FC26FE0668AF} = {EC0254CF-9800-46BD-A27C-FC26FE0668AF}
	EndProjectSection
EndProject
Project("{8BC9CEB8-8B4A-11D0-8D11-00A0C91BC942}") = "opencv_modules", "opencv_modules.vcxproj", "{CE17CB8C-DE46-4BCD-9C1A-8BB7A9AAF9C3}"
	ProjectSection(ProjectDependencies) = postProject
		{EC0254CF-9800-46BD-A27C-FC26FE0668AF} = {EC0254CF-9800-46BD-A27C-FC26FE0668AF}
		{AA4FC2C2-E28D-4939-9E5C-217AFCC937F7} = {AA4FC2C2-E28D-4939-9E5C-217AFCC937F7}
		{9B0A2ABC-5736-47B3-8F81-859A92B45A06} = {9B0A2ABC-5736-47B3-8F81-859A92B45A06}
		{423059FE-A2E3-4BB8-92F1-072BFA235F4D} = {423059FE-A2E3-4BB8-92F1-072BFA235F4D}
		{A106254C-DD5F-4957-BA16-6E2D49BB4683} = {A106254C-DD5F-4957-BA16-6E2D49BB4683}
		{4E4A61E1-711C-4AAB-8F8B-A87C4FEC46A1} = {4E4A61E1-711C-4AAB-8F8B-A87C4FEC46A1}
		{C318CDD0-E474-4BAC-A7A9-A75A2670C057} = {C318CDD0-E474-4BAC-A7A9-A75A2670C057}
		{5A692C0E-5638-45DA-B8F7-5C88CC165F78} = {5A692C0E-5638-45DA-B8F7-5C88CC165F78}
		{09A13D87-118C-4351-9042-8AFC50D285EE} = {09A13D87-118C-4351-9042-8AFC50D285EE}
		{76FAF11F-25CE-49FB-B859-3A64184D1043} = {76FAF11F-25CE-49FB-B859-3A64184D1043}
		{0CF9E094-E88D-40D8-9BBF-DAB26E6208EB} = {0CF9E094-E88D-40D8-9BBF-DAB26E6208EB}
		{B737F4A7-CA84-42E8-8124-CBE03F2E142C} = {B737F4A7-CA84-42E8-8124-CBE03F2E142C}
		{3630530F-C2F1-4F2D-B3BF-5A8EE8EAE5D8} = {3630530F-C2F1-4F2D-B3BF-5A8EE8EAE5D8}
		{B9B6D436-3625-4A9C-A530-48DB010085A1} = {B9B6D436-3625-4A9C-A530-48DB010085A1}
		{1BD7215E-5FB2-4CEF-9773-AE8BE33AC4DA} = {1BD7215E-5FB2-4CEF-9773-AE8BE33AC4DA}
		{BC109EE6-784E-44CA-B410-856D310D76F0} = {BC109EE6-784E-44CA-B410-856D310D76F0}
		{CD4F1E30-1E40-4FDA-9019-B14CF73BC5C1} = {CD4F1E30-1E40-4FDA-9019-B14CF73BC5C1}
	EndProjectSection
EndProject
Project("{8BC9CEB8-8B4A-11D0-8D11-00A0C91BC942}") = "opencv_objdetect", "modules\objdetect\opencv_objdetect.vcxproj", "{76FAF11F-25CE-49FB-B859-3A64184D1043}"
	ProjectSection(ProjectDependencies) = postProject
		{EC0254CF-9800-46BD-A27C-FC26FE0668AF} = {EC0254CF-9800-46BD-A27C-FC26FE0668AF}
		{9B0A2ABC-5736-47B3-8F81-859A92B45A06} = {9B0A2ABC-5736-47B3-8F81-859A92B45A06}
		{4E4A61E1-711C-4AAB-8F8B-A87C4FEC46A1} = {4E4A61E1-711C-4AAB-8F8B-A87C4FEC46A1}
		{5A692C0E-5638-45DA-B8F7-5C88CC165F78} = {5A692C0E-5638-45DA-B8F7-5C88CC165F78}
		{09A13D87-118C-4351-9042-8AFC50D285EE} = {09A13D87-118C-4351-9042-8AFC50D285EE}
	EndProjectSection
EndProject
Project("{8BC9CEB8-8B4A-11D0-8D11-00A0C91BC942}") = "opencv_objdetect_object", "modules\objdetect\opencv_objdetect_object.vcxproj", "{073501F7-2DB6-46C1-B49A-264A70E5DEE6}"
	ProjectSection(ProjectDependencies) = postProject
		{EC0254CF-9800-46BD-A27C-FC26FE0668AF} = {EC0254CF-9800-46BD-A27C-FC26FE0668AF}
	EndProjectSection
EndProject
Project("{8BC9CEB8-8B4A-11D0-8D11-00A0C91BC942}") = "opencv_perf_calib3d", "modules\calib3d\opencv_perf_calib3d.vcxproj", "{3EF68261-C41D-453E-B58B-195E999D7203}"
	ProjectSection(ProjectDependencies) = postProject
		{EC0254CF-9800-46BD-A27C-FC26FE0668AF} = {EC0254CF-9800-46BD-A27C-FC26FE0668AF}
		{AA4FC2C2-E28D-4939-9E5C-217AFCC937F7} = {AA4FC2C2-E28D-4939-9E5C-217AFCC937F7}
		{9B0A2ABC-5736-47B3-8F81-859A92B45A06} = {9B0A2ABC-5736-47B3-8F81-859A92B45A06}
		{423059FE-A2E3-4BB8-92F1-072BFA235F4D} = {423059FE-A2E3-4BB8-92F1-072BFA235F4D}
		{A106254C-DD5F-4957-BA16-6E2D49BB4683} = {A106254C-DD5F-4957-BA16-6E2D49BB4683}
		{4E4A61E1-711C-4AAB-8F8B-A87C4FEC46A1} = {4E4A61E1-711C-4AAB-8F8B-A87C4FEC46A1}
		{C318CDD0-E474-4BAC-A7A9-A75A2670C057} = {C318CDD0-E474-4BAC-A7A9-A75A2670C057}
		{5A692C0E-5638-45DA-B8F7-5C88CC165F78} = {5A692C0E-5638-45DA-B8F7-5C88CC165F78}
		{09A13D87-118C-4351-9042-8AFC50D285EE} = {09A13D87-118C-4351-9042-8AFC50D285EE}
		{B9B6D436-3625-4A9C-A530-48DB010085A1} = {B9B6D436-3625-4A9C-A530-48DB010085A1}
		{BC109EE6-784E-44CA-B410-856D310D76F0} = {BC109EE6-784E-44CA-B410-856D310D76F0}
	EndProjectSection
EndProject
Project("{8BC9CEB8-8B4A-11D0-8D11-00A0C91BC942}") = "opencv_perf_core", "modules\core\opencv_perf_core.vcxproj", "{7CA54DBE-A91A-47EC-85AD-AB6771F417C8}"
	ProjectSection(ProjectDependencies) = postProject
		{EC0254CF-9800-46BD-A27C-FC26FE0668AF} = {EC0254CF-9800-46BD-A27C-FC26FE0668AF}
		{9B0A2ABC-5736-47B3-8F81-859A92B45A06} = {9B0A2ABC-5736-47B3-8F81-859A92B45A06}
		{4E4A61E1-711C-4AAB-8F8B-A87C4FEC46A1} = {4E4A61E1-711C-4AAB-8F8B-A87C4FEC46A1}
		{C318CDD0-E474-4BAC-A7A9-A75A2670C057} = {C318CDD0-E474-4BAC-A7A9-A75A2670C057}
		{5A692C0E-5638-45DA-B8F7-5C88CC165F78} = {5A692C0E-5638-45DA-B8F7-5C88CC165F78}
		{B9B6D436-3625-4A9C-A530-48DB010085A1} = {B9B6D436-3625-4A9C-A530-48DB010085A1}
		{BC109EE6-784E-44CA-B410-856D310D76F0} = {BC109EE6-784E-44CA-B410-856D310D76F0}
	EndProjectSection
EndProject
Project("{8BC9CEB8-8B4A-11D0-8D11-00A0C91BC942}") = "opencv_perf_features2d", "modules\features2d\opencv_perf_features2d.vcxproj", "{79CD3F3D-8FAA-44D6-8294-FE2B293BE66C}"
	ProjectSection(ProjectDependencies) = postProject
		{EC0254CF-9800-46BD-A27C-FC26FE0668AF} = {EC0254CF-9800-46BD-A27C-FC26FE0668AF}
		{9B0A2ABC-5736-47B3-8F81-859A92B45A06} = {9B0A2ABC-5736-47B3-8F81-859A92B45A06}
		{423059FE-A2E3-4BB8-92F1-072BFA235F4D} = {423059FE-A2E3-4BB8-92F1-072BFA235F4D}
		{A106254C-DD5F-4957-BA16-6E2D49BB4683} = {A106254C-DD5F-4957-BA16-6E2D49BB4683}
		{4E4A61E1-711C-4AAB-8F8B-A87C4FEC46A1} = {4E4A61E1-711C-4AAB-8F8B-A87C4FEC46A1}
		{C318CDD0-E474-4BAC-A7A9-A75A2670C057} = {C318CDD0-E474-4BAC-A7A9-A75A2670C057}
		{5A692C0E-5638-45DA-B8F7-5C88CC165F78} = {5A692C0E-5638-45DA-B8F7-5C88CC165F78}
		{09A13D87-118C-4351-9042-8AFC50D285EE} = {09A13D87-118C-4351-9042-8AFC50D285EE}
		{B9B6D436-3625-4A9C-A530-48DB010085A1} = {B9B6D436-3625-4A9C-A530-48DB010085A1}
		{BC109EE6-784E-44CA-B410-856D310D76F0} = {BC109EE6-784E-44CA-B410-856D310D76F0}
	EndProjectSection
EndProject
Project("{8BC9CEB8-8B4A-11D0-8D11-00A0C91BC942}") = "opencv_perf_imgcodecs", "modules\imgcodecs\opencv_perf_imgcodecs.vcxproj", "{517B7B47-4331-4FB2-9FC3-1E8DBC6249E0}"
	ProjectSection(ProjectDependencies) = postProject
		{EC0254CF-9800-46BD-A27C-FC26FE0668AF} = {EC0254CF-9800-46BD-A27C-FC26FE0668AF}
		{9B0A2ABC-5736-47B3-8F81-859A92B45A06} = {9B0A2ABC-5736-47B3-8F81-859A92B45A06}
		{4E4A61E1-711C-4AAB-8F8B-A87C4FEC46A1} = {4E4A61E1-711C-4AAB-8F8B-A87C4FEC46A1}
		{C318CDD0-E474-4BAC-A7A9-A75A2670C057} = {C318CDD0-E474-4BAC-A7A9-A75A2670C057}
		{5A692C0E-5638-45DA-B8F7-5C88CC165F78} = {5A692C0E-5638-45DA-B8F7-5C88CC165F78}
		{B9B6D436-3625-4A9C-A530-48DB010085A1} = {B9B6D436-3625-4A9C-A530-48DB010085A1}
		{BC109EE6-784E-44CA-B410-856D310D76F0} = {BC109EE6-784E-44CA-B410-856D310D76F0}
	EndProjectSection
EndProject
Project("{8BC9CEB8-8B4A-11D0-8D11-00A0C91BC942}") = "opencv_perf_imgproc", "modules\imgproc\opencv_perf_imgproc.vcxproj", "{5B607162-BBD5-445B-A901-19F4A36418BB}"
	ProjectSection(ProjectDependencies) = postProject
		{EC0254CF-9800-46BD-A27C-FC26FE0668AF} = {EC0254CF-9800-46BD-A27C-FC26FE0668AF}
		{9B0A2ABC-5736-47B3-8F81-859A92B45A06} = {9B0A2ABC-5736-47B3-8F81-859A92B45A06}
		{4E4A61E1-711C-4AAB-8F8B-A87C4FEC46A1} = {4E4A61E1-711C-4AAB-8F8B-A87C4FEC46A1}
		{C318CDD0-E474-4BAC-A7A9-A75A2670C057} = {C318CDD0-E474-4BAC-A7A9-A75A2670C057}
		{5A692C0E-5638-45DA-B8F7-5C88CC165F78} = {5A692C0E-5638-45DA-B8F7-5C88CC165F78}
		{B9B6D436-3625-4A9C-A530-48DB010085A1} = {B9B6D436-3625-4A9C-A530-48DB010085A1}
		{BC109EE6-784E-44CA-B410-856D310D76F0} = {BC109EE6-784E-44CA-B410-856D310D76F0}
	EndProjectSection
EndProject
Project("{8BC9CEB8-8B4A-11D0-8D11-00A0C91BC942}") = "opencv_perf_objdetect", "modules\objdetect\opencv_perf_objdetect.vcxproj", "{13AEC4A4-1DF7-4B77-BB73-8562C8ACAB8C}"
	ProjectSection(ProjectDependencies) = postProject
		{EC0254CF-9800-46BD-A27C-FC26FE0668AF} = {EC0254CF-9800-46BD-A27C-FC26FE0668AF}
		{9B0A2ABC-5736-47B3-8F81-859A92B45A06} = {9B0A2ABC-5736-47B3-8F81-859A92B45A06}
		{4E4A61E1-711C-4AAB-8F8B-A87C4FEC46A1} = {4E4A61E1-711C-4AAB-8F8B-A87C4FEC46A1}
		{C318CDD0-E474-4BAC-A7A9-A75A2670C057} = {C318CDD0-E474-4BAC-A7A9-A75A2670C057}
		{5A692C0E-5638-45DA-B8F7-5C88CC165F78} = {5A692C0E-5638-45DA-B8F7-5C88CC165F78}
		{09A13D87-118C-4351-9042-8AFC50D285EE} = {09A13D87-118C-4351-9042-8AFC50D285EE}
		{76FAF11F-25CE-49FB-B859-3A64184D1043} = {76FAF11F-25CE-49FB-B859-3A64184D1043}
		{B9B6D436-3625-4A9C-A530-48DB010085A1} = {B9B6D436-3625-4A9C-A530-48DB010085A1}
		{BC109EE6-784E-44CA-B410-856D310D76F0} = {BC109EE6-784E-44CA-B410-856D310D76F0}
	EndProjectSection
EndProject
Project("{8BC9CEB8-8B4A-11D0-8D11-00A0C91BC942}") = "opencv_perf_photo", "modules\photo\opencv_perf_photo.vcxproj", "{2C96582B-DD7B-412F-869E-E9A5B9DDDCA4}"
	ProjectSection(ProjectDependencies) = postProject
		{EC0254CF-9800-46BD-A27C-FC26FE0668AF} = {EC0254CF-9800-46BD-A27C-FC26FE0668AF}
		{9B0A2ABC-5736-47B3-8F81-859A92B45A06} = {9B0A2ABC-5736-47B3-8F81-859A92B45A06}
		{4E4A61E1-711C-4AAB-8F8B-A87C4FEC46A1} = {4E4A61E1-711C-4AAB-8F8B-A87C4FEC46A1}
		{C318CDD0-E474-4BAC-A7A9-A75A2670C057} = {C318CDD0-E474-4BAC-A7A9-A75A2670C057}
		{5A692C0E-5638-45DA-B8F7-5C88CC165F78} = {5A692C0E-5638-45DA-B8F7-5C88CC165F78}
		{0CF9E094-E88D-40D8-9BBF-DAB26E6208EB} = {0CF9E094-E88D-40D8-9BBF-DAB26E6208EB}
		{B9B6D436-3625-4A9C-A530-48DB010085A1} = {B9B6D436-3625-4A9C-A530-48DB010085A1}
		{BC109EE6-784E-44CA-B410-856D310D76F0} = {BC109EE6-784E-44CA-B410-856D310D76F0}
	EndProjectSection
EndProject
Project("{8BC9CEB8-8B4A-11D0-8D11-00A0C91BC942}") = "opencv_perf_stitching", "modules\stitching\opencv_perf_stitching.vcxproj", "{F3A30364-FC3B-498C-BE5F-175866427BF8}"
	ProjectSection(ProjectDependencies) = postProject
		{EC0254CF-9800-46BD-A27C-FC26FE0668AF} = {EC0254CF-9800-46BD-A27C-FC26FE0668AF}
		{AA4FC2C2-E28D-4939-9E5C-217AFCC937F7} = {AA4FC2C2-E28D-4939-9E5C-217AFCC937F7}
		{9B0A2ABC-5736-47B3-8F81-859A92B45A06} = {9B0A2ABC-5736-47B3-8F81-859A92B45A06}
		{423059FE-A2E3-4BB8-92F1-072BFA235F4D} = {423059FE-A2E3-4BB8-92F1-072BFA235F4D}
		{A106254C-DD5F-4957-BA16-6E2D49BB4683} = {A106254C-DD5F-4957-BA16-6E2D49BB4683}
		{4E4A61E1-711C-4AAB-8F8B-A87C4FEC46A1} = {4E4A61E1-711C-4AAB-8F8B-A87C4FEC46A1}
		{C318CDD0-E474-4BAC-A7A9-A75A2670C057} = {C318CDD0-E474-4BAC-A7A9-A75A2670C057}
		{5A692C0E-5638-45DA-B8F7-5C88CC165F78} = {5A692C0E-5638-45DA-B8F7-5C88CC165F78}
		{09A13D87-118C-4351-9042-8AFC50D285EE} = {09A13D87-118C-4351-9042-8AFC50D285EE}
		{76FAF11F-25CE-49FB-B859-3A64184D1043} = {76FAF11F-25CE-49FB-B859-3A64184D1043}
		{3630530F-C2F1-4F2D-B3BF-5A8EE8EAE5D8} = {3630530F-C2F1-4F2D-B3BF-5A8EE8EAE5D8}
		{B9B6D436-3625-4A9C-A530-48DB010085A1} = {B9B6D436-3625-4A9C-A530-48DB010085A1}
		{BC109EE6-784E-44CA-B410-856D310D76F0} = {BC109EE6-784E-44CA-B410-856D310D76F0}
	EndProjectSection
EndProject
Project("{8BC9CEB8-8B4A-11D0-8D11-00A0C91BC942}") = "opencv_perf_tests", "opencv_perf_tests.vcxproj", "{4BE5A0A3-4A47-423C-8536-EE58E878D0A7}"
	ProjectSection(ProjectDependencies) = postProject
		{EC0254CF-9800-46BD-A27C-FC26FE0668AF} = {EC0254CF-9800-46BD-A27C-FC26FE0668AF}
		{3EF68261-C41D-453E-B58B-195E999D7203} = {3EF68261-C41D-453E-B58B-195E999D7203}
		{7CA54DBE-A91A-47EC-85AD-AB6771F417C8} = {7CA54DBE-A91A-47EC-85AD-AB6771F417C8}
		{79CD3F3D-8FAA-44D6-8294-FE2B293BE66C} = {79CD3F3D-8FAA-44D6-8294-FE2B293BE66C}
		{517B7B47-4331-4FB2-9FC3-1E8DBC6249E0} = {517B7B47-4331-4FB2-9FC3-1E8DBC6249E0}
		{5B607162-BBD5-445B-A901-19F4A36418BB} = {5B607162-BBD5-445B-A901-19F4A36418BB}
		{13AEC4A4-1DF7-4B77-BB73-8562C8ACAB8C} = {13AEC4A4-1DF7-4B77-BB73-8562C8ACAB8C}
		{2C96582B-DD7B-412F-869E-E9A5B9DDDCA4} = {2C96582B-DD7B-412F-869E-E9A5B9DDDCA4}
		{F3A30364-FC3B-498C-BE5F-175866427BF8} = {F3A30364-FC3B-498C-BE5F-175866427BF8}
		{6BD8EA89-FD50-42BA-915B-C07836D6109B} = {6BD8EA89-FD50-42BA-915B-C07836D6109B}
		{92BB0993-71EB-4B38-B987-52E5FD6D478F} = {92BB0993-71EB-4B38-B987-52E5FD6D478F}
	EndProjectSection
EndProject
Project("{8BC9CEB8-8B4A-11D0-8D11-00A0C91BC942}") = "opencv_perf_video", "modules\video\opencv_perf_video.vcxproj", "{6BD8EA89-FD50-42BA-915B-C07836D6109B}"
	ProjectSection(ProjectDependencies) = postProject
		{EC0254CF-9800-46BD-A27C-FC26FE0668AF} = {EC0254CF-9800-46BD-A27C-FC26FE0668AF}
		{9B0A2ABC-5736-47B3-8F81-859A92B45A06} = {9B0A2ABC-5736-47B3-8F81-859A92B45A06}
		{4E4A61E1-711C-4AAB-8F8B-A87C4FEC46A1} = {4E4A61E1-711C-4AAB-8F8B-A87C4FEC46A1}
		{C318CDD0-E474-4BAC-A7A9-A75A2670C057} = {C318CDD0-E474-4BAC-A7A9-A75A2670C057}
		{5A692C0E-5638-45DA-B8F7-5C88CC165F78} = {5A692C0E-5638-45DA-B8F7-5C88CC165F78}
		{B9B6D436-3625-4A9C-A530-48DB010085A1} = {B9B6D436-3625-4A9C-A530-48DB010085A1}
		{1BD7215E-5FB2-4CEF-9773-AE8BE33AC4DA} = {1BD7215E-5FB2-4CEF-9773-AE8BE33AC4DA}
		{BC109EE6-784E-44CA-B410-856D310D76F0} = {BC109EE6-784E-44CA-B410-856D310D76F0}
	EndProjectSection
EndProject
Project("{8BC9CEB8-8B4A-11D0-8D11-00A0C91BC942}") = "opencv_perf_videoio", "modules\videoio\opencv_perf_videoio.vcxproj", "{92BB0993-71EB-4B38-B987-52E5FD6D478F}"
	ProjectSection(ProjectDependencies) = postProject
		{EC0254CF-9800-46BD-A27C-FC26FE0668AF} = {EC0254CF-9800-46BD-A27C-FC26FE0668AF}
		{9B0A2ABC-5736-47B3-8F81-859A92B45A06} = {9B0A2ABC-5736-47B3-8F81-859A92B45A06}
		{4E4A61E1-711C-4AAB-8F8B-A87C4FEC46A1} = {4E4A61E1-711C-4AAB-8F8B-A87C4FEC46A1}
		{C318CDD0-E474-4BAC-A7A9-A75A2670C057} = {C318CDD0-E474-4BAC-A7A9-A75A2670C057}
		{5A692C0E-5638-45DA-B8F7-5C88CC165F78} = {5A692C0E-5638-45DA-B8F7-5C88CC165F78}
		{B9B6D436-3625-4A9C-A530-48DB010085A1} = {B9B6D436-3625-4A9C-A530-48DB010085A1}
		{BC109EE6-784E-44CA-B410-856D310D76F0} = {BC109EE6-784E-44CA-B410-856D310D76F0}
	EndProjectSection
EndProject
Project("{8BC9CEB8-8B4A-11D0-8D11-00A0C91BC942}") = "opencv_photo", "modules\photo\opencv_photo.vcxproj", "{0CF9E094-E88D-40D8-9BBF-DAB26E6208EB}"
	ProjectSection(ProjectDependencies) = postProject
		{EC0254CF-9800-46BD-A27C-FC26FE0668AF} = {EC0254CF-9800-46BD-A27C-FC26FE0668AF}
		{9B0A2ABC-5736-47B3-8F81-859A92B45A06} = {9B0A2ABC-5736-47B3-8F81-859A92B45A06}
		{4E4A61E1-711C-4AAB-8F8B-A87C4FEC46A1} = {4E4A61E1-711C-4AAB-8F8B-A87C4FEC46A1}
		{5A692C0E-5638-45DA-B8F7-5C88CC165F78} = {5A692C0E-5638-45DA-B8F7-5C88CC165F78}
	EndProjectSection
EndProject
Project("{8BC9CEB8-8B4A-11D0-8D11-00A0C91BC942}") = "opencv_photo_object", "modules\photo\opencv_photo_object.vcxproj", "{193E1EE7-443E-4FEC-A701-BBCBC774E581}"
	ProjectSection(ProjectDependencies) = postProject
		{EC0254CF-9800-46BD-A27C-FC26FE0668AF} = {EC0254CF-9800-46BD-A27C-FC26FE0668AF}
	EndProjectSection
EndProject
Project("{8BC9CEB8-8B4A-11D0-8D11-00A0C91BC942}") = "opencv_shape", "modules\shape\opencv_shape.vcxproj", "{B737F4A7-CA84-42E8-8124-CBE03F2E142C}"
	ProjectSection(ProjectDependencies) = postProject
		{EC0254CF-9800-46BD-A27C-FC26FE0668AF} = {EC0254CF-9800-46BD-A27C-FC26FE0668AF}
		{9B0A2ABC-5736-47B3-8F81-859A92B45A06} = {9B0A2ABC-5736-47B3-8F81-859A92B45A06}
		{4E4A61E1-711C-4AAB-8F8B-A87C4FEC46A1} = {4E4A61E1-711C-4AAB-8F8B-A87C4FEC46A1}
		{5A692C0E-5638-45DA-B8F7-5C88CC165F78} = {5A692C0E-5638-45DA-B8F7-5C88CC165F78}
		{1BD7215E-5FB2-4CEF-9773-AE8BE33AC4DA} = {1BD7215E-5FB2-4CEF-9773-AE8BE33AC4DA}
	EndProjectSection
EndProject
Project("{8BC9CEB8-8B4A-11D0-8D11-00A0C91BC942}") = "opencv_shape_object", "modules\shape\opencv_shape_object.vcxproj", "{DC8B124A-E99F-4636-9D46-1378C04121E7}"
	ProjectSection(ProjectDependencies) = postProject
		{EC0254CF-9800-46BD-A27C-FC26FE0668AF} = {EC0254CF-9800-46BD-A27C-FC26FE0668AF}
	EndProjectSection
EndProject
Project("{8BC9CEB8-8B4A-11D0-8D11-00A0C91BC942}") = "opencv_stitching", "modules\stitching\opencv_stitching.vcxproj", "{3630530F-C2F1-4F2D-B3BF-5A8EE8EAE5D8}"
	ProjectSection(ProjectDependencies) = postProject
		{EC0254CF-9800-46BD-A27C-FC26FE0668AF} = {EC0254CF-9800-46BD-A27C-FC26FE0668AF}
		{AA4FC2C2-E28D-4939-9E5C-217AFCC937F7} = {AA4FC2C2-E28D-4939-9E5C-217AFCC937F7}
		{9B0A2ABC-5736-47B3-8F81-859A92B45A06} = {9B0A2ABC-5736-47B3-8F81-859A92B45A06}
		{423059FE-A2E3-4BB8-92F1-072BFA235F4D} = {423059FE-A2E3-4BB8-92F1-072BFA235F4D}
		{A106254C-DD5F-4957-BA16-6E2D49BB4683} = {A106254C-DD5F-4957-BA16-6E2D49BB4683}
		{4E4A61E1-711C-4AAB-8F8B-A87C4FEC46A1} = {4E4A61E1-711C-4AAB-8F8B-A87C4FEC46A1}
		{5A692C0E-5638-45DA-B8F7-5C88CC165F78} = {5A692C0E-5638-45DA-B8F7-5C88CC165F78}
		{09A13D87-118C-4351-9042-8AFC50D285EE} = {09A13D87-118C-4351-9042-8AFC50D285EE}
		{76FAF11F-25CE-49FB-B859-3A64184D1043} = {76FAF11F-25CE-49FB-B859-3A64184D1043}
	EndProjectSection
EndProject
Project("{8BC9CEB8-8B4A-11D0-8D11-00A0C91BC942}") = "opencv_stitching_object", "modules\stitching\opencv_stitching_object.vcxproj", "{C8637CBE-3714-4BA0-98E2-491A7AE9F6AE}"
	ProjectSection(ProjectDependencies) = postProject
		{EC0254CF-9800-46BD-A27C-FC26FE0668AF} = {EC0254CF-9800-46BD-A27C-FC26FE0668AF}
	EndProjectSection
EndProject
Project("{8BC9CEB8-8B4A-11D0-8D11-00A0C91BC942}") = "opencv_test_calib3d", "modules\calib3d\opencv_test_calib3d.vcxproj", "{92D01CE7-CE8B-4671-BC9F-C3F65A8CDFB4}"
	ProjectSection(ProjectDependencies) = postProject
		{EC0254CF-9800-46BD-A27C-FC26FE0668AF} = {EC0254CF-9800-46BD-A27C-FC26FE0668AF}
		{AA4FC2C2-E28D-4939-9E5C-217AFCC937F7} = {AA4FC2C2-E28D-4939-9E5C-217AFCC937F7}
		{9B0A2ABC-5736-47B3-8F81-859A92B45A06} = {9B0A2ABC-5736-47B3-8F81-859A92B45A06}
		{423059FE-A2E3-4BB8-92F1-072BFA235F4D} = {423059FE-A2E3-4BB8-92F1-072BFA235F4D}
		{A106254C-DD5F-4957-BA16-6E2D49BB4683} = {A106254C-DD5F-4957-BA16-6E2D49BB4683}
		{4E4A61E1-711C-4AAB-8F8B-A87C4FEC46A1} = {4E4A61E1-711C-4AAB-8F8B-A87C4FEC46A1}
		{C318CDD0-E474-4BAC-A7A9-A75A2670C057} = {C318CDD0-E474-4BAC-A7A9-A75A2670C057}
		{5A692C0E-5638-45DA-B8F7-5C88CC165F78} = {5A692C0E-5638-45DA-B8F7-5C88CC165F78}
		{09A13D87-118C-4351-9042-8AFC50D285EE} = {09A13D87-118C-4351-9042-8AFC50D285EE}
		{B9B6D436-3625-4A9C-A530-48DB010085A1} = {B9B6D436-3625-4A9C-A530-48DB010085A1}
		{BC109EE6-784E-44CA-B410-856D310D76F0} = {BC109EE6-784E-44CA-B410-856D310D76F0}
	EndProjectSection
EndProject
Project("{8BC9CEB8-8B4A-11D0-8D11-00A0C91BC942}") = "opencv_test_core", "modules\core\opencv_test_core.vcxproj", "{D6C27B69-1717-403E-9DB2-0C0B29537228}"
	ProjectSection(ProjectDependencies) = postProject
		{EC0254CF-9800-46BD-A27C-FC26FE0668AF} = {EC0254CF-9800-46BD-A27C-FC26FE0668AF}
		{9B0A2ABC-5736-47B3-8F81-859A92B45A06} = {9B0A2ABC-5736-47B3-8F81-859A92B45A06}
		{4E4A61E1-711C-4AAB-8F8B-A87C4FEC46A1} = {4E4A61E1-711C-4AAB-8F8B-A87C4FEC46A1}
		{C318CDD0-E474-4BAC-A7A9-A75A2670C057} = {C318CDD0-E474-4BAC-A7A9-A75A2670C057}
		{5A692C0E-5638-45DA-B8F7-5C88CC165F78} = {5A692C0E-5638-45DA-B8F7-5C88CC165F78}
		{B9B6D436-3625-4A9C-A530-48DB010085A1} = {B9B6D436-3625-4A9C-A530-48DB010085A1}
		{BC109EE6-784E-44CA-B410-856D310D76F0} = {BC109EE6-784E-44CA-B410-856D310D76F0}
	EndProjectSection
EndProject
Project("{8BC9CEB8-8B4A-11D0-8D11-00A0C91BC942}") = "opencv_test_features2d", "modules\features2d\opencv_test_features2d.vcxproj", "{2C9B4122-307B-4793-A604-CEA69E23B880}"
	ProjectSection(ProjectDependencies) = postProject
		{EC0254CF-9800-46BD-A27C-FC26FE0668AF} = {EC0254CF-9800-46BD-A27C-FC26FE0668AF}
		{9B0A2ABC-5736-47B3-8F81-859A92B45A06} = {9B0A2ABC-5736-47B3-8F81-859A92B45A06}
		{423059FE-A2E3-4BB8-92F1-072BFA235F4D} = {423059FE-A2E3-4BB8-92F1-072BFA235F4D}
		{A106254C-DD5F-4957-BA16-6E2D49BB4683} = {A106254C-DD5F-4957-BA16-6E2D49BB4683}
		{4E4A61E1-711C-4AAB-8F8B-A87C4FEC46A1} = {4E4A61E1-711C-4AAB-8F8B-A87C4FEC46A1}
		{C318CDD0-E474-4BAC-A7A9-A75A2670C057} = {C318CDD0-E474-4BAC-A7A9-A75A2670C057}
		{5A692C0E-5638-45DA-B8F7-5C88CC165F78} = {5A692C0E-5638-45DA-B8F7-5C88CC165F78}
		{09A13D87-118C-4351-9042-8AFC50D285EE} = {09A13D87-118C-4351-9042-8AFC50D285EE}
		{B9B6D436-3625-4A9C-A530-48DB010085A1} = {B9B6D436-3625-4A9C-A530-48DB010085A1}
		{BC109EE6-784E-44CA-B410-856D310D76F0} = {BC109EE6-784E-44CA-B410-856D310D76F0}
	EndProjectSection
EndProject
Project("{8BC9CEB8-8B4A-11D0-8D11-00A0C91BC942}") = "opencv_test_flann", "modules\flann\opencv_test_flann.vcxproj", "{7799D75D-60EC-4444-BE74-9D21B7C950FA}"
	ProjectSection(ProjectDependencies) = postProject
		{EC0254CF-9800-46BD-A27C-FC26FE0668AF} = {EC0254CF-9800-46BD-A27C-FC26FE0668AF}
		{9B0A2ABC-5736-47B3-8F81-859A92B45A06} = {9B0A2ABC-5736-47B3-8F81-859A92B45A06}
		{A106254C-DD5F-4957-BA16-6E2D49BB4683} = {A106254C-DD5F-4957-BA16-6E2D49BB4683}
		{4E4A61E1-711C-4AAB-8F8B-A87C4FEC46A1} = {4E4A61E1-711C-4AAB-8F8B-A87C4FEC46A1}
		{C318CDD0-E474-4BAC-A7A9-A75A2670C057} = {C318CDD0-E474-4BAC-A7A9-A75A2670C057}
		{5A692C0E-5638-45DA-B8F7-5C88CC165F78} = {5A692C0E-5638-45DA-B8F7-5C88CC165F78}
		{B9B6D436-3625-4A9C-A530-48DB010085A1} = {B9B6D436-3625-4A9C-A530-48DB010085A1}
		{BC109EE6-784E-44CA-B410-856D310D76F0} = {BC109EE6-784E-44CA-B410-856D310D76F0}
	EndProjectSection
EndProject
Project("{8BC9CEB8-8B4A-11D0-8D11-00A0C91BC942}") = "opencv_test_imgcodecs", "modules\imgcodecs\opencv_test_imgcodecs.vcxproj", "{9E6BED05-83BB-4475-9BA4-7787DF05D5A2}"
	ProjectSection(ProjectDependencies) = postProject
		{EC0254CF-9800-46BD-A27C-FC26FE0668AF} = {EC0254CF-9800-46BD-A27C-FC26FE0668AF}
		{9B0A2ABC-5736-47B3-8F81-859A92B45A06} = {9B0A2ABC-5736-47B3-8F81-859A92B45A06}
		{4E4A61E1-711C-4AAB-8F8B-A87C4FEC46A1} = {4E4A61E1-711C-4AAB-8F8B-A87C4FEC46A1}
		{C318CDD0-E474-4BAC-A7A9-A75A2670C057} = {C318CDD0-E474-4BAC-A7A9-A75A2670C057}
		{5A692C0E-5638-45DA-B8F7-5C88CC165F78} = {5A692C0E-5638-45DA-B8F7-5C88CC165F78}
		{B9B6D436-3625-4A9C-A530-48DB010085A1} = {B9B6D436-3625-4A9C-A530-48DB010085A1}
		{BC109EE6-784E-44CA-B410-856D310D76F0} = {BC109EE6-784E-44CA-B410-856D310D76F0}
	EndProjectSection
EndProject
Project("{8BC9CEB8-8B4A-11D0-8D11-00A0C91BC942}") = "opencv_test_imgproc", "modules\imgproc\opencv_test_imgproc.vcxproj", "{93DF077D-2F18-4A5B-BF01-F0C66DE0AEBA}"
	ProjectSection(ProjectDependencies) = postProject
		{EC0254CF-9800-46BD-A27C-FC26FE0668AF} = {EC0254CF-9800-46BD-A27C-FC26FE0668AF}
		{9B0A2ABC-5736-47B3-8F81-859A92B45A06} = {9B0A2ABC-5736-47B3-8F81-859A92B45A06}
		{4E4A61E1-711C-4AAB-8F8B-A87C4FEC46A1} = {4E4A61E1-711C-4AAB-8F8B-A87C4FEC46A1}
		{C318CDD0-E474-4BAC-A7A9-A75A2670C057} = {C318CDD0-E474-4BAC-A7A9-A75A2670C057}
		{5A692C0E-5638-45DA-B8F7-5C88CC165F78} = {5A692C0E-5638-45DA-B8F7-5C88CC165F78}
		{B9B6D436-3625-4A9C-A530-48DB010085A1} = {B9B6D436-3625-4A9C-A530-48DB010085A1}
		{BC109EE6-784E-44CA-B410-856D310D76F0} = {BC109EE6-784E-44CA-B410-856D310D76F0}
	EndProjectSection
EndProject
Project("{8BC9CEB8-8B4A-11D0-8D11-00A0C91BC942}") = "opencv_test_ml", "modules\ml\opencv_test_ml.vcxproj", "{75CB4202-72D4-4545-8C4D-63646A1F640E}"
	ProjectSection(ProjectDependencies) = postProject
		{EC0254CF-9800-46BD-A27C-FC26FE0668AF} = {EC0254CF-9800-46BD-A27C-FC26FE0668AF}
		{9B0A2ABC-5736-47B3-8F81-859A92B45A06} = {9B0A2ABC-5736-47B3-8F81-859A92B45A06}
		{4E4A61E1-711C-4AAB-8F8B-A87C4FEC46A1} = {4E4A61E1-711C-4AAB-8F8B-A87C4FEC46A1}
		{C318CDD0-E474-4BAC-A7A9-A75A2670C057} = {C318CDD0-E474-4BAC-A7A9-A75A2670C057}
		{5A692C0E-5638-45DA-B8F7-5C88CC165F78} = {5A692C0E-5638-45DA-B8F7-5C88CC165F78}
		{09A13D87-118C-4351-9042-8AFC50D285EE} = {09A13D87-118C-4351-9042-8AFC50D285EE}
		{B9B6D436-3625-4A9C-A530-48DB010085A1} = {B9B6D436-3625-4A9C-A530-48DB010085A1}
		{BC109EE6-784E-44CA-B410-856D310D76F0} = {BC109EE6-784E-44CA-B410-856D310D76F0}
	EndProjectSection
EndProject
Project("{8BC9CEB8-8B4A-11D0-8D11-00A0C91BC942}") = "opencv_test_objdetect", "modules\objdetect\opencv_test_objdetect.vcxproj", "{A3985890-62FC-4608-83AA-08030E2EBFDA}"
	ProjectSection(ProjectDependencies) = postProject
		{EC0254CF-9800-46BD-A27C-FC26FE0668AF} = {EC0254CF-9800-46BD-A27C-FC26FE0668AF}
		{9B0A2ABC-5736-47B3-8F81-859A92B45A06} = {9B0A2ABC-5736-47B3-8F81-859A92B45A06}
		{4E4A61E1-711C-4AAB-8F8B-A87C4FEC46A1} = {4E4A61E1-711C-4AAB-8F8B-A87C4FEC46A1}
		{C318CDD0-E474-4BAC-A7A9-A75A2670C057} = {C318CDD0-E474-4BAC-A7A9-A75A2670C057}
		{5A692C0E-5638-45DA-B8F7-5C88CC165F78} = {5A692C0E-5638-45DA-B8F7-5C88CC165F78}
		{09A13D87-118C-4351-9042-8AFC50D285EE} = {09A13D87-118C-4351-9042-8AFC50D285EE}
		{76FAF11F-25CE-49FB-B859-3A64184D1043} = {76FAF11F-25CE-49FB-B859-3A64184D1043}
		{B9B6D436-3625-4A9C-A530-48DB010085A1} = {B9B6D436-3625-4A9C-A530-48DB010085A1}
		{BC109EE6-784E-44CA-B410-856D310D76F0} = {BC109EE6-784E-44CA-B410-856D310D76F0}
	EndProjectSection
EndProject
Project("{8BC9CEB8-8B4A-11D0-8D11-00A0C91BC942}") = "opencv_test_photo", "modules\photo\opencv_test_photo.vcxproj", "{BA2C75AC-9950-41F8-8EFE-7C946D440F18}"
	ProjectSection(ProjectDependencies) = postProject
		{EC0254CF-9800-46BD-A27C-FC26FE0668AF} = {EC0254CF-9800-46BD-A27C-FC26FE0668AF}
		{9B0A2ABC-5736-47B3-8F81-859A92B45A06} = {9B0A2ABC-5736-47B3-8F81-859A92B45A06}
		{4E4A61E1-711C-4AAB-8F8B-A87C4FEC46A1} = {4E4A61E1-711C-4AAB-8F8B-A87C4FEC46A1}
		{C318CDD0-E474-4BAC-A7A9-A75A2670C057} = {C318CDD0-E474-4BAC-A7A9-A75A2670C057}
		{5A692C0E-5638-45DA-B8F7-5C88CC165F78} = {5A692C0E-5638-45DA-B8F7-5C88CC165F78}
		{0CF9E094-E88D-40D8-9BBF-DAB26E6208EB} = {0CF9E094-E88D-40D8-9BBF-DAB26E6208EB}
		{B9B6D436-3625-4A9C-A530-48DB010085A1} = {B9B6D436-3625-4A9C-A530-48DB010085A1}
		{BC109EE6-784E-44CA-B410-856D310D76F0} = {BC109EE6-784E-44CA-B410-856D310D76F0}
	EndProjectSection
EndProject
Project("{8BC9CEB8-8B4A-11D0-8D11-00A0C91BC942}") = "opencv_test_shape", "modules\shape\opencv_test_shape.vcxproj", "{27CE0DB3-3A0E-4A9C-9872-F78407CEC61B}"
	ProjectSection(ProjectDependencies) = postProject
		{EC0254CF-9800-46BD-A27C-FC26FE0668AF} = {EC0254CF-9800-46BD-A27C-FC26FE0668AF}
		{9B0A2ABC-5736-47B3-8F81-859A92B45A06} = {9B0A2ABC-5736-47B3-8F81-859A92B45A06}
		{4E4A61E1-711C-4AAB-8F8B-A87C4FEC46A1} = {4E4A61E1-711C-4AAB-8F8B-A87C4FEC46A1}
		{C318CDD0-E474-4BAC-A7A9-A75A2670C057} = {C318CDD0-E474-4BAC-A7A9-A75A2670C057}
		{5A692C0E-5638-45DA-B8F7-5C88CC165F78} = {5A692C0E-5638-45DA-B8F7-5C88CC165F78}
		{B737F4A7-CA84-42E8-8124-CBE03F2E142C} = {B737F4A7-CA84-42E8-8124-CBE03F2E142C}
		{B9B6D436-3625-4A9C-A530-48DB010085A1} = {B9B6D436-3625-4A9C-A530-48DB010085A1}
		{1BD7215E-5FB2-4CEF-9773-AE8BE33AC4DA} = {1BD7215E-5FB2-4CEF-9773-AE8BE33AC4DA}
		{BC109EE6-784E-44CA-B410-856D310D76F0} = {BC109EE6-784E-44CA-B410-856D310D76F0}
	EndProjectSection
EndProject
Project("{8BC9CEB8-8B4A-11D0-8D11-00A0C91BC942}") = "opencv_test_stitching", "modules\stitching\opencv_test_stitching.vcxproj", "{53C18153-BDF4-4089-B5F9-A57BE7533C71}"
	ProjectSection(ProjectDependencies) = postProject
		{EC0254CF-9800-46BD-A27C-FC26FE0668AF} = {EC0254CF-9800-46BD-A27C-FC26FE0668AF}
		{AA4FC2C2-E28D-4939-9E5C-217AFCC937F7} = {AA4FC2C2-E28D-4939-9E5C-217AFCC937F7}
		{9B0A2ABC-5736-47B3-8F81-859A92B45A06} = {9B0A2ABC-5736-47B3-8F81-859A92B45A06}
		{423059FE-A2E3-4BB8-92F1-072BFA235F4D} = {423059FE-A2E3-4BB8-92F1-072BFA235F4D}
		{A106254C-DD5F-4957-BA16-6E2D49BB4683} = {A106254C-DD5F-4957-BA16-6E2D49BB4683}
		{4E4A61E1-711C-4AAB-8F8B-A87C4FEC46A1} = {4E4A61E1-711C-4AAB-8F8B-A87C4FEC46A1}
		{C318CDD0-E474-4BAC-A7A9-A75A2670C057} = {C318CDD0-E474-4BAC-A7A9-A75A2670C057}
		{5A692C0E-5638-45DA-B8F7-5C88CC165F78} = {5A692C0E-5638-45DA-B8F7-5C88CC165F78}
		{09A13D87-118C-4351-9042-8AFC50D285EE} = {09A13D87-118C-4351-9042-8AFC50D285EE}
		{76FAF11F-25CE-49FB-B859-3A64184D1043} = {76FAF11F-25CE-49FB-B859-3A64184D1043}
		{3630530F-C2F1-4F2D-B3BF-5A8EE8EAE5D8} = {3630530F-C2F1-4F2D-B3BF-5A8EE8EAE5D8}
		{B9B6D436-3625-4A9C-A530-48DB010085A1} = {B9B6D436-3625-4A9C-A530-48DB010085A1}
		{BC109EE6-784E-44CA-B410-856D310D76F0} = {BC109EE6-784E-44CA-B410-856D310D76F0}
	EndProjectSection
EndProject
Project("{8BC9CEB8-8B4A-11D0-8D11-00A0C91BC942}") = "opencv_test_video", "modules\video\opencv_test_video.vcxproj", "{A349A20F-A6E8-4B92-B044-B41AF118A67B}"
	ProjectSection(ProjectDependencies) = postProject
		{EC0254CF-9800-46BD-A27C-FC26FE0668AF} = {EC0254CF-9800-46BD-A27C-FC26FE0668AF}
		{9B0A2ABC-5736-47B3-8F81-859A92B45A06} = {9B0A2ABC-5736-47B3-8F81-859A92B45A06}
		{4E4A61E1-711C-4AAB-8F8B-A87C4FEC46A1} = {4E4A61E1-711C-4AAB-8F8B-A87C4FEC46A1}
		{C318CDD0-E474-4BAC-A7A9-A75A2670C057} = {C318CDD0-E474-4BAC-A7A9-A75A2670C057}
		{5A692C0E-5638-45DA-B8F7-5C88CC165F78} = {5A692C0E-5638-45DA-B8F7-5C88CC165F78}
		{B9B6D436-3625-4A9C-A530-48DB010085A1} = {B9B6D436-3625-4A9C-A530-48DB010085A1}
		{1BD7215E-5FB2-4CEF-9773-AE8BE33AC4DA} = {1BD7215E-5FB2-4CEF-9773-AE8BE33AC4DA}
		{BC109EE6-784E-44CA-B410-856D310D76F0} = {BC109EE6-784E-44CA-B410-856D310D76F0}
	EndProjectSection
EndProject
Project("{8BC9CEB8-8B4A-11D0-8D11-00A0C91BC942}") = "opencv_test_videoio", "modules\videoio\opencv_test_videoio.vcxproj", "{56526F3E-EA72-48CB-B289-5F3B2FE56860}"
	ProjectSection(ProjectDependencies) = postProject
		{EC0254CF-9800-46BD-A27C-FC26FE0668AF} = {EC0254CF-9800-46BD-A27C-FC26FE0668AF}
		{9B0A2ABC-5736-47B3-8F81-859A92B45A06} = {9B0A2ABC-5736-47B3-8F81-859A92B45A06}
		{4E4A61E1-711C-4AAB-8F8B-A87C4FEC46A1} = {4E4A61E1-711C-4AAB-8F8B-A87C4FEC46A1}
		{C318CDD0-E474-4BAC-A7A9-A75A2670C057} = {C318CDD0-E474-4BAC-A7A9-A75A2670C057}
		{5A692C0E-5638-45DA-B8F7-5C88CC165F78} = {5A692C0E-5638-45DA-B8F7-5C88CC165F78}
		{B9B6D436-3625-4A9C-A530-48DB010085A1} = {B9B6D436-3625-4A9C-A530-48DB010085A1}
		{BC109EE6-784E-44CA-B410-856D310D76F0} = {BC109EE6-784E-44CA-B410-856D310D76F0}
	EndProjectSection
EndProject
Project("{8BC9CEB8-8B4A-11D0-8D11-00A0C91BC942}") = "opencv_tests", "opencv_tests.vcxproj", "{1B86AC1F-5ACF-41B5-B55F-E9D441A54094}"
	ProjectSection(ProjectDependencies) = postProject
		{EC0254CF-9800-46BD-A27C-FC26FE0668AF} = {EC0254CF-9800-46BD-A27C-FC26FE0668AF}
		{92D01CE7-CE8B-4671-BC9F-C3F65A8CDFB4} = {92D01CE7-CE8B-4671-BC9F-C3F65A8CDFB4}
		{D6C27B69-1717-403E-9DB2-0C0B29537228} = {D6C27B69-1717-403E-9DB2-0C0B29537228}
		{2C9B4122-307B-4793-A604-CEA69E23B880} = {2C9B4122-307B-4793-A604-CEA69E23B880}
		{7799D75D-60EC-4444-BE74-9D21B7C950FA} = {7799D75D-60EC-4444-BE74-9D21B7C950FA}
		{9E6BED05-83BB-4475-9BA4-7787DF05D5A2} = {9E6BED05-83BB-4475-9BA4-7787DF05D5A2}
		{93DF077D-2F18-4A5B-BF01-F0C66DE0AEBA} = {93DF077D-2F18-4A5B-BF01-F0C66DE0AEBA}
		{75CB4202-72D4-4545-8C4D-63646A1F640E} = {75CB4202-72D4-4545-8C4D-63646A1F640E}
		{A3985890-62FC-4608-83AA-08030E2EBFDA} = {A3985890-62FC-4608-83AA-08030E2EBFDA}
		{BA2C75AC-9950-41F8-8EFE-7C946D440F18} = {BA2C75AC-9950-41F8-8EFE-7C946D440F18}
		{27CE0DB3-3A0E-4A9C-9872-F78407CEC61B} = {27CE0DB3-3A0E-4A9C-9872-F78407CEC61B}
		{53C18153-BDF4-4089-B5F9-A57BE7533C71} = {53C18153-BDF4-4089-B5F9-A57BE7533C71}
		{A349A20F-A6E8-4B92-B044-B41AF118A67B} = {A349A20F-A6E8-4B92-B044-B41AF118A67B}
		{56526F3E-EA72-48CB-B289-5F3B2FE56860} = {56526F3E-EA72-48CB-B289-5F3B2FE56860}
	EndProjectSection
EndProject
Project("{8BC9CEB8-8B4A-11D0-8D11-00A0C91BC942}") = "opencv_ts", "modules\ts\opencv_ts.vcxproj", "{B9B6D436-3625-4A9C-A530-48DB010085A1}"
	ProjectSection(ProjectDependencies) = postProject
		{EC0254CF-9800-46BD-A27C-FC26FE0668AF} = {EC0254CF-9800-46BD-A27C-FC26FE0668AF}
		{9B0A2ABC-5736-47B3-8F81-859A92B45A06} = {9B0A2ABC-5736-47B3-8F81-859A92B45A06}
		{4E4A61E1-711C-4AAB-8F8B-A87C4FEC46A1} = {4E4A61E1-711C-4AAB-8F8B-A87C4FEC46A1}
		{C318CDD0-E474-4BAC-A7A9-A75A2670C057} = {C318CDD0-E474-4BAC-A7A9-A75A2670C057}
		{5A692C0E-5638-45DA-B8F7-5C88CC165F78} = {5A692C0E-5638-45DA-B8F7-5C88CC165F78}
		{BC109EE6-784E-44CA-B410-856D310D76F0} = {BC109EE6-784E-44CA-B410-856D310D76F0}
	EndProjectSection
EndProject
Project("{8BC9CEB8-8B4A-11D0-8D11-00A0C91BC942}") = "opencv_video", "modules\video\opencv_video.vcxproj", "{1BD7215E-5FB2-4CEF-9773-AE8BE33AC4DA}"
	ProjectSection(ProjectDependencies) = postProject
		{EC0254CF-9800-46BD-A27C-FC26FE0668AF} = {EC0254CF-9800-46BD-A27C-FC26FE0668AF}
		{9B0A2ABC-5736-47B3-8F81-859A92B45A06} = {9B0A2ABC-5736-47B3-8F81-859A92B45A06}
		{4E4A61E1-711C-4AAB-8F8B-A87C4FEC46A1} = {4E4A61E1-711C-4AAB-8F8B-A87C4FEC46A1}
		{5A692C0E-5638-45DA-B8F7-5C88CC165F78} = {5A692C0E-5638-45DA-B8F7-5C88CC165F78}
	EndProjectSection
EndProject
Project("{8BC9CEB8-8B4A-11D0-8D11-00A0C91BC942}") = "opencv_video_object", "modules\video\opencv_video_object.vcxproj", "{7CC5FD86-53C2-49CA-8089-7E1C521D507F}"
	ProjectSection(ProjectDependencies) = postProject
		{EC0254CF-9800-46BD-A27C-FC26FE0668AF} = {EC0254CF-9800-46BD-A27C-FC26FE0668AF}
	EndProjectSection
EndProject
Project("{8BC9CEB8-8B4A-11D0-8D11-00A0C91BC942}") = "opencv_videoio", "modules\videoio\opencv_videoio.vcxproj", "{BC109EE6-784E-44CA-B410-856D310D76F0}"
	ProjectSection(ProjectDependencies) = postProject
		{EC0254CF-9800-46BD-A27C-FC26FE0668AF} = {EC0254CF-9800-46BD-A27C-FC26FE0668AF}
		{9B0A2ABC-5736-47B3-8F81-859A92B45A06} = {9B0A2ABC-5736-47B3-8F81-859A92B45A06}
		{4E4A61E1-711C-4AAB-8F8B-A87C4FEC46A1} = {4E4A61E1-711C-4AAB-8F8B-A87C4FEC46A1}
		{C318CDD0-E474-4BAC-A7A9-A75A2670C057} = {C318CDD0-E474-4BAC-A7A9-A75A2670C057}
		{5A692C0E-5638-45DA-B8F7-5C88CC165F78} = {5A692C0E-5638-45DA-B8F7-5C88CC165F78}
	EndProjectSection
EndProject
Project("{8BC9CEB8-8B4A-11D0-8D11-00A0C91BC942}") = "opencv_videoio_object", "modules\videoio\opencv_videoio_object.vcxproj", "{5055FB50-A323-4F5C-9722-0D0F48388656}"
	ProjectSection(ProjectDependencies) = postProject
		{EC0254CF-9800-46BD-A27C-FC26FE0668AF} = {EC0254CF-9800-46BD-A27C-FC26FE0668AF}
	EndProjectSection
EndProject
Project("{8BC9CEB8-8B4A-11D0-8D11-00A0C91BC942}") = "opencv_videostab", "modules\videostab\opencv_videostab.vcxproj", "{CD4F1E30-1E40-4FDA-9019-B14CF73BC5C1}"
	ProjectSection(ProjectDependencies) = postProject
		{EC0254CF-9800-46BD-A27C-FC26FE0668AF} = {EC0254CF-9800-46BD-A27C-FC26FE0668AF}
		{AA4FC2C2-E28D-4939-9E5C-217AFCC937F7} = {AA4FC2C2-E28D-4939-9E5C-217AFCC937F7}
		{9B0A2ABC-5736-47B3-8F81-859A92B45A06} = {9B0A2ABC-5736-47B3-8F81-859A92B45A06}
		{423059FE-A2E3-4BB8-92F1-072BFA235F4D} = {423059FE-A2E3-4BB8-92F1-072BFA235F4D}
		{A106254C-DD5F-4957-BA16-6E2D49BB4683} = {A106254C-DD5F-4957-BA16-6E2D49BB4683}
		{4E4A61E1-711C-4AAB-8F8B-A87C4FEC46A1} = {4E4A61E1-711C-4AAB-8F8B-A87C4FEC46A1}
		{C318CDD0-E474-4BAC-A7A9-A75A2670C057} = {C318CDD0-E474-4BAC-A7A9-A75A2670C057}
		{5A692C0E-5638-45DA-B8F7-5C88CC165F78} = {5A692C0E-5638-45DA-B8F7-5C88CC165F78}
		{09A13D87-118C-4351-9042-8AFC50D285EE} = {09A13D87-118C-4351-9042-8AFC50D285EE}
		{0CF9E094-E88D-40D8-9BBF-DAB26E6208EB} = {0CF9E094-E88D-40D8-9BBF-DAB26E6208EB}
		{1BD7215E-5FB2-4CEF-9773-AE8BE33AC4DA} = {1BD7215E-5FB2-4CEF-9773-AE8BE33AC4DA}
		{BC109EE6-784E-44CA-B410-856D310D76F0} = {BC109EE6-784E-44CA-B410-856D310D76F0}
	EndProjectSection
EndProject
Project("{8BC9CEB8-8B4A-11D0-8D11-00A0C91BC942}") = "opencv_videostab_object", "modules\videostab\opencv_videostab_object.vcxproj", "{82A9E0ED-FCB6-447A-8626-FA80F2F7A7AD}"
	ProjectSection(ProjectDependencies) = postProject
		{EC0254CF-9800-46BD-A27C-FC26FE0668AF} = {EC0254CF-9800-46BD-A27C-FC26FE0668AF}
	EndProjectSection
EndProject
Project("{8BC9CEB8-8B4A-11D0-8D11-00A0C91BC942}") = "uninstall", "uninstall.vcxproj", "{0FD6FE6E-702A-459B-8A9B-009FE7D71C0B}"
	ProjectSection(ProjectDependencies) = postProject
		{EC0254CF-9800-46BD-A27C-FC26FE0668AF} = {EC0254CF-9800-46BD-A27C-FC26FE0668AF}
	EndProjectSection
EndProject
Project("{8BC9CEB8-8B4A-11D0-8D11-00A0C91BC942}") = "zlib", "3rdparty\zlib\zlib.vcxproj", "{F8BD0676-CB1B-43A9-8B67-92D02EF4FFBE}"
	ProjectSection(ProjectDependencies) = postProject
		{EC0254CF-9800-46BD-A27C-FC26FE0668AF} = {EC0254CF-9800-46BD-A27C-FC26FE0668AF}
	EndProjectSection
EndProject
Project("{2150E333-8FDC-42A3-9474-1A3956D46DE8}") = "3rdparty", "3rdparty", "{97C090AE-8983-4425-809E-F4D35777AC94}"
EndProject
Project("{2150E333-8FDC-42A3-9474-1A3956D46DE8}") = "CMakeTargets", "CMakeTargets", "{F5DD762B-DA66-4BC1-B089-503102F710C8}"
EndProject
Project("{2150E333-8FDC-42A3-9474-1A3956D46DE8}") = "extra", "extra", "{2FDAB9B0-2D33-4458-B535-C4A836C5A118}"
EndProject
Project("{2150E333-8FDC-42A3-9474-1A3956D46DE8}") = "modules", "modules", "{767AD3C6-8924-440A-BA3E-CB46EE24F58A}"
EndProject
Project("{2150E333-8FDC-42A3-9474-1A3956D46DE8}") = "object_libraries", "object_libraries", "{645652C5-34A9-4539-82C7-7C503D39C166}"
EndProject
Project("{2150E333-8FDC-42A3-9474-1A3956D46DE8}") = "tests accuracy", "tests accuracy", "{44FEE82A-AD80-482B-848E-64CF01B4ED66}"
EndProject
Project("{2150E333-8FDC-42A3-9474-1A3956D46DE8}") = "tests performance", "tests performance", "{6EC1AB9B-AAC2-4B5E-8670-0B26315BE17C}"
EndProject
Global
	GlobalSection(SolutionConfigurationPlatforms) = preSolution
		Debug|x64 = Debug|x64
		Release|x64 = Release|x64
	EndGlobalSection
	GlobalSection(ProjectConfigurationPlatforms) = postSolution
		{DD10BC36-6ECE-4AF1-9152-AF0118813FD3}.Debug|x64.ActiveCfg = Debug|x64
		{DD10BC36-6ECE-4AF1-9152-AF0118813FD3}.Debug|x64.Build.0 = Debug|x64
		{DD10BC36-6ECE-4AF1-9152-AF0118813FD3}.Release|x64.ActiveCfg = Release|x64
		{DD10BC36-6ECE-4AF1-9152-AF0118813FD3}.Release|x64.Build.0 = Release|x64
		{7EFF82C7-5BD3-44FF-8064-5ACD149D038E}.Debug|x64.ActiveCfg = Debug|x64
		{7EFF82C7-5BD3-44FF-8064-5ACD149D038E}.Release|x64.ActiveCfg = Release|x64
		{2549E282-F400-4A9D-9FF4-786FE7899E55}.Debug|x64.ActiveCfg = Debug|x64
		{2549E282-F400-4A9D-9FF4-786FE7899E55}.Release|x64.ActiveCfg = Release|x64
		{EC0254CF-9800-46BD-A27C-FC26FE0668AF}.Debug|x64.ActiveCfg = Debug|x64
		{EC0254CF-9800-46BD-A27C-FC26FE0668AF}.Debug|x64.Build.0 = Debug|x64
		{EC0254CF-9800-46BD-A27C-FC26FE0668AF}.Release|x64.ActiveCfg = Release|x64
		{EC0254CF-9800-46BD-A27C-FC26FE0668AF}.Release|x64.Build.0 = Release|x64
		{F86F6EF3-9788-46E0-A9A6-AE5D21DEB239}.Debug|x64.ActiveCfg = Debug|x64
		{F86F6EF3-9788-46E0-A9A6-AE5D21DEB239}.Debug|x64.Build.0 = Debug|x64
		{F86F6EF3-9788-46E0-A9A6-AE5D21DEB239}.Release|x64.ActiveCfg = Release|x64
		{F86F6EF3-9788-46E0-A9A6-AE5D21DEB239}.Release|x64.Build.0 = Release|x64
		{AD9CCEAA-847A-4AE6-A66D-A002EDEFED0D}.Debug|x64.ActiveCfg = Debug|x64
		{AD9CCEAA-847A-4AE6-A66D-A002EDEFED0D}.Debug|x64.Build.0 = Debug|x64
		{AD9CCEAA-847A-4AE6-A66D-A002EDEFED0D}.Release|x64.ActiveCfg = Release|x64
		{AD9CCEAA-847A-4AE6-A66D-A002EDEFED0D}.Release|x64.Build.0 = Release|x64
		{BD4D854B-37E5-4461-84A0-BE79FB6766C6}.Debug|x64.ActiveCfg = Debug|x64
		{BD4D854B-37E5-4461-84A0-BE79FB6766C6}.Debug|x64.Build.0 = Debug|x64
		{BD4D854B-37E5-4461-84A0-BE79FB6766C6}.Release|x64.ActiveCfg = Release|x64
		{BD4D854B-37E5-4461-84A0-BE79FB6766C6}.Release|x64.Build.0 = Release|x64
		{28D45F29-78F4-49D6-B5D5-1960378BDDE9}.Debug|x64.ActiveCfg = Debug|x64
		{28D45F29-78F4-49D6-B5D5-1960378BDDE9}.Debug|x64.Build.0 = Debug|x64
		{28D45F29-78F4-49D6-B5D5-1960378BDDE9}.Release|x64.ActiveCfg = Release|x64
		{28D45F29-78F4-49D6-B5D5-1960378BDDE9}.Release|x64.Build.0 = Release|x64
		{AA4FC2C2-E28D-4939-9E5C-217AFCC937F7}.Debug|x64.ActiveCfg = Debug|x64
		{AA4FC2C2-E28D-4939-9E5C-217AFCC937F7}.Debug|x64.Build.0 = Debug|x64
		{AA4FC2C2-E28D-4939-9E5C-217AFCC937F7}.Debug|x64.Deploy.0 = Debug|x64
		{AA4FC2C2-E28D-4939-9E5C-217AFCC937F7}.Release|x64.ActiveCfg = Release|x64
		{AA4FC2C2-E28D-4939-9E5C-217AFCC937F7}.Release|x64.Build.0 = Release|x64
		{AA4FC2C2-E28D-4939-9E5C-217AFCC937F7}.Release|x64.Deploy.0 = Release|x64
		{1E29C807-5F7E-4B4D-AF26-3C1E607BE919}.Debug|x64.ActiveCfg = Debug|x64
		{1E29C807-5F7E-4B4D-AF26-3C1E607BE919}.Release|x64.ActiveCfg = Release|x64
		{9B0A2ABC-5736-47B3-8F81-859A92B45A06}.Debug|x64.ActiveCfg = Debug|x64
		{9B0A2ABC-5736-47B3-8F81-859A92B45A06}.Debug|x64.Build.0 = Debug|x64
		{9B0A2ABC-5736-47B3-8F81-859A92B45A06}.Debug|x64.Deploy.0 = Debug|x64
		{9B0A2ABC-5736-47B3-8F81-859A92B45A06}.Release|x64.ActiveCfg = Release|x64
		{9B0A2ABC-5736-47B3-8F81-859A92B45A06}.Release|x64.Build.0 = Release|x64
		{9B0A2ABC-5736-47B3-8F81-859A92B45A06}.Release|x64.Deploy.0 = Release|x64
		{717DACFA-9AB5-4947-AACC-EA8A968837D2}.Debug|x64.ActiveCfg = Debug|x64
		{717DACFA-9AB5-4947-AACC-EA8A968837D2}.Release|x64.ActiveCfg = Release|x64
		{423059FE-A2E3-4BB8-92F1-072BFA235F4D}.Debug|x64.ActiveCfg = Debug|x64
		{423059FE-A2E3-4BB8-92F1-072BFA235F4D}.Debug|x64.Build.0 = Debug|x64
		{423059FE-A2E3-4BB8-92F1-072BFA235F4D}.Debug|x64.Deploy.0 = Debug|x64
		{423059FE-A2E3-4BB8-92F1-072BFA235F4D}.Release|x64.ActiveCfg = Release|x64
		{423059FE-A2E3-4BB8-92F1-072BFA235F4D}.Release|x64.Build.0 = Release|x64
		{423059FE-A2E3-4BB8-92F1-072BFA235F4D}.Release|x64.Deploy.0 = Release|x64
		{12899AB6-4E14-4251-9B09-865C6005203B}.Debug|x64.ActiveCfg = Debug|x64
		{12899AB6-4E14-4251-9B09-865C6005203B}.Release|x64.ActiveCfg = Release|x64
		{A106254C-DD5F-4957-BA16-6E2D49BB4683}.Debug|x64.ActiveCfg = Debug|x64
		{A106254C-DD5F-4957-BA16-6E2D49BB4683}.Debug|x64.Build.0 = Debug|x64
		{A106254C-DD5F-4957-BA16-6E2D49BB4683}.Debug|x64.Deploy.0 = Debug|x64
		{A106254C-DD5F-4957-BA16-6E2D49BB4683}.Release|x64.ActiveCfg = Release|x64
		{A106254C-DD5F-4957-BA16-6E2D49BB4683}.Release|x64.Build.0 = Release|x64
		{A106254C-DD5F-4957-BA16-6E2D49BB4683}.Release|x64.Deploy.0 = Release|x64
		{1604124F-8932-478F-BFD4-C6EB6F768CCE}.Debug|x64.ActiveCfg = Debug|x64
		{1604124F-8932-478F-BFD4-C6EB6F768CCE}.Release|x64.ActiveCfg = Release|x64
		{4E4A61E1-711C-4AAB-8F8B-A87C4FEC46A1}.Debug|x64.ActiveCfg = Debug|x64
		{4E4A61E1-711C-4AAB-8F8B-A87C4FEC46A1}.Debug|x64.Build.0 = Debug|x64
		{4E4A61E1-711C-4AAB-8F8B-A87C4FEC46A1}.Release|x64.ActiveCfg = Release|x64
		{4E4A61E1-711C-4AAB-8F8B-A87C4FEC46A1}.Release|x64.Build.0 = Release|x64
		{C24FCDA4-450B-4BAE-BD53-89B5633C2906}.Debug|x64.ActiveCfg = Debug|x64
		{C24FCDA4-450B-4BAE-BD53-89B5633C2906}.Release|x64.ActiveCfg = Release|x64
		{C318CDD0-E474-4BAC-A7A9-A75A2670C057}.Debug|x64.ActiveCfg = Debug|x64
		{C318CDD0-E474-4BAC-A7A9-A75A2670C057}.Debug|x64.Build.0 = Debug|x64
		{C318CDD0-E474-4BAC-A7A9-A75A2670C057}.Debug|x64.Deploy.0 = Debug|x64
		{C318CDD0-E474-4BAC-A7A9-A75A2670C057}.Release|x64.ActiveCfg = Release|x64
		{C318CDD0-E474-4BAC-A7A9-A75A2670C057}.Release|x64.Build.0 = Release|x64
		{C318CDD0-E474-4BAC-A7A9-A75A2670C057}.Release|x64.Deploy.0 = Release|x64
		{6256EFF8-7642-4A98-A270-50160D60544B}.Debug|x64.ActiveCfg = Debug|x64
		{6256EFF8-7642-4A98-A270-50160D60544B}.Release|x64.ActiveCfg = Release|x64
		{5A692C0E-5638-45DA-B8F7-5C88CC165F78}.Debug|x64.ActiveCfg = Debug|x64
		{5A692C0E-5638-45DA-B8F7-5C88CC165F78}.Debug|x64.Build.0 = Debug|x64
		{5A692C0E-5638-45DA-B8F7-5C88CC165F78}.Debug|x64.Deploy.0 = Debug|x64
		{5A692C0E-5638-45DA-B8F7-5C88CC165F78}.Release|x64.ActiveCfg = Release|x64
		{5A692C0E-5638-45DA-B8F7-5C88CC165F78}.Release|x64.Build.0 = Release|x64
		{5A692C0E-5638-45DA-B8F7-5C88CC165F78}.Release|x64.Deploy.0 = Release|x64
		{D8AB6834-142A-48C9-8500-A14C6735386D}.Debug|x64.ActiveCfg = Debug|x64
		{D8AB6834-142A-48C9-8500-A14C6735386D}.Release|x64.ActiveCfg = Release|x64
		{09A13D87-118C-4351-9042-8AFC50D285EE}.Debug|x64.ActiveCfg = Debug|x64
		{09A13D87-118C-4351-9042-8AFC50D285EE}.Debug|x64.Build.0 = Debug|x64
		{09A13D87-118C-4351-9042-8AFC50D285EE}.Debug|x64.Deploy.0 = Debug|x64
		{09A13D87-118C-4351-9042-8AFC50D285EE}.Release|x64.ActiveCfg = Release|x64
		{09A13D87-118C-4351-9042-8AFC50D285EE}.Release|x64.Build.0 = Release|x64
		{09A13D87-118C-4351-9042-8AFC50D285EE}.Release|x64.Deploy.0 = Release|x64
		{4C0DBF26-7FEB-46AC-8967-EC6D88094448}.Debug|x64.ActiveCfg = Debug|x64
		{4C0DBF26-7FEB-46AC-8967-EC6D88094448}.Release|x64.ActiveCfg = Release|x64
		{CE17CB8C-DE46-4BCD-9C1A-8BB7A9AAF9C3}.Debug|x64.ActiveCfg = Debug|x64
		{CE17CB8C-DE46-4BCD-9C1A-8BB7A9AAF9C3}.Release|x64.ActiveCfg = Release|x64
		{76FAF11F-25CE-49FB-B859-3A64184D1043}.Debug|x64.ActiveCfg = Debug|x64
		{76FAF11F-25CE-49FB-B859-3A64184D1043}.Debug|x64.Build.0 = Debug|x64
		{76FAF11F-25CE-49FB-B859-3A64184D1043}.Debug|x64.Deploy.0 = Debug|x64
		{76FAF11F-25CE-49FB-B859-3A64184D1043}.Release|x64.ActiveCfg = Release|x64
		{76FAF11F-25CE-49FB-B859-3A64184D1043}.Release|x64.Build.0 = Release|x64
		{76FAF11F-25CE-49FB-B859-3A64184D1043}.Release|x64.Deploy.0 = Release|x64
		{073501F7-2DB6-46C1-B49A-264A70E5DEE6}.Debug|x64.ActiveCfg = Debug|x64
		{073501F7-2DB6-46C1-B49A-264A70E5DEE6}.Release|x64.ActiveCfg = Release|x64
		{3EF68261-C41D-453E-B58B-195E999D7203}.Debug|x64.ActiveCfg = Debug|x64
		{3EF68261-C41D-453E-B58B-195E999D7203}.Debug|x64.Build.0 = Debug|x64
		{3EF68261-C41D-453E-B58B-195E999D7203}.Debug|x64.Deploy.0 = Debug|x64
		{3EF68261-C41D-453E-B58B-195E999D7203}.Release|x64.ActiveCfg = Release|x64
		{3EF68261-C41D-453E-B58B-195E999D7203}.Release|x64.Build.0 = Release|x64
		{3EF68261-C41D-453E-B58B-195E999D7203}.Release|x64.Deploy.0 = Release|x64
		{7CA54DBE-A91A-47EC-85AD-AB6771F417C8}.Debug|x64.ActiveCfg = Debug|x64
		{7CA54DBE-A91A-47EC-85AD-AB6771F417C8}.Debug|x64.Build.0 = Debug|x64
		{7CA54DBE-A91A-47EC-85AD-AB6771F417C8}.Debug|x64.Deploy.0 = Debug|x64
		{7CA54DBE-A91A-47EC-85AD-AB6771F417C8}.Release|x64.ActiveCfg = Release|x64
		{7CA54DBE-A91A-47EC-85AD-AB6771F417C8}.Release|x64.Build.0 = Release|x64
		{7CA54DBE-A91A-47EC-85AD-AB6771F417C8}.Release|x64.Deploy.0 = Release|x64
		{79CD3F3D-8FAA-44D6-8294-FE2B293BE66C}.Debug|x64.ActiveCfg = Debug|x64
		{79CD3F3D-8FAA-44D6-8294-FE2B293BE66C}.Debug|x64.Build.0 = Debug|x64
		{79CD3F3D-8FAA-44D6-8294-FE2B293BE66C}.Debug|x64.Deploy.0 = Debug|x64
		{79CD3F3D-8FAA-44D6-8294-FE2B293BE66C}.Release|x64.ActiveCfg = Release|x64
		{79CD3F3D-8FAA-44D6-8294-FE2B293BE66C}.Release|x64.Build.0 = Release|x64
		{79CD3F3D-8FAA-44D6-8294-FE2B293BE66C}.Release|x64.Deploy.0 = Release|x64
		{517B7B47-4331-4FB2-9FC3-1E8DBC6249E0}.Debug|x64.ActiveCfg = Debug|x64
		{517B7B47-4331-4FB2-9FC3-1E8DBC6249E0}.Debug|x64.Build.0 = Debug|x64
		{517B7B47-4331-4FB2-9FC3-1E8DBC6249E0}.Debug|x64.Deploy.0 = Debug|x64
		{517B7B47-4331-4FB2-9FC3-1E8DBC6249E0}.Release|x64.ActiveCfg = Release|x64
		{517B7B47-4331-4FB2-9FC3-1E8DBC6249E0}.Release|x64.Build.0 = Release|x64
		{517B7B47-4331-4FB2-9FC3-1E8DBC6249E0}.Release|x64.Deploy.0 = Release|x64
		{5B607162-BBD5-445B-A901-19F4A36418BB}.Debug|x64.ActiveCfg = Debug|x64
		{5B607162-BBD5-445B-A901-19F4A36418BB}.Debug|x64.Build.0 = Debug|x64
		{5B607162-BBD5-445B-A901-19F4A36418BB}.Debug|x64.Deploy.0 = Debug|x64
		{5B607162-BBD5-445B-A901-19F4A36418BB}.Release|x64.ActiveCfg = Release|x64
		{5B607162-BBD5-445B-A901-19F4A36418BB}.Release|x64.Build.0 = Release|x64
		{5B607162-BBD5-445B-A901-19F4A36418BB}.Release|x64.Deploy.0 = Release|x64
		{13AEC4A4-1DF7-4B77-BB73-8562C8ACAB8C}.Debug|x64.ActiveCfg = Debug|x64
		{13AEC4A4-1DF7-4B77-BB73-8562C8ACAB8C}.Debug|x64.Build.0 = Debug|x64
		{13AEC4A4-1DF7-4B77-BB73-8562C8ACAB8C}.Debug|x64.Deploy.0 = Debug|x64
		{13AEC4A4-1DF7-4B77-BB73-8562C8ACAB8C}.Release|x64.ActiveCfg = Release|x64
		{13AEC4A4-1DF7-4B77-BB73-8562C8ACAB8C}.Release|x64.Build.0 = Release|x64
		{13AEC4A4-1DF7-4B77-BB73-8562C8ACAB8C}.Release|x64.Deploy.0 = Release|x64
		{2C96582B-DD7B-412F-869E-E9A5B9DDDCA4}.Debug|x64.ActiveCfg = Debug|x64
		{2C96582B-DD7B-412F-869E-E9A5B9DDDCA4}.Debug|x64.Build.0 = Debug|x64
		{2C96582B-DD7B-412F-869E-E9A5B9DDDCA4}.Debug|x64.Deploy.0 = Debug|x64
		{2C96582B-DD7B-412F-869E-E9A5B9DDDCA4}.Release|x64.ActiveCfg = Release|x64
		{2C96582B-DD7B-412F-869E-E9A5B9DDDCA4}.Release|x64.Build.0 = Release|x64
		{2C96582B-DD7B-412F-869E-E9A5B9DDDCA4}.Release|x64.Deploy.0 = Release|x64
		{F3A30364-FC3B-498C-BE5F-175866427BF8}.Debug|x64.ActiveCfg = Debug|x64
		{F3A30364-FC3B-498C-BE5F-175866427BF8}.Debug|x64.Build.0 = Debug|x64
		{F3A30364-FC3B-498C-BE5F-175866427BF8}.Debug|x64.Deploy.0 = Debug|x64
		{F3A30364-FC3B-498C-BE5F-175866427BF8}.Release|x64.ActiveCfg = Release|x64
		{F3A30364-FC3B-498C-BE5F-175866427BF8}.Release|x64.Build.0 = Release|x64
		{F3A30364-FC3B-498C-BE5F-175866427BF8}.Release|x64.Deploy.0 = Release|x64
		{4BE5A0A3-4A47-423C-8536-EE58E878D0A7}.Debug|x64.ActiveCfg = Debug|x64
		{4BE5A0A3-4A47-423C-8536-EE58E878D0A7}.Release|x64.ActiveCfg = Release|x64
		{6BD8EA89-FD50-42BA-915B-C07836D6109B}.Debug|x64.ActiveCfg = Debug|x64
		{6BD8EA89-FD50-42BA-915B-C07836D6109B}.Debug|x64.Build.0 = Debug|x64
		{6BD8EA89-FD50-42BA-915B-C07836D6109B}.Debug|x64.Deploy.0 = Debug|x64
		{6BD8EA89-FD50-42BA-915B-C07836D6109B}.Release|x64.ActiveCfg = Release|x64
		{6BD8EA89-FD50-42BA-915B-C07836D6109B}.Release|x64.Build.0 = Release|x64
		{6BD8EA89-FD50-42BA-915B-C07836D6109B}.Release|x64.Deploy.0 = Release|x64
		{92BB0993-71EB-4B38-B987-52E5FD6D478F}.Debug|x64.ActiveCfg = Debug|x64
		{92BB0993-71EB-4B38-B987-52E5FD6D478F}.Debug|x64.Build.0 = Debug|x64
		{92BB0993-71EB-4B38-B987-52E5FD6D478F}.Debug|x64.Deploy.0 = Debug|x64
		{92BB0993-71EB-4B38-B987-52E5FD6D478F}.Release|x64.ActiveCfg = Release|x64
		{92BB0993-71EB-4B38-B987-52E5FD6D478F}.Release|x64.Build.0 = Release|x64
		{92BB0993-71EB-4B38-B987-52E5FD6D478F}.Release|x64.Deploy.0 = Release|x64
		{0CF9E094-E88D-40D8-9BBF-DAB26E6208EB}.Debug|x64.ActiveCfg = Debug|x64
		{0CF9E094-E88D-40D8-9BBF-DAB26E6208EB}.Debug|x64.Build.0 = Debug|x64
		{0CF9E094-E88D-40D8-9BBF-DAB26E6208EB}.Debug|x64.Deploy.0 = Debug|x64
		{0CF9E094-E88D-40D8-9BBF-DAB26E6208EB}.Release|x64.ActiveCfg = Release|x64
		{0CF9E094-E88D-40D8-9BBF-DAB26E6208EB}.Release|x64.Build.0 = Release|x64
		{0CF9E094-E88D-40D8-9BBF-DAB26E6208EB}.Release|x64.Deploy.0 = Release|x64
		{193E1EE7-443E-4FEC-A701-BBCBC774E581}.Debug|x64.ActiveCfg = Debug|x64
		{193E1EE7-443E-4FEC-A701-BBCBC774E581}.Release|x64.ActiveCfg = Release|x64
		{B737F4A7-CA84-42E8-8124-CBE03F2E142C}.Debug|x64.ActiveCfg = Debug|x64
		{B737F4A7-CA84-42E8-8124-CBE03F2E142C}.Debug|x64.Build.0 = Debug|x64
		{B737F4A7-CA84-42E8-8124-CBE03F2E142C}.Debug|x64.Deploy.0 = Debug|x64
		{B737F4A7-CA84-42E8-8124-CBE03F2E142C}.Release|x64.ActiveCfg = Release|x64
		{B737F4A7-CA84-42E8-8124-CBE03F2E142C}.Release|x64.Build.0 = Release|x64
		{B737F4A7-CA84-42E8-8124-CBE03F2E142C}.Release|x64.Deploy.0 = Release|x64
		{DC8B124A-E99F-4636-9D46-1378C04121E7}.Debug|x64.ActiveCfg = Debug|x64
		{DC8B124A-E99F-4636-9D46-1378C04121E7}.Release|x64.ActiveCfg = Release|x64
		{3630530F-C2F1-4F2D-B3BF-5A8EE8EAE5D8}.Debug|x64.ActiveCfg = Debug|x64
		{3630530F-C2F1-4F2D-B3BF-5A8EE8EAE5D8}.Debug|x64.Build.0 = Debug|x64
		{3630530F-C2F1-4F2D-B3BF-5A8EE8EAE5D8}.Debug|x64.Deploy.0 = Debug|x64
		{3630530F-C2F1-4F2D-B3BF-5A8EE8EAE5D8}.Release|x64.ActiveCfg = Release|x64
		{3630530F-C2F1-4F2D-B3BF-5A8EE8EAE5D8}.Release|x64.Build.0 = Release|x64
		{3630530F-C2F1-4F2D-B3BF-5A8EE8EAE5D8}.Release|x64.Deploy.0 = Release|x64
		{C8637CBE-3714-4BA0-98E2-491A7AE9F6AE}.Debug|x64.ActiveCfg = Debug|x64
		{C8637CBE-3714-4BA0-98E2-491A7AE9F6AE}.Release|x64.ActiveCfg = Release|x64
		{92D01CE7-CE8B-4671-BC9F-C3F65A8CDFB4}.Debug|x64.ActiveCfg = Debug|x64
		{92D01CE7-CE8B-4671-BC9F-C3F65A8CDFB4}.Debug|x64.Build.0 = Debug|x64
		{92D01CE7-CE8B-4671-BC9F-C3F65A8CDFB4}.Debug|x64.Deploy.0 = Debug|x64
		{92D01CE7-CE8B-4671-BC9F-C3F65A8CDFB4}.Release|x64.ActiveCfg = Release|x64
		{92D01CE7-CE8B-4671-BC9F-C3F65A8CDFB4}.Release|x64.Build.0 = Release|x64
		{92D01CE7-CE8B-4671-BC9F-C3F65A8CDFB4}.Release|x64.Deploy.0 = Release|x64
		{D6C27B69-1717-403E-9DB2-0C0B29537228}.Debug|x64.ActiveCfg = Debug|x64
		{D6C27B69-1717-403E-9DB2-0C0B29537228}.Debug|x64.Build.0 = Debug|x64
		{D6C27B69-1717-403E-9DB2-0C0B29537228}.Debug|x64.Deploy.0 = Debug|x64
		{D6C27B69-1717-403E-9DB2-0C0B29537228}.Release|x64.ActiveCfg = Release|x64
		{D6C27B69-1717-403E-9DB2-0C0B29537228}.Release|x64.Build.0 = Release|x64
		{D6C27B69-1717-403E-9DB2-0C0B29537228}.Release|x64.Deploy.0 = Release|x64
		{2C9B4122-307B-4793-A604-CEA69E23B880}.Debug|x64.ActiveCfg = Debug|x64
		{2C9B4122-307B-4793-A604-CEA69E23B880}.Debug|x64.Build.0 = Debug|x64
		{2C9B4122-307B-4793-A604-CEA69E23B880}.Debug|x64.Deploy.0 = Debug|x64
		{2C9B4122-307B-4793-A604-CEA69E23B880}.Release|x64.ActiveCfg = Release|x64
		{2C9B4122-307B-4793-A604-CEA69E23B880}.Release|x64.Build.0 = Release|x64
		{2C9B4122-307B-4793-A604-CEA69E23B880}.Release|x64.Deploy.0 = Release|x64
		{7799D75D-60EC-4444-BE74-9D21B7C950FA}.Debug|x64.ActiveCfg = Debug|x64
		{7799D75D-60EC-4444-BE74-9D21B7C950FA}.Debug|x64.Build.0 = Debug|x64
		{7799D75D-60EC-4444-BE74-9D21B7C950FA}.Debug|x64.Deploy.0 = Debug|x64
		{7799D75D-60EC-4444-BE74-9D21B7C950FA}.Release|x64.ActiveCfg = Release|x64
		{7799D75D-60EC-4444-BE74-9D21B7C950FA}.Release|x64.Build.0 = Release|x64
		{7799D75D-60EC-4444-BE74-9D21B7C950FA}.Release|x64.Deploy.0 = Release|x64
		{9E6BED05-83BB-4475-9BA4-7787DF05D5A2}.Debug|x64.ActiveCfg = Debug|x64
		{9E6BED05-83BB-4475-9BA4-7787DF05D5A2}.Debug|x64.Build.0 = Debug|x64
		{9E6BED05-83BB-4475-9BA4-7787DF05D5A2}.Debug|x64.Deploy.0 = Debug|x64
		{9E6BED05-83BB-4475-9BA4-7787DF05D5A2}.Release|x64.ActiveCfg = Release|x64
		{9E6BED05-83BB-4475-9BA4-7787DF05D5A2}.Release|x64.Build.0 = Release|x64
		{9E6BED05-83BB-4475-9BA4-7787DF05D5A2}.Release|x64.Deploy.0 = Release|x64
		{93DF077D-2F18-4A5B-BF01-F0C66DE0AEBA}.Debug|x64.ActiveCfg = Debug|x64
		{93DF077D-2F18-4A5B-BF01-F0C66DE0AEBA}.Debug|x64.Build.0 = Debug|x64
		{93DF077D-2F18-4A5B-BF01-F0C66DE0AEBA}.Debug|x64.Deploy.0 = Debug|x64
		{93DF077D-2F18-4A5B-BF01-F0C66DE0AEBA}.Release|x64.ActiveCfg = Release|x64
		{93DF077D-2F18-4A5B-BF01-F0C66DE0AEBA}.Release|x64.Build.0 = Release|x64
		{93DF077D-2F18-4A5B-BF01-F0C66DE0AEBA}.Release|x64.Deploy.0 = Release|x64
		{75CB4202-72D4-4545-8C4D-63646A1F640E}.Debug|x64.ActiveCfg = Debug|x64
		{75CB4202-72D4-4545-8C4D-63646A1F640E}.Debug|x64.Build.0 = Debug|x64
		{75CB4202-72D4-4545-8C4D-63646A1F640E}.Debug|x64.Deploy.0 = Debug|x64
		{75CB4202-72D4-4545-8C4D-63646A1F640E}.Release|x64.ActiveCfg = Release|x64
		{75CB4202-72D4-4545-8C4D-63646A1F640E}.Release|x64.Build.0 = Release|x64
		{75CB4202-72D4-4545-8C4D-63646A1F640E}.Release|x64.Deploy.0 = Release|x64
		{A3985890-62FC-4608-83AA-08030E2EBFDA}.Debug|x64.ActiveCfg = Debug|x64
		{A3985890-62FC-4608-83AA-08030E2EBFDA}.Debug|x64.Build.0 = Debug|x64
		{A3985890-62FC-4608-83AA-08030E2EBFDA}.Debug|x64.Deploy.0 = Debug|x64
		{A3985890-62FC-4608-83AA-08030E2EBFDA}.Release|x64.ActiveCfg = Release|x64
		{A3985890-62FC-4608-83AA-08030E2EBFDA}.Release|x64.Build.0 = Release|x64
		{A3985890-62FC-4608-83AA-08030E2EBFDA}.Release|x64.Deploy.0 = Release|x64
		{BA2C75AC-9950-41F8-8EFE-7C946D440F18}.Debug|x64.ActiveCfg = Debug|x64
		{BA2C75AC-9950-41F8-8EFE-7C946D440F18}.Debug|x64.Build.0 = Debug|x64
		{BA2C75AC-9950-41F8-8EFE-7C946D440F18}.Debug|x64.Deploy.0 = Debug|x64
		{BA2C75AC-9950-41F8-8EFE-7C946D440F18}.Release|x64.ActiveCfg = Release|x64
		{BA2C75AC-9950-41F8-8EFE-7C946D440F18}.Release|x64.Build.0 = Release|x64
		{BA2C75AC-9950-41F8-8EFE-7C946D440F18}.Release|x64.Deploy.0 = Release|x64
		{27CE0DB3-3A0E-4A9C-9872-F78407CEC61B}.Debug|x64.ActiveCfg = Debug|x64
		{27CE0DB3-3A0E-4A9C-9872-F78407CEC61B}.Debug|x64.Build.0 = Debug|x64
		{27CE0DB3-3A0E-4A9C-9872-F78407CEC61B}.Debug|x64.Deploy.0 = Debug|x64
		{27CE0DB3-3A0E-4A9C-9872-F78407CEC61B}.Release|x64.ActiveCfg = Release|x64
		{27CE0DB3-3A0E-4A9C-9872-F78407CEC61B}.Release|x64.Build.0 = Release|x64
		{27CE0DB3-3A0E-4A9C-9872-F78407CEC61B}.Release|x64.Deploy.0 = Release|x64
		{53C18153-BDF4-4089-B5F9-A57BE7533C71}.Debug|x64.ActiveCfg = Debug|x64
		{53C18153-BDF4-4089-B5F9-A57BE7533C71}.Debug|x64.Build.0 = Debug|x64
		{53C18153-BDF4-4089-B5F9-A57BE7533C71}.Debug|x64.Deploy.0 = Debug|x64
		{53C18153-BDF4-4089-B5F9-A57BE7533C71}.Release|x64.ActiveCfg = Release|x64
		{53C18153-BDF4-4089-B5F9-A57BE7533C71}.Release|x64.Build.0 = Release|x64
		{53C18153-BDF4-4089-B5F9-A57BE7533C71}.Release|x64.Deploy.0 = Release|x64
		{A349A20F-A6E8-4B92-B044-B41AF118A67B}.Debug|x64.ActiveCfg = Debug|x64
		{A349A20F-A6E8-4B92-B044-B41AF118A67B}.Debug|x64.Build.0 = Debug|x64
		{A349A20F-A6E8-4B92-B044-B41AF118A67B}.Debug|x64.Deploy.0 = Debug|x64
		{A349A20F-A6E8-4B92-B044-B41AF118A67B}.Release|x64.ActiveCfg = Release|x64
		{A349A20F-A6E8-4B92-B044-B41AF118A67B}.Release|x64.Build.0 = Release|x64
		{A349A20F-A6E8-4B92-B044-B41AF118A67B}.Release|x64.Deploy.0 = Release|x64
		{56526F3E-EA72-48CB-B289-5F3B2FE56860}.Debug|x64.ActiveCfg = Debug|x64
		{56526F3E-EA72-48CB-B289-5F3B2FE56860}.Debug|x64.Build.0 = Debug|x64
		{56526F3E-EA72-48CB-B289-5F3B2FE56860}.Debug|x64.Deploy.0 = Debug|x64
		{56526F3E-EA72-48CB-B289-5F3B2FE56860}.Release|x64.ActiveCfg = Release|x64
		{56526F3E-EA72-48CB-B289-5F3B2FE56860}.Release|x64.Build.0 = Release|x64
		{56526F3E-EA72-48CB-B289-5F3B2FE56860}.Release|x64.Deploy.0 = Release|x64
		{1B86AC1F-5ACF-41B5-B55F-E9D441A54094}.Debug|x64.ActiveCfg = Debug|x64
		{1B86AC1F-5ACF-41B5-B55F-E9D441A54094}.Release|x64.ActiveCfg = Release|x64
		{B9B6D436-3625-4A9C-A530-48DB010085A1}.Debug|x64.ActiveCfg = Debug|x64
		{B9B6D436-3625-4A9C-A530-48DB010085A1}.Debug|x64.Build.0 = Debug|x64
		{B9B6D436-3625-4A9C-A530-48DB010085A1}.Release|x64.ActiveCfg = Release|x64
		{B9B6D436-3625-4A9C-A530-48DB010085A1}.Release|x64.Build.0 = Release|x64
		{1BD7215E-5FB2-4CEF-9773-AE8BE33AC4DA}.Debug|x64.ActiveCfg = Debug|x64
		{1BD7215E-5FB2-4CEF-9773-AE8BE33AC4DA}.Debug|x64.Build.0 = Debug|x64
		{1BD7215E-5FB2-4CEF-9773-AE8BE33AC4DA}.Debug|x64.Deploy.0 = Debug|x64
		{1BD7215E-5FB2-4CEF-9773-AE8BE33AC4DA}.Release|x64.ActiveCfg = Release|x64
		{1BD7215E-5FB2-4CEF-9773-AE8BE33AC4DA}.Release|x64.Build.0 = Release|x64
		{1BD7215E-5FB2-4CEF-9773-AE8BE33AC4DA}.Release|x64.Deploy.0 = Release|x64
		{7CC5FD86-53C2-49CA-8089-7E1C521D507F}.Debug|x64.ActiveCfg = Debug|x64
		{7CC5FD86-53C2-49CA-8089-7E1C521D507F}.Release|x64.ActiveCfg = Release|x64
		{BC109EE6-784E-44CA-B410-856D310D76F0}.Debug|x64.ActiveCfg = Debug|x64
		{BC109EE6-784E-44CA-B410-856D310D76F0}.Debug|x64.Build.0 = Debug|x64
		{BC109EE6-784E-44CA-B410-856D310D76F0}.Debug|x64.Deploy.0 = Debug|x64
		{BC109EE6-784E-44CA-B410-856D310D76F0}.Release|x64.ActiveCfg = Release|x64
		{BC109EE6-784E-44CA-B410-856D310D76F0}.Release|x64.Build.0 = Release|x64
		{BC109EE6-784E-44CA-B410-856D310D76F0}.Release|x64.Deploy.0 = Release|x64
		{5055FB50-A323-4F5C-9722-0D0F48388656}.Debug|x64.ActiveCfg = Debug|x64
		{5055FB50-A323-4F5C-9722-0D0F48388656}.Release|x64.ActiveCfg = Release|x64
		{CD4F1E30-1E40-4FDA-9019-B14CF73BC5C1}.Debug|x64.ActiveCfg = Debug|x64
		{CD4F1E30-1E40-4FDA-9019-B14CF73BC5C1}.Debug|x64.Build.0 = Debug|x64
		{CD4F1E30-1E40-4FDA-9019-B14CF73BC5C1}.Debug|x64.Deploy.0 = Debug|x64
		{CD4F1E30-1E40-4FDA-9019-B14CF73BC5C1}.Release|x64.ActiveCfg = Release|x64
		{CD4F1E30-1E40-4FDA-9019-B14CF73BC5C1}.Release|x64.Build.0 = Release|x64
		{CD4F1E30-1E40-4FDA-9019-B14CF73BC5C1}.Release|x64.Deploy.0 = Release|x64
		{82A9E0ED-FCB6-447A-8626-FA80F2F7A7AD}.Debug|x64.ActiveCfg = Debug|x64
		{82A9E0ED-FCB6-447A-8626-FA80F2F7A7AD}.Release|x64.ActiveCfg = Release|x64
		{0FD6FE6E-702A-459B-8A9B-009FE7D71C0B}.Debug|x64.ActiveCfg = Debug|x64
		{0FD6FE6E-702A-459B-8A9B-009FE7D71C0B}.Release|x64.ActiveCfg = Release|x64
		{F8BD0676-CB1B-43A9-8B67-92D02EF4FFBE}.Debug|x64.ActiveCfg = Debug|x64
		{F8BD0676-CB1B-43A9-8B67-92D02EF4FFBE}.Debug|x64.Build.0 = Debug|x64
		{F8BD0676-CB1B-43A9-8B67-92D02EF4FFBE}.Release|x64.ActiveCfg = Release|x64
		{F8BD0676-CB1B-43A9-8B67-92D02EF4FFBE}.Release|x64.Build.0 = Release|x64
	EndGlobalSection
	GlobalSection(NestedProjects) = preSolution
		{F86F6EF3-9788-46E0-A9A6-AE5D21DEB239} = {97C090AE-8983-4425-809E-F4D35777AC94}
		{AD9CCEAA-847A-4AE6-A66D-A002EDEFED0D} = {97C090AE-8983-4425-809E-F4D35777AC94}
		{BD4D854B-37E5-4461-84A0-BE79FB6766C6} = {97C090AE-8983-4425-809E-F4D35777AC94}
		{28D45F29-78F4-49D6-B5D5-1960378BDDE9} = {97C090AE-8983-4425-809E-F4D35777AC94}
		{F8BD0676-CB1B-43A9-8B67-92D02EF4FFBE} = {97C090AE-8983-4425-809E-F4D35777AC94}
		{7EFF82C7-5BD3-44FF-8064-5ACD149D038E} = {F5DD762B-DA66-4BC1-B089-503102F710C8}
		{2549E282-F400-4A9D-9FF4-786FE7899E55} = {F5DD762B-DA66-4BC1-B089-503102F710C8}
		{EC0254CF-9800-46BD-A27C-FC26FE0668AF} = {F5DD762B-DA66-4BC1-B089-503102F710C8}
		{0FD6FE6E-702A-459B-8A9B-009FE7D71C0B} = {F5DD762B-DA66-4BC1-B089-503102F710C8}
		{CE17CB8C-DE46-4BCD-9C1A-8BB7A9AAF9C3} = {2FDAB9B0-2D33-4458-B535-C4A836C5A118}
		{4BE5A0A3-4A47-423C-8536-EE58E878D0A7} = {2FDAB9B0-2D33-4458-B535-C4A836C5A118}
		{1B86AC1F-5ACF-41B5-B55F-E9D441A54094} = {2FDAB9B0-2D33-4458-B535-C4A836C5A118}
		{AA4FC2C2-E28D-4939-9E5C-217AFCC937F7} = {767AD3C6-8924-440A-BA3E-CB46EE24F58A}
		{9B0A2ABC-5736-47B3-8F81-859A92B45A06} = {767AD3C6-8924-440A-BA3E-CB46EE24F58A}
		{423059FE-A2E3-4BB8-92F1-072BFA235F4D} = {767AD3C6-8924-440A-BA3E-CB46EE24F58A}
		{A106254C-DD5F-4957-BA16-6E2D49BB4683} = {767AD3C6-8924-440A-BA3E-CB46EE24F58A}
		{4E4A61E1-711C-4AAB-8F8B-A87C4FEC46A1} = {767AD3C6-8924-440A-BA3E-CB46EE24F58A}
		{C318CDD0-E474-4BAC-A7A9-A75A2670C057} = {767AD3C6-8924-440A-BA3E-CB46EE24F58A}
		{5A692C0E-5638-45DA-B8F7-5C88CC165F78} = {767AD3C6-8924-440A-BA3E-CB46EE24F58A}
		{09A13D87-118C-4351-9042-8AFC50D285EE} = {767AD3C6-8924-440A-BA3E-CB46EE24F58A}
		{76FAF11F-25CE-49FB-B859-3A64184D1043} = {767AD3C6-8924-440A-BA3E-CB46EE24F58A}
		{0CF9E094-E88D-40D8-9BBF-DAB26E6208EB} = {767AD3C6-8924-440A-BA3E-CB46EE24F58A}
		{B737F4A7-CA84-42E8-8124-CBE03F2E142C} = {767AD3C6-8924-440A-BA3E-CB46EE24F58A}
		{3630530F-C2F1-4F2D-B3BF-5A8EE8EAE5D8} = {767AD3C6-8924-440A-BA3E-CB46EE24F58A}
		{B9B6D436-3625-4A9C-A530-48DB010085A1} = {767AD3C6-8924-440A-BA3E-CB46EE24F58A}
		{1BD7215E-5FB2-4CEF-9773-AE8BE33AC4DA} = {767AD3C6-8924-440A-BA3E-CB46EE24F58A}
		{BC109EE6-784E-44CA-B410-856D310D76F0} = {767AD3C6-8924-440A-BA3E-CB46EE24F58A}
		{CD4F1E30-1E40-4FDA-9019-B14CF73BC5C1} = {767AD3C6-8924-440A-BA3E-CB46EE24F58A}
		{1E29C807-5F7E-4B4D-AF26-3C1E607BE919} = {645652C5-34A9-4539-82C7-7C503D39C166}
		{717DACFA-9AB5-4947-AACC-EA8A968837D2} = {645652C5-34A9-4539-82C7-7C503D39C166}
		{12899AB6-4E14-4251-9B09-865C6005203B} = {645652C5-34A9-4539-82C7-7C503D39C166}
		{1604124F-8932-478F-BFD4-C6EB6F768CCE} = {645652C5-34A9-4539-82C7-7C503D39C166}
		{C24FCDA4-450B-4BAE-BD53-89B5633C2906} = {645652C5-34A9-4539-82C7-7C503D39C166}
		{6256EFF8-7642-4A98-A270-50160D60544B} = {645652C5-34A9-4539-82C7-7C503D39C166}
		{D8AB6834-142A-48C9-8500-A14C6735386D} = {645652C5-34A9-4539-82C7-7C503D39C166}
		{4C0DBF26-7FEB-46AC-8967-EC6D88094448} = {645652C5-34A9-4539-82C7-7C503D39C166}
		{073501F7-2DB6-46C1-B49A-264A70E5DEE6} = {645652C5-34A9-4539-82C7-7C503D39C166}
		{193E1EE7-443E-4FEC-A701-BBCBC774E581} = {645652C5-34A9-4539-82C7-7C503D39C166}
		{DC8B124A-E99F-4636-9D46-1378C04121E7} = {645652C5-34A9-4539-82C7-7C503D39C166}
		{C8637CBE-3714-4BA0-98E2-491A7AE9F6AE} = {645652C5-34A9-4539-82C7-7C503D39C166}
		{7CC5FD86-53C2-49CA-8089-7E1C521D507F} = {645652C5-34A9-4539-82C7-7C503D39C166}
		{5055FB50-A323-4F5C-9722-0D0F48388656} = {645652C5-34A9-4539-82C7-7C503D39C166}
		{82A9E0ED-FCB6-447A-8626-FA80F2F7A7AD} = {645652C5-34A9-4539-82C7-7C503D39C166}
		{92D01CE7-CE8B-4671-BC9F-C3F65A8CDFB4} = {44FEE82A-AD80-482B-848E-64CF01B4ED66}
		{D6C27B69-1717-403E-9DB2-0C0B29537228} = {44FEE82A-AD80-482B-848E-64CF01B4ED66}
		{2C9B4122-307B-4793-A604-CEA69E23B880} = {44FEE82A-AD80-482B-848E-64CF01B4ED66}
		{7799D75D-60EC-4444-BE74-9D21B7C950FA} = {44FEE82A-AD80-482B-848E-64CF01B4ED66}
		{9E6BED05-83BB-4475-9BA4-7787DF05D5A2} = {44FEE82A-AD80-482B-848E-64CF01B4ED66}
		{93DF077D-2F18-4A5B-BF01-F0C66DE0AEBA} = {44FEE82A-AD80-482B-848E-64CF01B4ED66}
		{75CB4202-72D4-4545-8C4D-63646A1F640E} = {44FEE82A-AD80-482B-848E-64CF01B4ED66}
		{A3985890-62FC-4608-83AA-08030E2EBFDA} = {44FEE82A-AD80-482B-848E-64CF01B4ED66}
		{BA2C75AC-9950-41F8-8EFE-7C946D440F18} = {44FEE82A-AD80-482B-848E-64CF01B4ED66}
		{27CE0DB3-3A0E-4A9C-9872-F78407CEC61B} = {44FEE82A-AD80-482B-848E-64CF01B4ED66}
		{53C18153-BDF4-4089-B5F9-A57BE7533C71} = {44FEE82A-AD80-482B-848E-64CF01B4ED66}
		{A349A20F-A6E8-4B92-B044-B41AF118A67B} = {44FEE82A-AD80-482B-848E-64CF01B4ED66}
		{56526F3E-EA72-48CB-B289-5F3B2FE56860} = {44FEE82A-AD80-482B-848E-64CF01B4ED66}
		{3EF68261-C41D-453E-B58B-195E999D7203} = {6EC1AB9B-AAC2-4B5E-8670-0B26315BE17C}
		{7CA54DBE-A91A-47EC-85AD-AB6771F417C8} = {6EC1AB9B-AAC2-4B5E-8670-0B26315BE17C}
		{79CD3F3D-8FAA-44D6-8294-FE2B293BE66C} = {6EC1AB9B-AAC2-4B5E-8670-0B26315BE17C}
		{517B7B47-4331-4FB2-9FC3-1E8DBC6249E0} = {6EC1AB9B-AAC2-4B5E-8670-0B26315BE17C}
		{5B607162-BBD5-445B-A901-19F4A36418BB} = {6EC1AB9B-AAC2-4B5E-8670-0B26315BE17C}
		{13AEC4A4-1DF7-4B77-BB73-8562C8ACAB8C} = {6EC1AB9B-AAC2-4B5E-8670-0B26315BE17C}
		{2C96582B-DD7B-412F-869E-E9A5B9DDDCA4} = {6EC1AB9B-AAC2-4B5E-8670-0B26315BE17C}
		{F3A30364-FC3B-498C-BE5F-175866427BF8} = {6EC1AB9B-AAC2-4B5E-8670-0B26315BE17C}
		{6BD8EA89-FD50-42BA-915B-C07836D6109B} = {6EC1AB9B-AAC2-4B5E-8670-0B26315BE17C}
		{92BB0993-71EB-4B38-B987-52E5FD6D478F} = {6EC1AB9B-AAC2-4B5E-8670-0B26315BE17C}
	EndGlobalSection
	GlobalSection(ExtensibilityGlobals) = postSolution
	EndGlobalSection
	GlobalSection(ExtensibilityAddIns) = postSolution
	EndGlobalSection
EndGlobal
